// !$*UTF8*$!
{
	archiveVersion = 1;
	classes = {
	};
	objectVersion = 56;
	objects = {

/* Begin PBXBuildFile section */
		6F160E6D2964E3540026D69D /* CoreServices.framework in Frameworks */ = {isa = PBXBuildFile; fileRef = 6F160E6C2964E3540026D69D /* CoreServices.framework */; };
		6F160E712965B20B0026D69D /* vm_unaligned_copy_switch_race.c in Sources */ = {isa = PBXBuildFile; fileRef = 6F160E702965B20B0026D69D /* vm_unaligned_copy_switch_race.c */; };
		6F160E732965B2810026D69D /* ToolsManager.swift in Sources */ = {isa = PBXBuildFile; fileRef = 6F160E722965B2810026D69D /* ToolsManager.swift */; };
		6F721C90296482C6001CFE46 /* DockHiderApp.swift in Sources */ = {isa = PBXBuildFile; fileRef = 6F721C8F296482C6001CFE46 /* DockHiderApp.swift */; };
		6F721C92296482C6001CFE46 /* ContentView.swift in Sources */ = {isa = PBXBuildFile; fileRef = 6F721C91296482C6001CFE46 /* ContentView.swift */; };
		6F721C94296482C7001CFE46 /* Assets.xcassets in Resources */ = {isa = PBXBuildFile; fileRef = 6F721C93296482C7001CFE46 /* Assets.xcassets */; };
		6F721C97296482C7001CFE46 /* Preview Assets.xcassets in Resources */ = {isa = PBXBuildFile; fileRef = 6F721C96296482C7001CFE46 /* Preview Assets.xcassets */; };
		6F721CA8296492FF001CFE46 /* defaultLight.materialrecipe in Resources */ = {isa = PBXBuildFile; fileRef = 6F721CA6296492FF001CFE46 /* defaultLight.materialrecipe */; };
		6F721CA9296492FF001CFE46 /* defaultDark.materialrecipe in Resources */ = {isa = PBXBuildFile; fileRef = 6F721CA7296492FF001CFE46 /* defaultDark.materialrecipe */; };
		6F721CAC29649313001CFE46 /* hiddenDark.materialrecipe in Resources */ = {isa = PBXBuildFile; fileRef = 6F721CAA29649313001CFE46 /* hiddenDark.materialrecipe */; };
		6F721CAD29649313001CFE46 /* hiddenLight.materialrecipe in Resources */ = {isa = PBXBuildFile; fileRef = 6F721CAB29649313001CFE46 /* hiddenLight.materialrecipe */; };
		6F7C01D52968E0C500BC427A /* RootView.swift in Sources */ = {isa = PBXBuildFile; fileRef = 6F7C01D42968E0C500BC427A /* RootView.swift */; };
		6F7C01D7296924F500BC427A /* OtherModsView.swift in Sources */ = {isa = PBXBuildFile; fileRef = 6F7C01D6296924F500BC427A /* OtherModsView.swift */; };
		6F7C01D92969B5A700BC427A /* MiscModsManager.swift in Sources */ = {isa = PBXBuildFile; fileRef = 6F7C01D82969B5A700BC427A /* MiscModsManager.swift */; };
		6F7C01DC2969CC5300BC427A /* LocationManager.swift in Sources */ = {isa = PBXBuildFile; fileRef = 6F7C01DB2969CC5300BC427A /* LocationManager.swift */; };
		6FBEDC3A2964DB210032B1A9 /* ApplicationsWrapper in Frameworks */ = {isa = PBXBuildFile; productRef = 6FBEDC392964DB210032B1A9 /* ApplicationsWrapper */; };
		6FBEDC3C2964DB210032B1A9 /* AssetCatalogWrapper in Frameworks */ = {isa = PBXBuildFile; productRef = 6FBEDC3B2964DB210032B1A9 /* AssetCatalogWrapper */; };
		6FBEDC3E2964DB210032B1A9 /* CompressionWrapper in Frameworks */ = {isa = PBXBuildFile; productRef = 6FBEDC3D2964DB210032B1A9 /* CompressionWrapper */; };
		6FBEDC422964DB210032B1A9 /* FSOperations in Frameworks */ = {isa = PBXBuildFile; productRef = 6FBEDC412964DB210032B1A9 /* FSOperations */; };
		6FBEDC442964DB210032B1A9 /* NSTask in Frameworks */ = {isa = PBXBuildFile; productRef = 6FBEDC432964DB210032B1A9 /* NSTask */; };
		6FBEDC462964DB210032B1A9 /* SVGWrapper in Frameworks */ = {isa = PBXBuildFile; productRef = 6FBEDC452964DB210032B1A9 /* SVGWrapper */; };
/* End PBXBuildFile section */

/* Begin PBXFileReference section */
		6F160E6C2964E3540026D69D /* CoreServices.framework */ = {isa = PBXFileReference; lastKnownFileType = wrapper.framework; name = CoreServices.framework; path = System/Library/Frameworks/CoreServices.framework; sourceTree = SDKROOT; };
		6F160E6F2965B20B0026D69D /* vm_unaligned_copy_switch_race.h */ = {isa = PBXFileReference; lastKnownFileType = sourcecode.c.h; path = vm_unaligned_copy_switch_race.h; sourceTree = "<group>"; };
		6F160E702965B20B0026D69D /* vm_unaligned_copy_switch_race.c */ = {isa = PBXFileReference; lastKnownFileType = sourcecode.c.c; path = vm_unaligned_copy_switch_race.c; sourceTree = "<group>"; };
		6F160E722965B2810026D69D /* ToolsManager.swift */ = {isa = PBXFileReference; lastKnownFileType = sourcecode.swift; path = ToolsManager.swift; sourceTree = "<group>"; };
		6F721C8C296482C6001CFE46 /* DockHider.app */ = {isa = PBXFileReference; explicitFileType = wrapper.application; includeInIndex = 0; path = DockHider.app; sourceTree = BUILT_PRODUCTS_DIR; };
		6F721C8F296482C6001CFE46 /* DockHiderApp.swift */ = {isa = PBXFileReference; lastKnownFileType = sourcecode.swift; path = DockHiderApp.swift; sourceTree = "<group>"; };
		6F721C91296482C6001CFE46 /* ContentView.swift */ = {isa = PBXFileReference; lastKnownFileType = sourcecode.swift; path = ContentView.swift; sourceTree = "<group>"; };
		6F721C93296482C7001CFE46 /* Assets.xcassets */ = {isa = PBXFileReference; lastKnownFileType = folder.assetcatalog; path = Assets.xcassets; sourceTree = "<group>"; };
		6F721C96296482C7001CFE46 /* Preview Assets.xcassets */ = {isa = PBXFileReference; lastKnownFileType = folder.assetcatalog; path = "Preview Assets.xcassets"; sourceTree = "<group>"; };
		6F721C9D296487CC001CFE46 /* DockHider-Bridging-Header.h */ = {isa = PBXFileReference; lastKnownFileType = sourcecode.c.h; path = "DockHider-Bridging-Header.h"; sourceTree = "<group>"; };
		6F721CA6296492FF001CFE46 /* defaultLight.materialrecipe */ = {isa = PBXFileReference; lastKnownFileType = file.bplist; path = defaultLight.materialrecipe; sourceTree = "<group>"; };
		6F721CA7296492FF001CFE46 /* defaultDark.materialrecipe */ = {isa = PBXFileReference; lastKnownFileType = file.bplist; path = defaultDark.materialrecipe; sourceTree = "<group>"; };
		6F721CAA29649313001CFE46 /* hiddenDark.materialrecipe */ = {isa = PBXFileReference; lastKnownFileType = file.bplist; path = hiddenDark.materialrecipe; sourceTree = "<group>"; };
		6F721CAB29649313001CFE46 /* hiddenLight.materialrecipe */ = {isa = PBXFileReference; lastKnownFileType = file.bplist; path = hiddenLight.materialrecipe; sourceTree = "<group>"; };
		6F7C01D42968E0C500BC427A /* RootView.swift */ = {isa = PBXFileReference; lastKnownFileType = sourcecode.swift; path = RootView.swift; sourceTree = "<group>"; };
		6F7C01D6296924F500BC427A /* OtherModsView.swift */ = {isa = PBXFileReference; lastKnownFileType = sourcecode.swift; path = OtherModsView.swift; sourceTree = "<group>"; };
		6F7C01D82969B5A700BC427A /* MiscModsManager.swift */ = {isa = PBXFileReference; lastKnownFileType = sourcecode.swift; path = MiscModsManager.swift; sourceTree = "<group>"; };
		6F7C01DB2969CC5300BC427A /* LocationManager.swift */ = {isa = PBXFileReference; lastKnownFileType = sourcecode.swift; path = LocationManager.swift; sourceTree = "<group>"; };
		6FBEDC492964E0800032B1A9 /* Info.plist */ = {isa = PBXFileReference; lastKnownFileType = text.plist; path = Info.plist; sourceTree = "<group>"; };
/* End PBXFileReference section */

/* Begin PBXFrameworksBuildPhase section */
		6F721C89296482C6001CFE46 /* Frameworks */ = {
			isa = PBXFrameworksBuildPhase;
			buildActionMask = 2147483647;
			files = (
				6F160E6D2964E3540026D69D /* CoreServices.framework in Frameworks */,
				6FBEDC3A2964DB210032B1A9 /* ApplicationsWrapper in Frameworks */,
				6FBEDC3C2964DB210032B1A9 /* AssetCatalogWrapper in Frameworks */,
				6FBEDC442964DB210032B1A9 /* NSTask in Frameworks */,
				6FBEDC422964DB210032B1A9 /* FSOperations in Frameworks */,
				6FBEDC3E2964DB210032B1A9 /* CompressionWrapper in Frameworks */,
				6FBEDC462964DB210032B1A9 /* SVGWrapper in Frameworks */,
			);
			runOnlyForDeploymentPostprocessing = 0;
		};
/* End PBXFrameworksBuildPhase section */

/* Begin PBXGroup section */
		6F160E742965C3EF0026D69D /* DockFiles */ = {
			isa = PBXGroup;
			children = (
				6F721CA3296488C9001CFE46 /* HiddenDocks */,
				6F721CA2296488BB001CFE46 /* DefaultDocks */,
			);
			path = DockFiles;
			sourceTree = "<group>";
		};
		6F721C83296482C6001CFE46 = {
			isa = PBXGroup;
			children = (
				6F721C8E296482C6001CFE46 /* DockHider */,
				6F721C8D296482C6001CFE46 /* Products */,
				6FBEDC4F2964E1F10032B1A9 /* Frameworks */,
			);
			sourceTree = "<group>";
		};
		6F721C8D296482C6001CFE46 /* Products */ = {
			isa = PBXGroup;
			children = (
				6F721C8C296482C6001CFE46 /* DockHider.app */,
			);
			name = Products;
			sourceTree = "<group>";
		};
		6F721C8E296482C6001CFE46 /* DockHider */ = {
			isa = PBXGroup;
			children = (
				6F7C01DA2969CC4600BC427A /* Controllers */,
				6F160E742965C3EF0026D69D /* DockFiles */,
				6FBEDC492964E0800032B1A9 /* Info.plist */,
				6F721CAF2964A742001CFE46 /* PrivateAPIs */,
				6F721CAE2964A72D001CFE46 /* Views */,
				6F721C8F296482C6001CFE46 /* DockHiderApp.swift */,
				6F721C93296482C7001CFE46 /* Assets.xcassets */,
				6F721C95296482C7001CFE46 /* Preview Content */,
				6F721C9D296487CC001CFE46 /* DockHider-Bridging-Header.h */,
				6F160E6F2965B20B0026D69D /* vm_unaligned_copy_switch_race.h */,
				6F160E702965B20B0026D69D /* vm_unaligned_copy_switch_race.c */,
			);
			path = DockHider;
			sourceTree = "<group>";
		};
		6F721C95296482C7001CFE46 /* Preview Content */ = {
			isa = PBXGroup;
			children = (
				6F721C96296482C7001CFE46 /* Preview Assets.xcassets */,
			);
			path = "Preview Content";
			sourceTree = "<group>";
		};
		6F721CA2296488BB001CFE46 /* DefaultDocks */ = {
			isa = PBXGroup;
			children = (
				6F721CA7296492FF001CFE46 /* defaultDark.materialrecipe */,
				6F721CA6296492FF001CFE46 /* defaultLight.materialrecipe */,
			);
			path = DefaultDocks;
			sourceTree = "<group>";
		};
		6F721CA3296488C9001CFE46 /* HiddenDocks */ = {
			isa = PBXGroup;
			children = (
				6F721CAA29649313001CFE46 /* hiddenDark.materialrecipe */,
				6F721CAB29649313001CFE46 /* hiddenLight.materialrecipe */,
			);
			path = HiddenDocks;
			sourceTree = "<group>";
		};
		6F721CAE2964A72D001CFE46 /* Views */ = {
			isa = PBXGroup;
			children = (
				6F721C91296482C6001CFE46 /* ContentView.swift */,
				6F7C01D42968E0C500BC427A /* RootView.swift */,
				6F7C01D6296924F500BC427A /* OtherModsView.swift */,
			);
			path = Views;
			sourceTree = "<group>";
		};
		6F721CAF2964A742001CFE46 /* PrivateAPIs */ = {
			isa = PBXGroup;
			children = (
				6F160E722965B2810026D69D /* ToolsManager.swift */,
				6F7C01D82969B5A700BC427A /* MiscModsManager.swift */,
			);
			path = PrivateAPIs;
			sourceTree = "<group>";
		};
		6F7C01DA2969CC4600BC427A /* Controllers */ = {
			isa = PBXGroup;
			children = (
				6F7C01DB2969CC5300BC427A /* LocationManager.swift */,
			);
			path = Controllers;
			sourceTree = "<group>";
		};
		6FBEDC4F2964E1F10032B1A9 /* Frameworks */ = {
			isa = PBXGroup;
			children = (
				6F160E6C2964E3540026D69D /* CoreServices.framework */,
			);
			name = Frameworks;
			sourceTree = "<group>";
		};
/* End PBXGroup section */

/* Begin PBXNativeTarget section */
		6F721C8B296482C6001CFE46 /* DockHider */ = {
			isa = PBXNativeTarget;
			buildConfigurationList = 6F721C9A296482C7001CFE46 /* Build configuration list for PBXNativeTarget "DockHider" */;
			buildPhases = (
				6F721C88296482C6001CFE46 /* Sources */,
				6F721C89296482C6001CFE46 /* Frameworks */,
				6F721C8A296482C6001CFE46 /* Resources */,
			);
			buildRules = (
			);
			dependencies = (
			);
			name = DockHider;
			packageProductDependencies = (
				6FBEDC392964DB210032B1A9 /* ApplicationsWrapper */,
				6FBEDC3B2964DB210032B1A9 /* AssetCatalogWrapper */,
				6FBEDC3D2964DB210032B1A9 /* CompressionWrapper */,
				6FBEDC412964DB210032B1A9 /* FSOperations */,
				6FBEDC432964DB210032B1A9 /* NSTask */,
				6FBEDC452964DB210032B1A9 /* SVGWrapper */,
			);
			productName = DockHider;
			productReference = 6F721C8C296482C6001CFE46 /* DockHider.app */;
			productType = "com.apple.product-type.application";
		};
/* End PBXNativeTarget section */

/* Begin PBXProject section */
		6F721C84296482C6001CFE46 /* Project object */ = {
			isa = PBXProject;
			attributes = {
				BuildIndependentTargetsInParallel = 1;
				LastSwiftUpdateCheck = 1420;
				LastUpgradeCheck = 1420;
				TargetAttributes = {
					6F721C8B296482C6001CFE46 = {
						CreatedOnToolsVersion = 14.2;
						LastSwiftMigration = 1420;
					};
				};
			};
			buildConfigurationList = 6F721C87296482C6001CFE46 /* Build configuration list for PBXProject "DockHider" */;
			compatibilityVersion = "Xcode 14.0";
			developmentRegion = en;
			hasScannedForEncodings = 0;
			knownRegions = (
				en,
				Base,
			);
			mainGroup = 6F721C83296482C6001CFE46;
			packageReferences = (
				6FBEDC382964DB210032B1A9 /* XCRemoteSwiftPackageReference "SantanderWrappers" */,
			);
			productRefGroup = 6F721C8D296482C6001CFE46 /* Products */;
			projectDirPath = "";
			projectRoot = "";
			targets = (
				6F721C8B296482C6001CFE46 /* DockHider */,
			);
		};
/* End PBXProject section */

/* Begin PBXResourcesBuildPhase section */
		6F721C8A296482C6001CFE46 /* Resources */ = {
			isa = PBXResourcesBuildPhase;
			buildActionMask = 2147483647;
			files = (
				6F721C97296482C7001CFE46 /* Preview Assets.xcassets in Resources */,
				6F721CA8296492FF001CFE46 /* defaultLight.materialrecipe in Resources */,
				6F721CAC29649313001CFE46 /* hiddenDark.materialrecipe in Resources */,
				6F721C94296482C7001CFE46 /* Assets.xcassets in Resources */,
				6F721CAD29649313001CFE46 /* hiddenLight.materialrecipe in Resources */,
				6F721CA9296492FF001CFE46 /* defaultDark.materialrecipe in Resources */,
			);
			runOnlyForDeploymentPostprocessing = 0;
		};
/* End PBXResourcesBuildPhase section */

/* Begin PBXSourcesBuildPhase section */
		6F721C88296482C6001CFE46 /* Sources */ = {
			isa = PBXSourcesBuildPhase;
			buildActionMask = 2147483647;
			files = (
				6F7C01D7296924F500BC427A /* OtherModsView.swift in Sources */,
				6F160E712965B20B0026D69D /* vm_unaligned_copy_switch_race.c in Sources */,
				6F7C01D92969B5A700BC427A /* MiscModsManager.swift in Sources */,
				6F721C92296482C6001CFE46 /* ContentView.swift in Sources */,
				6F7C01DC2969CC5300BC427A /* LocationManager.swift in Sources */,
				6F160E732965B2810026D69D /* ToolsManager.swift in Sources */,
				6F721C90296482C6001CFE46 /* DockHiderApp.swift in Sources */,
				6F7C01D52968E0C500BC427A /* RootView.swift in Sources */,
			);
			runOnlyForDeploymentPostprocessing = 0;
		};
/* End PBXSourcesBuildPhase section */

/* Begin XCBuildConfiguration section */
		6F721C98296482C7001CFE46 /* Debug */ = {
			isa = XCBuildConfiguration;
			buildSettings = {
				ALWAYS_SEARCH_USER_PATHS = NO;
				CLANG_ANALYZER_NONNULL = YES;
				CLANG_ANALYZER_NUMBER_OBJECT_CONVERSION = YES_AGGRESSIVE;
				CLANG_CXX_LANGUAGE_STANDARD = "gnu++20";
				CLANG_ENABLE_MODULES = YES;
				CLANG_ENABLE_OBJC_ARC = YES;
				CLANG_ENABLE_OBJC_WEAK = YES;
				CLANG_WARN_BLOCK_CAPTURE_AUTORELEASING = YES;
				CLANG_WARN_BOOL_CONVERSION = YES;
				CLANG_WARN_COMMA = YES;
				CLANG_WARN_CONSTANT_CONVERSION = YES;
				CLANG_WARN_DEPRECATED_OBJC_IMPLEMENTATIONS = YES;
				CLANG_WARN_DIRECT_OBJC_ISA_USAGE = YES_ERROR;
				CLANG_WARN_DOCUMENTATION_COMMENTS = YES;
				CLANG_WARN_EMPTY_BODY = YES;
				CLANG_WARN_ENUM_CONVERSION = YES;
				CLANG_WARN_INFINITE_RECURSION = YES;
				CLANG_WARN_INT_CONVERSION = YES;
				CLANG_WARN_NON_LITERAL_NULL_CONVERSION = YES;
				CLANG_WARN_OBJC_IMPLICIT_RETAIN_SELF = YES;
				CLANG_WARN_OBJC_LITERAL_CONVERSION = YES;
				CLANG_WARN_OBJC_ROOT_CLASS = YES_ERROR;
				CLANG_WARN_QUOTED_INCLUDE_IN_FRAMEWORK_HEADER = YES;
				CLANG_WARN_RANGE_LOOP_ANALYSIS = YES;
				CLANG_WARN_STRICT_PROTOTYPES = YES;
				CLANG_WARN_SUSPICIOUS_MOVE = YES;
				CLANG_WARN_UNGUARDED_AVAILABILITY = YES_AGGRESSIVE;
				CLANG_WARN_UNREACHABLE_CODE = YES;
				CLANG_WARN__DUPLICATE_METHOD_MATCH = YES;
				COPY_PHASE_STRIP = NO;
				DEBUG_INFORMATION_FORMAT = dwarf;
				DEFINES_MODULE = YES;
				ENABLE_STRICT_OBJC_MSGSEND = YES;
				ENABLE_TESTABILITY = YES;
				GCC_C_LANGUAGE_STANDARD = gnu11;
				GCC_DYNAMIC_NO_PIC = NO;
				GCC_NO_COMMON_BLOCKS = YES;
				GCC_OPTIMIZATION_LEVEL = 0;
				GCC_PREPROCESSOR_DEFINITIONS = (
					"DEBUG=1",
					"$(inherited)",
				);
				GCC_WARN_64_TO_32_BIT_CONVERSION = YES;
				GCC_WARN_ABOUT_RETURN_TYPE = YES_ERROR;
				GCC_WARN_UNDECLARED_SELECTOR = YES;
				GCC_WARN_UNINITIALIZED_AUTOS = YES_AGGRESSIVE;
				GCC_WARN_UNUSED_FUNCTION = YES;
				GCC_WARN_UNUSED_VARIABLE = YES;
				IPHONEOS_DEPLOYMENT_TARGET = 16.2;
				MTL_ENABLE_DEBUG_INFO = INCLUDE_SOURCE;
				MTL_FAST_MATH = YES;
				ONLY_ACTIVE_ARCH = YES;
				SDKROOT = iphoneos;
				SWIFT_ACTIVE_COMPILATION_CONDITIONS = DEBUG;
				SWIFT_OPTIMIZATION_LEVEL = "-Onone";
			};
			name = Debug;
		};
		6F721C99296482C7001CFE46 /* Release */ = {
			isa = XCBuildConfiguration;
			buildSettings = {
				ALWAYS_SEARCH_USER_PATHS = NO;
				CLANG_ANALYZER_NONNULL = YES;
				CLANG_ANALYZER_NUMBER_OBJECT_CONVERSION = YES_AGGRESSIVE;
				CLANG_CXX_LANGUAGE_STANDARD = "gnu++20";
				CLANG_ENABLE_MODULES = YES;
				CLANG_ENABLE_OBJC_ARC = YES;
				CLANG_ENABLE_OBJC_WEAK = YES;
				CLANG_WARN_BLOCK_CAPTURE_AUTORELEASING = YES;
				CLANG_WARN_BOOL_CONVERSION = YES;
				CLANG_WARN_COMMA = YES;
				CLANG_WARN_CONSTANT_CONVERSION = YES;
				CLANG_WARN_DEPRECATED_OBJC_IMPLEMENTATIONS = YES;
				CLANG_WARN_DIRECT_OBJC_ISA_USAGE = YES_ERROR;
				CLANG_WARN_DOCUMENTATION_COMMENTS = YES;
				CLANG_WARN_EMPTY_BODY = YES;
				CLANG_WARN_ENUM_CONVERSION = YES;
				CLANG_WARN_INFINITE_RECURSION = YES;
				CLANG_WARN_INT_CONVERSION = YES;
				CLANG_WARN_NON_LITERAL_NULL_CONVERSION = YES;
				CLANG_WARN_OBJC_IMPLICIT_RETAIN_SELF = YES;
				CLANG_WARN_OBJC_LITERAL_CONVERSION = YES;
				CLANG_WARN_OBJC_ROOT_CLASS = YES_ERROR;
				CLANG_WARN_QUOTED_INCLUDE_IN_FRAMEWORK_HEADER = YES;
				CLANG_WARN_RANGE_LOOP_ANALYSIS = YES;
				CLANG_WARN_STRICT_PROTOTYPES = YES;
				CLANG_WARN_SUSPICIOUS_MOVE = YES;
				CLANG_WARN_UNGUARDED_AVAILABILITY = YES_AGGRESSIVE;
				CLANG_WARN_UNREACHABLE_CODE = YES;
				CLANG_WARN__DUPLICATE_METHOD_MATCH = YES;
				COPY_PHASE_STRIP = NO;
				DEBUG_INFORMATION_FORMAT = "dwarf-with-dsym";
				DEFINES_MODULE = YES;
				ENABLE_NS_ASSERTIONS = NO;
				ENABLE_STRICT_OBJC_MSGSEND = YES;
				GCC_C_LANGUAGE_STANDARD = gnu11;
				GCC_NO_COMMON_BLOCKS = YES;
				GCC_WARN_64_TO_32_BIT_CONVERSION = YES;
				GCC_WARN_ABOUT_RETURN_TYPE = YES_ERROR;
				GCC_WARN_UNDECLARED_SELECTOR = YES;
				GCC_WARN_UNINITIALIZED_AUTOS = YES_AGGRESSIVE;
				GCC_WARN_UNUSED_FUNCTION = YES;
				GCC_WARN_UNUSED_VARIABLE = YES;
				IPHONEOS_DEPLOYMENT_TARGET = 16.2;
				MTL_ENABLE_DEBUG_INFO = NO;
				MTL_FAST_MATH = YES;
				SDKROOT = iphoneos;
				SWIFT_COMPILATION_MODE = wholemodule;
				SWIFT_OPTIMIZATION_LEVEL = "-O";
				VALIDATE_PRODUCT = YES;
			};
			name = Release;
		};
		6F721C9B296482C7001CFE46 /* Debug */ = {
			isa = XCBuildConfiguration;
			buildSettings = {
				ASSETCATALOG_COMPILER_APPICON_NAME = AppIcon;
				ASSETCATALOG_COMPILER_GLOBAL_ACCENT_COLOR_NAME = AccentColor;
				CLANG_ENABLE_MODULES = YES;
				CODE_SIGN_STYLE = Automatic;
				CURRENT_PROJECT_VERSION = 1;
				DEVELOPMENT_ASSET_PATHS = "\"DockHider/Preview Content\"";
				DEVELOPMENT_TEAM = 2P4CP47H76;
				ENABLE_PREVIEWS = YES;
				GENERATE_INFOPLIST_FILE = YES;
				INFOPLIST_FILE = DockHider/Info.plist;
				INFOPLIST_KEY_CFBundleDisplayName = Cowabunga;
				INFOPLIST_KEY_UIApplicationSceneManifest_Generation = YES;
				INFOPLIST_KEY_UIApplicationSupportsIndirectInputEvents = YES;
				INFOPLIST_KEY_UILaunchScreen_Generation = YES;
				INFOPLIST_KEY_UISupportedInterfaceOrientations = UIInterfaceOrientationPortrait;
				INFOPLIST_KEY_UISupportedInterfaceOrientations_iPad = "UIInterfaceOrientationLandscapeLeft UIInterfaceOrientationLandscapeRight UIInterfaceOrientationPortrait UIInterfaceOrientationPortraitUpsideDown";
				IPHONEOS_DEPLOYMENT_TARGET = 14.0;
				LD_RUNPATH_SEARCH_PATHS = (
					"$(inherited)",
					"@executable_path/Frameworks",
				);
				MARKETING_VERSION = 5.0.0;
				PRODUCT_BUNDLE_IDENTIFIER = com.leemin.DockHider;
				PRODUCT_NAME = "$(TARGET_NAME)";
				SWIFT_EMIT_LOC_STRINGS = YES;
				SWIFT_OBJC_BRIDGING_HEADER = "DockHider/DockHider-Bridging-Header.h";
				SWIFT_OPTIMIZATION_LEVEL = "-Onone";
				SWIFT_VERSION = 5.0;
				TARGETED_DEVICE_FAMILY = "1,2";
			};
			name = Debug;
		};
		6F721C9C296482C7001CFE46 /* Release */ = {
			isa = XCBuildConfiguration;
			buildSettings = {
				ASSETCATALOG_COMPILER_APPICON_NAME = AppIcon;
				ASSETCATALOG_COMPILER_GLOBAL_ACCENT_COLOR_NAME = AccentColor;
				CLANG_ENABLE_MODULES = YES;
				CODE_SIGN_STYLE = Automatic;
				CURRENT_PROJECT_VERSION = 1;
				DEVELOPMENT_ASSET_PATHS = "\"DockHider/Preview Content\"";
				DEVELOPMENT_TEAM = 2P4CP47H76;
				ENABLE_PREVIEWS = YES;
				GENERATE_INFOPLIST_FILE = YES;
				INFOPLIST_FILE = DockHider/Info.plist;
				INFOPLIST_KEY_CFBundleDisplayName = Cowabunga;
				INFOPLIST_KEY_UIApplicationSceneManifest_Generation = YES;
				INFOPLIST_KEY_UIApplicationSupportsIndirectInputEvents = YES;
				INFOPLIST_KEY_UILaunchScreen_Generation = YES;
				INFOPLIST_KEY_UISupportedInterfaceOrientations = UIInterfaceOrientationPortrait;
				INFOPLIST_KEY_UISupportedInterfaceOrientations_iPad = "UIInterfaceOrientationLandscapeLeft UIInterfaceOrientationLandscapeRight UIInterfaceOrientationPortrait UIInterfaceOrientationPortraitUpsideDown";
				IPHONEOS_DEPLOYMENT_TARGET = 14.0;
				LD_RUNPATH_SEARCH_PATHS = (
					"$(inherited)",
					"@executable_path/Frameworks",
				);
				MARKETING_VERSION = 5.0.0;
				PRODUCT_BUNDLE_IDENTIFIER = com.leemin.DockHider;
				PRODUCT_NAME = "$(TARGET_NAME)";
				SWIFT_EMIT_LOC_STRINGS = YES;
				SWIFT_OBJC_BRIDGING_HEADER = "DockHider/DockHider-Bridging-Header.h";
				SWIFT_VERSION = 5.0;
				TARGETED_DEVICE_FAMILY = "1,2";
			};
			name = Release;
		};
/* End XCBuildConfiguration section */

/* Begin XCConfigurationList section */
		6F721C87296482C6001CFE46 /* Build configuration list for PBXProject "DockHider" */ = {
			isa = XCConfigurationList;
			buildConfigurations = (
				6F721C98296482C7001CFE46 /* Debug */,
				6F721C99296482C7001CFE46 /* Release */,
			);
			defaultConfigurationIsVisible = 0;
			defaultConfigurationName = Release;
		};
		6F721C9A296482C7001CFE46 /* Build configuration list for PBXNativeTarget "DockHider" */ = {
			isa = XCConfigurationList;
			buildConfigurations = (
				6F721C9B296482C7001CFE46 /* Debug */,
				6F721C9C296482C7001CFE46 /* Release */,
			);
			defaultConfigurationIsVisible = 0;
			defaultConfigurationName = Release;
		};
/* End XCConfigurationList section */

/* Begin XCRemoteSwiftPackageReference section */
		6FBEDC382964DB210032B1A9 /* XCRemoteSwiftPackageReference "SantanderWrappers" */ = {
			isa = XCRemoteSwiftPackageReference;
			repositoryURL = "https://github.com/SerenaKit/SantanderWrappers.git";
			requirement = {
				branch = main;
				kind = branch;
			};
		};
/* End XCRemoteSwiftPackageReference section */

/* Begin XCSwiftPackageProductDependency section */
		6FBEDC392964DB210032B1A9 /* ApplicationsWrapper */ = {
			isa = XCSwiftPackageProductDependency;
			package = 6FBEDC382964DB210032B1A9 /* XCRemoteSwiftPackageReference "SantanderWrappers" */;
			productName = ApplicationsWrapper;
		};
		6FBEDC3B2964DB210032B1A9 /* AssetCatalogWrapper */ = {
			isa = XCSwiftPackageProductDependency;
			package = 6FBEDC382964DB210032B1A9 /* XCRemoteSwiftPackageReference "SantanderWrappers" */;
			productName = AssetCatalogWrapper;
		};
		6FBEDC3D2964DB210032B1A9 /* CompressionWrapper */ = {
			isa = XCSwiftPackageProductDependency;
			package = 6FBEDC382964DB210032B1A9 /* XCRemoteSwiftPackageReference "SantanderWrappers" */;
			productName = CompressionWrapper;
		};
		6FBEDC412964DB210032B1A9 /* FSOperations */ = {
			isa = XCSwiftPackageProductDependency;
			package = 6FBEDC382964DB210032B1A9 /* XCRemoteSwiftPackageReference "SantanderWrappers" */;
			productName = FSOperations;
		};
		6FBEDC432964DB210032B1A9 /* NSTask */ = {
			isa = XCSwiftPackageProductDependency;
			package = 6FBEDC382964DB210032B1A9 /* XCRemoteSwiftPackageReference "SantanderWrappers" */;
			productName = NSTask;
		};
		6FBEDC452964DB210032B1A9 /* SVGWrapper */ = {
			isa = XCSwiftPackageProductDependency;
			package = 6FBEDC382964DB210032B1A9 /* XCRemoteSwiftPackageReference "SantanderWrappers" */;
			productName = SVGWrapper;
		};
/* End XCSwiftPackageProductDependency section */
	};
	rootObject = 6F721C84296482C6001CFE46 /* Project object */;
}
