// !$*UTF8*$!
{
	archiveVersion = 1;
	classes = {
	};
	objectVersion = 56;
	objects = {

/* Begin PBXBuildFile section */
		2183C9922987D52500AE187C /* UIViewWrapperView.swift in Sources */ = {isa = PBXBuildFile; fileRef = 2183C9912987D52500AE187C /* UIViewWrapperView.swift */; };
		2183C9952987D8C800AE187C /* Alert++.swift in Sources */ = {isa = PBXBuildFile; fileRef = 2183C9942987D8C800AE187C /* Alert++.swift */; };
		2183C9972987D8D800AE187C /* Color++.swift in Sources */ = {isa = PBXBuildFile; fileRef = 2183C9962987D8D800AE187C /* Color++.swift */; };
		2183C9992987D8EA00AE187C /* MachineName.swift in Sources */ = {isa = PBXBuildFile; fileRef = 2183C9982987D8EA00AE187C /* MachineName.swift */; };
		2183C99B2987D8FA00AE187C /* Extensions.swift in Sources */ = {isa = PBXBuildFile; fileRef = 2183C99A2987D8FA00AE187C /* Extensions.swift */; };
		2183C99E2987DA6800AE187C /* AppIcon.swift in Sources */ = {isa = PBXBuildFile; fileRef = 2183C99D2987DA6800AE187C /* AppIcon.swift */; };
		2183C9A72988368A00AE187C /* CowabungaAPI.swift in Sources */ = {isa = PBXBuildFile; fileRef = 2183C9A62988368A00AE187C /* CowabungaAPI.swift */; };
		21BA5BD3298998B70022F814 /* statusBarOverrides15 in Resources */ = {isa = PBXBuildFile; fileRef = 21BA5BD1298998B70022F814 /* statusBarOverrides15 */; };
		21BA5BD4298998B70022F814 /* statusBarOverrides16 in Resources */ = {isa = PBXBuildFile; fileRef = 21BA5BD2298998B70022F814 /* statusBarOverrides16 */; };
		21C08D9A2987CC2F00294DE7 /* LoginView.swift in Sources */ = {isa = PBXBuildFile; fileRef = 21C08D992987CC2F00294DE7 /* LoginView.swift */; };
		21C08D9C2987CC3500294DE7 /* SourcedRepoFetcher.swift in Sources */ = {isa = PBXBuildFile; fileRef = 21C08D9B2987CC3500294DE7 /* SourcedRepoFetcher.swift */; };
		21C08D9F2987CE3700294DE7 /* HCaptcha in Frameworks */ = {isa = PBXBuildFile; productRef = 21C08D9E2987CE3700294DE7 /* HCaptcha */; };
		21C08DA12987CF5300294DE7 /* ThemesExploreView.swift in Sources */ = {isa = PBXBuildFile; fileRef = 21C08DA02987CF5300294DE7 /* ThemesExploreView.swift */; };
		21DC3EBE29892EA0007D6F5C /* TintedButton14.swift in Sources */ = {isa = PBXBuildFile; fileRef = 21DC3EBD29892EA0007D6F5C /* TintedButton14.swift */; };
		21E155692989C2EC00B59658 /* StatusBarVisibilityController.swift in Sources */ = {isa = PBXBuildFile; fileRef = 21E155682989C2EC00B59658 /* StatusBarVisibilityController.swift */; };
		21E155D22989C32B00B59658 /* iOS 16 mods list.txt in Resources */ = {isa = PBXBuildFile; fileRef = 21E1556C2989C32A00B59658 /* iOS 16 mods list.txt */; };
		21E155D72989C32B00B59658 /* StatBar-HideCarrierNameBarsTime-16 in Resources */ = {isa = PBXBuildFile; fileRef = 21E155722989C32A00B59658 /* StatBar-HideCarrierNameBarsTime-16 */; };
		21E155DC2989C32B00B59658 /* StatBar-HideBatteryTime-16 in Resources */ = {isa = PBXBuildFile; fileRef = 21E155782989C32A00B59658 /* StatBar-HideBatteryTime-16 */; };
		21E155E22989C32B00B59658 /* StatBar-HideAll-16 in Resources */ = {isa = PBXBuildFile; fileRef = 21E1557F2989C32A00B59658 /* StatBar-HideAll-16 */; };
		21E155E82989C32B00B59658 /* StatBar-HideCarrierNameBars-16 in Resources */ = {isa = PBXBuildFile; fileRef = 21E155862989C32A00B59658 /* StatBar-HideCarrierNameBars-16 */; };
		21E155ED2989C32B00B59658 /* StatBar-HideBatteryIcon-16 in Resources */ = {isa = PBXBuildFile; fileRef = 21E1558C2989C32A00B59658 /* StatBar-HideBatteryIcon-16 */; };
		21E155F22989C32B00B59658 /* StatBar-HideCarrierNameBarsTimeBattery-16 in Resources */ = {isa = PBXBuildFile; fileRef = 21E155922989C32A00B59658 /* StatBar-HideCarrierNameBarsTimeBattery-16 */; };
		21E155F82989C32B00B59658 /* StatBar-HideTime-16 in Resources */ = {isa = PBXBuildFile; fileRef = 21E155992989C32A00B59658 /* StatBar-HideTime-16 */; };
		21E156062989C32B00B59658 /* iOS 15 mods list.txt in Resources */ = {isa = PBXBuildFile; fileRef = 21E155AA2989C32A00B59658 /* iOS 15 mods list.txt */; };
		21ED3C7A29884AAD00135B50 /* CornerRadius++.swift in Sources */ = {isa = PBXBuildFile; fileRef = 21ED3C7929884AAD00135B50 /* CornerRadius++.swift */; };
		6F160E6D2964E3540026D69D /* CoreServices.framework in Frameworks */ = {isa = PBXBuildFile; fileRef = 6F160E6C2964E3540026D69D /* CoreServices.framework */; };
		6F160E732965B2810026D69D /* ToolsManager.swift in Sources */ = {isa = PBXBuildFile; fileRef = 6F160E722965B2810026D69D /* ToolsManager.swift */; };
		6F247A5C298888CE007BD53A /* SavedPasscodesView.swift in Sources */ = {isa = PBXBuildFile; fileRef = 6F247A5B298888CE007BD53A /* SavedPasscodesView.swift */; };
		6F6D38E82975EF6000DE3146 /* AudioConverter.swift in Sources */ = {isa = PBXBuildFile; fileRef = 6F6D38E72975EF6000DE3146 /* AudioConverter.swift */; };
		6F6D38EA297603F700DE3146 /* RegionEncodes.swift in Sources */ = {isa = PBXBuildFile; fileRef = 6F6D38E9297603F700DE3146 /* RegionEncodes.swift */; };
		6F6D38EC2976DEDA00DE3146 /* HomeView.swift in Sources */ = {isa = PBXBuildFile; fileRef = 6F6D38EB2976DEDA00DE3146 /* HomeView.swift */; };
		6F6D38F22976FE6800DE3146 /* ApplicationMonitor.swift in Sources */ = {isa = PBXBuildFile; fileRef = 6F6D38EF2976FE6800DE3146 /* ApplicationMonitor.swift */; };
		6F6D38F32976FE6800DE3146 /* LocationManager.swift in Sources */ = {isa = PBXBuildFile; fileRef = 6F6D38F02976FE6800DE3146 /* LocationManager.swift */; };
		6F6D38F52976FF8B00DE3146 /* AppDelegate.swift in Sources */ = {isa = PBXBuildFile; fileRef = 6F6D38F42976FF8B00DE3146 /* AppDelegate.swift */; };
		6F6D38F72977303600DE3146 /* BackgroundFileUpdaterController.swift in Sources */ = {isa = PBXBuildFile; fileRef = 6F6D38F62977303600DE3146 /* BackgroundFileUpdaterController.swift */; };
		6F721C90296482C6001CFE46 /* CowabungaApp.swift in Sources */ = {isa = PBXBuildFile; fileRef = 6F721C8F296482C6001CFE46 /* CowabungaApp.swift */; };
		6F721C92296482C6001CFE46 /* SpringBoardView.swift in Sources */ = {isa = PBXBuildFile; fileRef = 6F721C91296482C6001CFE46 /* SpringBoardView.swift */; };
		6F721C94296482C7001CFE46 /* Assets.xcassets in Resources */ = {isa = PBXBuildFile; fileRef = 6F721C93296482C7001CFE46 /* Assets.xcassets */; };
		6F75AD72298AB723009C0AD6 /* SpringboardColorManager.swift in Sources */ = {isa = PBXBuildFile; fileRef = 6F75AD71298AB723009C0AD6 /* SpringboardColorManager.swift */; };
		6F7C01D52968E0C500BC427A /* RootView.swift in Sources */ = {isa = PBXBuildFile; fileRef = 6F7C01D42968E0C500BC427A /* RootView.swift */; };
		6F7C01D7296924F500BC427A /* OtherModsView.swift in Sources */ = {isa = PBXBuildFile; fileRef = 6F7C01D6296924F500BC427A /* OtherModsView.swift */; };
		6F7C01D92969B5A700BC427A /* MiscModsManager.swift in Sources */ = {isa = PBXBuildFile; fileRef = 6F7C01D82969B5A700BC427A /* MiscModsManager.swift */; };
		6F7C01E1296B2FB200BC427A /* AudioManager.swift in Sources */ = {isa = PBXBuildFile; fileRef = 6F7C01E0296B2FB200BC427A /* AudioManager.swift */; };
		6FA660A6297B051E002471FB /* AudioOptionsView.swift in Sources */ = {isa = PBXBuildFile; fileRef = 6FA660A5297B051E002471FB /* AudioOptionsView.swift */; };
		6FA660AC297EF260002471FB /* vm_unaligned_copy_switch_race.c in Sources */ = {isa = PBXBuildFile; fileRef = 6FA660AB297EF260002471FB /* vm_unaligned_copy_switch_race.c */; };
		6FD9B526296C8AE300121229 /* AudioView.swift in Sources */ = {isa = PBXBuildFile; fileRef = 6FD9B525296C8AE300121229 /* AudioView.swift */; };
		6FD9B528296C8CBC00121229 /* AudioChangerView.swift in Sources */ = {isa = PBXBuildFile; fileRef = 6FD9B527296C8CBC00121229 /* AudioChangerView.swift */; };
		6FF21AC829840DC40054EBC0 /* LockView.swift in Sources */ = {isa = PBXBuildFile; fileRef = 6FF21AC729840DC40054EBC0 /* LockView.swift */; };
		6FF21ACA298416E90054EBC0 /* LockManager.swift in Sources */ = {isa = PBXBuildFile; fileRef = 6FF21AC9298416E90054EBC0 /* LockManager.swift */; };
		6FF21AD0298449F30054EBC0 /* ToolsView.swift in Sources */ = {isa = PBXBuildFile; fileRef = 6FF21ACF298449F30054EBC0 /* ToolsView.swift */; };
		6FF21AD2298450C80054EBC0 /* grant_full_disk_access.m in Sources */ = {isa = PBXBuildFile; fileRef = 6FF21AD1298450C80054EBC0 /* grant_full_disk_access.m */; };
		6FF21AD52984513A0054EBC0 /* helpers.m in Sources */ = {isa = PBXBuildFile; fileRef = 6FF21AD32984513A0054EBC0 /* helpers.m */; };
		6FF21AD8298458690054EBC0 /* PasscodeEditorView.swift in Sources */ = {isa = PBXBuildFile; fileRef = 6FF21AD7298458690054EBC0 /* PasscodeEditorView.swift */; };
		6FF21ADB298458910054EBC0 /* PasscodeKeyFaceManager.swift in Sources */ = {isa = PBXBuildFile; fileRef = 6FF21ADA298458910054EBC0 /* PasscodeKeyFaceManager.swift */; };
		6FF21ADE29846A180054EBC0 /* ZIPFoundation in Frameworks */ = {isa = PBXBuildFile; productRef = 6FF21ADD29846A180054EBC0 /* ZIPFoundation */; };
		6FF21AE129846AB20054EBC0 /* MaterialView.swift in Sources */ = {isa = PBXBuildFile; fileRef = 6FF21AE029846AB20054EBC0 /* MaterialView.swift */; };
		6FF21AE329846AC30054EBC0 /* ImagePickerView.swift in Sources */ = {isa = PBXBuildFile; fileRef = 6FF21AE229846AC30054EBC0 /* ImagePickerView.swift */; };
		6FF21AE6298479BD0054EBC0 /* LSFootnoteChangerView.swift in Sources */ = {isa = PBXBuildFile; fileRef = 6FF21AE5298479BD0054EBC0 /* LSFootnoteChangerView.swift */; };
		6FF21AF1298820550054EBC0 /* MobileCoreServices.framework in Frameworks */ = {isa = PBXBuildFile; fileRef = 6FF21AF0298820540054EBC0 /* MobileCoreServices.framework */; };
		6FF21AF3298821010054EBC0 /* SpringboardColorChangerView.swift in Sources */ = {isa = PBXBuildFile; fileRef = 6FF21AF2298821010054EBC0 /* SpringboardColorChangerView.swift */; };
		6FF21AF5298821290054EBC0 /* BadgeChanger.swift in Sources */ = {isa = PBXBuildFile; fileRef = 6FF21AF4298821290054EBC0 /* BadgeChanger.swift */; };
		6FF21AF8298821410054EBC0 /* Dynamic in Frameworks */ = {isa = PBXBuildFile; productRef = 6FF21AF7298821410054EBC0 /* Dynamic */; };
		6FF21AFB298826FF0054EBC0 /* MainCardView.swift in Sources */ = {isa = PBXBuildFile; fileRef = 6FF21AFA298826FF0054EBC0 /* MainCardView.swift */; };
		6FF21AFD298827190054EBC0 /* CardView.swift in Sources */ = {isa = PBXBuildFile; fileRef = 6FF21AFC298827190054EBC0 /* CardView.swift */; };
		6FF21B0229882CB70054EBC0 /* ACarousel in Frameworks */ = {isa = PBXBuildFile; productRef = 6FF21B0129882CB70054EBC0 /* ACarousel */; };
/* End PBXBuildFile section */

/* Begin PBXFileReference section */
		2183C9912987D52500AE187C /* UIViewWrapperView.swift */ = {isa = PBXFileReference; lastKnownFileType = sourcecode.swift; path = UIViewWrapperView.swift; sourceTree = "<group>"; };
		2183C9942987D8C800AE187C /* Alert++.swift */ = {isa = PBXFileReference; lastKnownFileType = sourcecode.swift; path = "Alert++.swift"; sourceTree = "<group>"; };
		2183C9962987D8D800AE187C /* Color++.swift */ = {isa = PBXFileReference; lastKnownFileType = sourcecode.swift; path = "Color++.swift"; sourceTree = "<group>"; };
		2183C9982987D8EA00AE187C /* MachineName.swift */ = {isa = PBXFileReference; lastKnownFileType = sourcecode.swift; path = MachineName.swift; sourceTree = "<group>"; };
		2183C99A2987D8FA00AE187C /* Extensions.swift */ = {isa = PBXFileReference; lastKnownFileType = sourcecode.swift; path = Extensions.swift; sourceTree = "<group>"; };
		2183C99D2987DA6800AE187C /* AppIcon.swift */ = {isa = PBXFileReference; lastKnownFileType = sourcecode.swift; path = AppIcon.swift; sourceTree = "<group>"; };
		2183C9A62988368A00AE187C /* CowabungaAPI.swift */ = {isa = PBXFileReference; lastKnownFileType = sourcecode.swift; path = CowabungaAPI.swift; sourceTree = "<group>"; };
		21BA5BD1298998B70022F814 /* statusBarOverrides15 */ = {isa = PBXFileReference; lastKnownFileType = file; path = statusBarOverrides15; sourceTree = "<group>"; };
		21BA5BD2298998B70022F814 /* statusBarOverrides16 */ = {isa = PBXFileReference; lastKnownFileType = file; path = statusBarOverrides16; sourceTree = "<group>"; };
		21C08D992987CC2F00294DE7 /* LoginView.swift */ = {isa = PBXFileReference; fileEncoding = 4; lastKnownFileType = sourcecode.swift; path = LoginView.swift; sourceTree = "<group>"; };
		21C08D9B2987CC3500294DE7 /* SourcedRepoFetcher.swift */ = {isa = PBXFileReference; fileEncoding = 4; lastKnownFileType = sourcecode.swift; path = SourcedRepoFetcher.swift; sourceTree = "<group>"; };
		21C08DA02987CF5300294DE7 /* ThemesExploreView.swift */ = {isa = PBXFileReference; lastKnownFileType = sourcecode.swift; path = ThemesExploreView.swift; sourceTree = "<group>"; };
		21D7BA2D298AADFB0055943A /* StatBar-HideCarrierNameBarsTime-15 */ = {isa = PBXFileReference; lastKnownFileType = file; path = "StatBar-HideCarrierNameBarsTime-15"; sourceTree = "<group>"; };
		21D7BA2E298AADFB0055943A /* StatBar-HideAll-15 */ = {isa = PBXFileReference; lastKnownFileType = file; path = "StatBar-HideAll-15"; sourceTree = "<group>"; };
		21D7BA2F298AADFB0055943A /* StatBar-HideTime-15 */ = {isa = PBXFileReference; lastKnownFileType = file; path = "StatBar-HideTime-15"; sourceTree = "<group>"; };
		21D7BA30298AADFB0055943A /* StatBar-HideBatteryIcon-15 */ = {isa = PBXFileReference; lastKnownFileType = file; path = "StatBar-HideBatteryIcon-15"; sourceTree = "<group>"; };
		21D7BA31298AADFB0055943A /* StatBar-HideCarrierNameBars-15 */ = {isa = PBXFileReference; lastKnownFileType = file; path = "StatBar-HideCarrierNameBars-15"; sourceTree = "<group>"; };
		21D7BA32298AADFB0055943A /* StatBar-HideCarrierNameBarsTimeBattery-15 */ = {isa = PBXFileReference; lastKnownFileType = file; path = "StatBar-HideCarrierNameBarsTimeBattery-15"; sourceTree = "<group>"; };
		21D7BA33298AADFB0055943A /* StatBar-HideBatteryTime-15 */ = {isa = PBXFileReference; lastKnownFileType = file; path = "StatBar-HideBatteryTime-15"; sourceTree = "<group>"; };
		21DC3EBD29892EA0007D6F5C /* TintedButton14.swift */ = {isa = PBXFileReference; lastKnownFileType = sourcecode.swift; path = TintedButton14.swift; sourceTree = "<group>"; };
		21E155682989C2EC00B59658 /* StatusBarVisibilityController.swift */ = {isa = PBXFileReference; fileEncoding = 4; lastKnownFileType = sourcecode.swift; path = StatusBarVisibilityController.swift; sourceTree = "<group>"; };
		21E1556C2989C32A00B59658 /* iOS 16 mods list.txt */ = {isa = PBXFileReference; fileEncoding = 4; lastKnownFileType = text; path = "iOS 16 mods list.txt"; sourceTree = "<group>"; };
		21E155722989C32A00B59658 /* StatBar-HideCarrierNameBarsTime-16 */ = {isa = PBXFileReference; lastKnownFileType = file; path = "StatBar-HideCarrierNameBarsTime-16"; sourceTree = "<group>"; };
		21E155782989C32A00B59658 /* StatBar-HideBatteryTime-16 */ = {isa = PBXFileReference; lastKnownFileType = file; path = "StatBar-HideBatteryTime-16"; sourceTree = "<group>"; };
		21E1557F2989C32A00B59658 /* StatBar-HideAll-16 */ = {isa = PBXFileReference; lastKnownFileType = file; path = "StatBar-HideAll-16"; sourceTree = "<group>"; };
		21E155862989C32A00B59658 /* StatBar-HideCarrierNameBars-16 */ = {isa = PBXFileReference; lastKnownFileType = file; path = "StatBar-HideCarrierNameBars-16"; sourceTree = "<group>"; };
		21E1558C2989C32A00B59658 /* StatBar-HideBatteryIcon-16 */ = {isa = PBXFileReference; lastKnownFileType = file; path = "StatBar-HideBatteryIcon-16"; sourceTree = "<group>"; };
		21E155922989C32A00B59658 /* StatBar-HideCarrierNameBarsTimeBattery-16 */ = {isa = PBXFileReference; lastKnownFileType = file; path = "StatBar-HideCarrierNameBarsTimeBattery-16"; sourceTree = "<group>"; };
		21E155992989C32A00B59658 /* StatBar-HideTime-16 */ = {isa = PBXFileReference; lastKnownFileType = file; path = "StatBar-HideTime-16"; sourceTree = "<group>"; };
		21E155AA2989C32A00B59658 /* iOS 15 mods list.txt */ = {isa = PBXFileReference; fileEncoding = 4; lastKnownFileType = text; path = "iOS 15 mods list.txt"; sourceTree = "<group>"; };
		21ED3C7929884AAD00135B50 /* CornerRadius++.swift */ = {isa = PBXFileReference; lastKnownFileType = sourcecode.swift; path = "CornerRadius++.swift"; sourceTree = "<group>"; };
		6F160E6C2964E3540026D69D /* CoreServices.framework */ = {isa = PBXFileReference; lastKnownFileType = wrapper.framework; name = CoreServices.framework; path = System/Library/Frameworks/CoreServices.framework; sourceTree = SDKROOT; };
		6F160E6F2965B20B0026D69D /* vm_unaligned_copy_switch_race.h */ = {isa = PBXFileReference; lastKnownFileType = sourcecode.c.h; path = vm_unaligned_copy_switch_race.h; sourceTree = "<group>"; };
		6F160E722965B2810026D69D /* ToolsManager.swift */ = {isa = PBXFileReference; lastKnownFileType = sourcecode.swift; path = ToolsManager.swift; sourceTree = "<group>"; };
		6F247A5B298888CE007BD53A /* SavedPasscodesView.swift */ = {isa = PBXFileReference; lastKnownFileType = sourcecode.swift; path = SavedPasscodesView.swift; sourceTree = "<group>"; };
		6F6D38E72975EF6000DE3146 /* AudioConverter.swift */ = {isa = PBXFileReference; fileEncoding = 4; lastKnownFileType = sourcecode.swift; path = AudioConverter.swift; sourceTree = "<group>"; };
		6F6D38E9297603F700DE3146 /* RegionEncodes.swift */ = {isa = PBXFileReference; lastKnownFileType = sourcecode.swift; path = RegionEncodes.swift; sourceTree = "<group>"; };
		6F6D38EB2976DEDA00DE3146 /* HomeView.swift */ = {isa = PBXFileReference; lastKnownFileType = sourcecode.swift; path = HomeView.swift; sourceTree = "<group>"; };
		6F6D38EF2976FE6800DE3146 /* ApplicationMonitor.swift */ = {isa = PBXFileReference; fileEncoding = 4; lastKnownFileType = sourcecode.swift; path = ApplicationMonitor.swift; sourceTree = "<group>"; };
		6F6D38F02976FE6800DE3146 /* LocationManager.swift */ = {isa = PBXFileReference; fileEncoding = 4; lastKnownFileType = sourcecode.swift; path = LocationManager.swift; sourceTree = "<group>"; };
		6F6D38F42976FF8B00DE3146 /* AppDelegate.swift */ = {isa = PBXFileReference; lastKnownFileType = sourcecode.swift; path = AppDelegate.swift; sourceTree = "<group>"; };
		6F6D38F62977303600DE3146 /* BackgroundFileUpdaterController.swift */ = {isa = PBXFileReference; lastKnownFileType = sourcecode.swift; path = BackgroundFileUpdaterController.swift; sourceTree = "<group>"; };
		6F721C8C296482C6001CFE46 /* Cowabunga.app */ = {isa = PBXFileReference; explicitFileType = wrapper.application; includeInIndex = 0; path = Cowabunga.app; sourceTree = BUILT_PRODUCTS_DIR; };
		6F721C8F296482C6001CFE46 /* CowabungaApp.swift */ = {isa = PBXFileReference; lastKnownFileType = sourcecode.swift; path = CowabungaApp.swift; sourceTree = "<group>"; };
		6F721C91296482C6001CFE46 /* SpringBoardView.swift */ = {isa = PBXFileReference; lastKnownFileType = sourcecode.swift; path = SpringBoardView.swift; sourceTree = "<group>"; };
		6F721C93296482C7001CFE46 /* Assets.xcassets */ = {isa = PBXFileReference; lastKnownFileType = folder.assetcatalog; path = Assets.xcassets; sourceTree = "<group>"; };
		6F721C9D296487CC001CFE46 /* Cowabunga-Bridging-Header.h */ = {isa = PBXFileReference; lastKnownFileType = sourcecode.c.h; path = "Cowabunga-Bridging-Header.h"; sourceTree = "<group>"; };
		6F75AD71298AB723009C0AD6 /* SpringboardColorManager.swift */ = {isa = PBXFileReference; lastKnownFileType = sourcecode.swift; path = SpringboardColorManager.swift; sourceTree = "<group>"; };
		6F7C01D42968E0C500BC427A /* RootView.swift */ = {isa = PBXFileReference; lastKnownFileType = sourcecode.swift; path = RootView.swift; sourceTree = "<group>"; };
		6F7C01D6296924F500BC427A /* OtherModsView.swift */ = {isa = PBXFileReference; lastKnownFileType = sourcecode.swift; path = OtherModsView.swift; sourceTree = "<group>"; };
		6F7C01D82969B5A700BC427A /* MiscModsManager.swift */ = {isa = PBXFileReference; lastKnownFileType = sourcecode.swift; path = MiscModsManager.swift; sourceTree = "<group>"; };
		6F7C01E0296B2FB200BC427A /* AudioManager.swift */ = {isa = PBXFileReference; lastKnownFileType = sourcecode.swift; path = AudioManager.swift; sourceTree = "<group>"; };
		6FA660A5297B051E002471FB /* AudioOptionsView.swift */ = {isa = PBXFileReference; lastKnownFileType = sourcecode.swift; path = AudioOptionsView.swift; sourceTree = "<group>"; };
		6FA660AB297EF260002471FB /* vm_unaligned_copy_switch_race.c */ = {isa = PBXFileReference; lastKnownFileType = sourcecode.c.c; path = vm_unaligned_copy_switch_race.c; sourceTree = "<group>"; };
		6FBEDC492964E0800032B1A9 /* Info.plist */ = {isa = PBXFileReference; lastKnownFileType = text.plist; path = Info.plist; sourceTree = "<group>"; };
		6FD9B525296C8AE300121229 /* AudioView.swift */ = {isa = PBXFileReference; lastKnownFileType = sourcecode.swift; path = AudioView.swift; sourceTree = "<group>"; };
		6FD9B527296C8CBC00121229 /* AudioChangerView.swift */ = {isa = PBXFileReference; lastKnownFileType = sourcecode.swift; path = AudioChangerView.swift; sourceTree = "<group>"; };
		6FF21AC729840DC40054EBC0 /* LockView.swift */ = {isa = PBXFileReference; lastKnownFileType = sourcecode.swift; path = LockView.swift; sourceTree = "<group>"; };
		6FF21AC9298416E90054EBC0 /* LockManager.swift */ = {isa = PBXFileReference; lastKnownFileType = sourcecode.swift; path = LockManager.swift; sourceTree = "<group>"; };
		6FF21ACF298449F30054EBC0 /* ToolsView.swift */ = {isa = PBXFileReference; lastKnownFileType = sourcecode.swift; path = ToolsView.swift; sourceTree = "<group>"; };
		6FF21AD1298450C80054EBC0 /* grant_full_disk_access.m */ = {isa = PBXFileReference; lastKnownFileType = sourcecode.c.objc; path = grant_full_disk_access.m; sourceTree = "<group>"; };
		6FF21AD32984513A0054EBC0 /* helpers.m */ = {isa = PBXFileReference; fileEncoding = 4; lastKnownFileType = sourcecode.c.objc; path = helpers.m; sourceTree = "<group>"; };
		6FF21AD42984513A0054EBC0 /* helpers.h */ = {isa = PBXFileReference; fileEncoding = 4; lastKnownFileType = sourcecode.c.h; path = helpers.h; sourceTree = "<group>"; };
		6FF21AD62984522B0054EBC0 /* grant_full_disk_access.h */ = {isa = PBXFileReference; lastKnownFileType = sourcecode.c.h; path = grant_full_disk_access.h; sourceTree = "<group>"; };
		6FF21AD7298458690054EBC0 /* PasscodeEditorView.swift */ = {isa = PBXFileReference; lastKnownFileType = sourcecode.swift; path = PasscodeEditorView.swift; sourceTree = "<group>"; };
		6FF21ADA298458910054EBC0 /* PasscodeKeyFaceManager.swift */ = {isa = PBXFileReference; lastKnownFileType = sourcecode.swift; path = PasscodeKeyFaceManager.swift; sourceTree = "<group>"; };
		6FF21AE029846AB20054EBC0 /* MaterialView.swift */ = {isa = PBXFileReference; lastKnownFileType = sourcecode.swift; path = MaterialView.swift; sourceTree = "<group>"; };
		6FF21AE229846AC30054EBC0 /* ImagePickerView.swift */ = {isa = PBXFileReference; lastKnownFileType = sourcecode.swift; path = ImagePickerView.swift; sourceTree = "<group>"; };
		6FF21AE5298479BD0054EBC0 /* LSFootnoteChangerView.swift */ = {isa = PBXFileReference; lastKnownFileType = sourcecode.swift; path = LSFootnoteChangerView.swift; sourceTree = "<group>"; };
		6FF21AE92985F3BC0054EBC0 /* entitlements.plist */ = {isa = PBXFileReference; lastKnownFileType = text.plist.xml; path = entitlements.plist; sourceTree = "<group>"; };
		6FF21AF0298820540054EBC0 /* MobileCoreServices.framework */ = {isa = PBXFileReference; lastKnownFileType = wrapper.framework; name = MobileCoreServices.framework; path = System/Library/Frameworks/MobileCoreServices.framework; sourceTree = SDKROOT; };
		6FF21AF2298821010054EBC0 /* SpringboardColorChangerView.swift */ = {isa = PBXFileReference; lastKnownFileType = sourcecode.swift; path = SpringboardColorChangerView.swift; sourceTree = "<group>"; };
		6FF21AF4298821290054EBC0 /* BadgeChanger.swift */ = {isa = PBXFileReference; lastKnownFileType = sourcecode.swift; path = BadgeChanger.swift; sourceTree = "<group>"; };
		6FF21AFA298826FF0054EBC0 /* MainCardView.swift */ = {isa = PBXFileReference; lastKnownFileType = sourcecode.swift; path = MainCardView.swift; sourceTree = "<group>"; };
		6FF21AFC298827190054EBC0 /* CardView.swift */ = {isa = PBXFileReference; lastKnownFileType = sourcecode.swift; path = CardView.swift; sourceTree = "<group>"; };
		6FF21AFF29882C020054EBC0 /* CoreServices.h */ = {isa = PBXFileReference; lastKnownFileType = sourcecode.c.h; path = CoreServices.h; sourceTree = "<group>"; };
/* End PBXFileReference section */

/* Begin PBXFrameworksBuildPhase section */
		6F721C89296482C6001CFE46 /* Frameworks */ = {
			isa = PBXFrameworksBuildPhase;
			buildActionMask = 2147483647;
			files = (
				6FF21AF8298821410054EBC0 /* Dynamic in Frameworks */,
				6F160E6D2964E3540026D69D /* CoreServices.framework in Frameworks */,
				6FF21AF1298820550054EBC0 /* MobileCoreServices.framework in Frameworks */,
				6FF21ADE29846A180054EBC0 /* ZIPFoundation in Frameworks */,
				6FF21B0229882CB70054EBC0 /* ACarousel in Frameworks */,
				21C08D9F2987CE3700294DE7 /* HCaptcha in Frameworks */,
			);
			runOnlyForDeploymentPostprocessing = 0;
		};
/* End PBXFrameworksBuildPhase section */

/* Begin PBXGroup section */
		2183C9932987D8B400AE187C /* Extensions */ = {
			isa = PBXGroup;
			children = (
				2183C9942987D8C800AE187C /* Alert++.swift */,
				2183C99D2987DA6800AE187C /* AppIcon.swift */,
				2183C9962987D8D800AE187C /* Color++.swift */,
				21ED3C7929884AAD00135B50 /* CornerRadius++.swift */,
				2183C99A2987D8FA00AE187C /* Extensions.swift */,
				2183C9982987D8EA00AE187C /* MachineName.swift */,
			);
			path = Extensions;
			sourceTree = "<group>";
		};
		2183C99C2987D91600AE187C /* Exploit */ = {
			isa = PBXGroup;
			children = (
				6FF21AD62984522B0054EBC0 /* grant_full_disk_access.h */,
				6FF21AD1298450C80054EBC0 /* grant_full_disk_access.m */,
				6FF21AD42984513A0054EBC0 /* helpers.h */,
				6FF21AD32984513A0054EBC0 /* helpers.m */,
				6FA660AB297EF260002471FB /* vm_unaligned_copy_switch_race.c */,
				6F160E6F2965B20B0026D69D /* vm_unaligned_copy_switch_race.h */,
			);
			path = Exploit;
			sourceTree = "<group>";
		};
		2183C99F2987E06400AE187C /* ThemesExplorer */ = {
			isa = PBXGroup;
			children = (
				21C08DA02987CF5300294DE7 /* ThemesExploreView.swift */,
			);
			path = ThemesExplorer;
			sourceTree = "<group>";
		};
		2183C9A22988354300AE187C /* API */ = {
			isa = PBXGroup;
			children = (
				2183C9A52988367B00AE187C /* CowabungaAPI */,
				21C08D982987CC2300294DE7 /* SourcedRepo */,
			);
			path = API;
			sourceTree = "<group>";
		};
		2183C9A32988356900AE187C /* ObjectiveC💀 */ = {
			isa = PBXGroup;
			children = (
				6FF21AFF29882C020054EBC0 /* CoreServices.h */,
				2183C99C2987D91600AE187C /* Exploit */,
			);
			path = "ObjectiveC💀";
			sourceTree = "<group>";
		};
		2183C9A4298835BB00AE187C /* App */ = {
			isa = PBXGroup;
			children = (
				6F6D38F42976FF8B00DE3146 /* AppDelegate.swift */,
				6F721C8F296482C6001CFE46 /* CowabungaApp.swift */,
			);
			path = App;
			sourceTree = "<group>";
		};
		2183C9A52988367B00AE187C /* CowabungaAPI */ = {
			isa = PBXGroup;
			children = (
				2183C9A62988368A00AE187C /* CowabungaAPI.swift */,
			);
			path = CowabungaAPI;
			sourceTree = "<group>";
		};
		21BA5BCA298998870022F814 /* Other */ = {
			isa = PBXGroup;
			children = (
				21BA5BD0298998B70022F814 /* StatusBarOverwriteFiles */,
				6F6D38E9297603F700DE3146 /* RegionEncodes.swift */,
			);
			path = Other;
			sourceTree = "<group>";
		};
		21BA5BD0298998B70022F814 /* StatusBarOverwriteFiles */ = {
			isa = PBXGroup;
			children = (
				21BA5BD1298998B70022F814 /* statusBarOverrides15 */,
				21BA5BD2298998B70022F814 /* statusBarOverrides16 */,
			);
			path = StatusBarOverwriteFiles;
			sourceTree = "<group>";
		};
		21BA5BD5298999620022F814 /* Background */ = {
			isa = PBXGroup;
			children = (
				6F6D38EF2976FE6800DE3146 /* ApplicationMonitor.swift */,
				6F6D38F62977303600DE3146 /* BackgroundFileUpdaterController.swift */,
				6F6D38F02976FE6800DE3146 /* LocationManager.swift */,
			);
			path = Background;
			sourceTree = "<group>";
		};
		21C08D982987CC2300294DE7 /* SourcedRepo */ = {
			isa = PBXGroup;
			children = (
				21C08D992987CC2F00294DE7 /* LoginView.swift */,
				21C08D9B2987CC3500294DE7 /* SourcedRepoFetcher.swift */,
				2183C9912987D52500AE187C /* UIViewWrapperView.swift */,
			);
			path = SourcedRepo;
			sourceTree = "<group>";
		};
		21DC3EBC29892E75007D6F5C /* ButtonStyles */ = {
			isa = PBXGroup;
			children = (
				21DC3EBD29892EA0007D6F5C /* TintedButton14.swift */,
			);
			path = ButtonStyles;
			sourceTree = "<group>";
		};
		21E1556A2989C32A00B59658 /* OverwriteFiles */ = {
			isa = PBXGroup;
			children = (
				21E156282989C38000B59658 /* StatusBar */,
			);
			path = OverwriteFiles;
			sourceTree = "<group>";
		};
		21E1556B2989C32A00B59658 /* iOS 16 */ = {
			isa = PBXGroup;
			children = (
				21E1556C2989C32A00B59658 /* iOS 16 mods list.txt */,
				21E1557F2989C32A00B59658 /* StatBar-HideAll-16 */,
				21E1558C2989C32A00B59658 /* StatBar-HideBatteryIcon-16 */,
				21E155782989C32A00B59658 /* StatBar-HideBatteryTime-16 */,
				21E155862989C32A00B59658 /* StatBar-HideCarrierNameBars-16 */,
				21E155722989C32A00B59658 /* StatBar-HideCarrierNameBarsTime-16 */,
				21E155922989C32A00B59658 /* StatBar-HideCarrierNameBarsTimeBattery-16 */,
				21E155992989C32A00B59658 /* StatBar-HideTime-16 */,
			);
			path = "iOS 16";
			sourceTree = "<group>";
		};
		21E155A22989C32A00B59658 /* iOS 15 */ = {
			isa = PBXGroup;
			children = (
				21E155AA2989C32A00B59658 /* iOS 15 mods list.txt */,
				21D7BA2E298AADFB0055943A /* StatBar-HideAll-15 */,
				21D7BA30298AADFB0055943A /* StatBar-HideBatteryIcon-15 */,
				21D7BA33298AADFB0055943A /* StatBar-HideBatteryTime-15 */,
				21D7BA31298AADFB0055943A /* StatBar-HideCarrierNameBars-15 */,
				21D7BA2D298AADFB0055943A /* StatBar-HideCarrierNameBarsTime-15 */,
				21D7BA32298AADFB0055943A /* StatBar-HideCarrierNameBarsTimeBattery-15 */,
				21D7BA2F298AADFB0055943A /* StatBar-HideTime-15 */,
			);
			path = "iOS 15";
			sourceTree = "<group>";
		};
		21E156282989C38000B59658 /* StatusBar */ = {
			isa = PBXGroup;
			children = (
				21E1556B2989C32A00B59658 /* iOS 16 */,
				21E155A22989C32A00B59658 /* iOS 15 */,
			);
			path = StatusBar;
			sourceTree = "<group>";
		};
		6F247A5A298888B4007BD53A /* PasscodeChangerViews */ = {
			isa = PBXGroup;
			children = (
				6FF21AD7298458690054EBC0 /* PasscodeEditorView.swift */,
				6F247A5B298888CE007BD53A /* SavedPasscodesView.swift */,
			);
			path = PasscodeChangerViews;
			sourceTree = "<group>";
		};
		6F6D38ED2976FE6800DE3146 /* Controllers */ = {
			isa = PBXGroup;
			children = (
				6F6D38E72975EF6000DE3146 /* AudioConverter.swift */,
				6F7C01E0296B2FB200BC427A /* AudioManager.swift */,
				6FF21AC9298416E90054EBC0 /* LockManager.swift */,
				6F7C01D82969B5A700BC427A /* MiscModsManager.swift */,
				21E155682989C2EC00B59658 /* StatusBarVisibilityController.swift */,
				6F160E722965B2810026D69D /* ToolsManager.swift */,
				21BA5BD5298999620022F814 /* Background */,
				6FF21AD9298458830054EBC0 /* Tools */,
			);
			path = Controllers;
			sourceTree = "<group>";
		};
		6F721C83296482C6001CFE46 = {
			isa = PBXGroup;
			children = (
				6F721C8E296482C6001CFE46 /* Cowabunga */,
				6FF21AE92985F3BC0054EBC0 /* entitlements.plist */,
				6FBEDC4F2964E1F10032B1A9 /* Frameworks */,
				21E1556A2989C32A00B59658 /* OverwriteFiles */,
				6F721C8D296482C6001CFE46 /* Products */,
			);
			sourceTree = "<group>";
		};
		6F721C8D296482C6001CFE46 /* Products */ = {
			isa = PBXGroup;
			children = (
				6F721C8C296482C6001CFE46 /* Cowabunga.app */,
			);
			name = Products;
			sourceTree = "<group>";
		};
		6F721C8E296482C6001CFE46 /* Cowabunga */ = {
			isa = PBXGroup;
			children = (
				6F721C9D296487CC001CFE46 /* Cowabunga-Bridging-Header.h */,
				6FBEDC492964E0800032B1A9 /* Info.plist */,
				6F721C93296482C7001CFE46 /* Assets.xcassets */,
				2183C9A22988354300AE187C /* API */,
				2183C9A4298835BB00AE187C /* App */,
				6F6D38ED2976FE6800DE3146 /* Controllers */,
				2183C9932987D8B400AE187C /* Extensions */,
				2183C9A32988356900AE187C /* ObjectiveC💀 */,
				21BA5BCA298998870022F814 /* Other */,
				6F721CAE2964A72D001CFE46 /* Views */,
			);
			path = Cowabunga;
			sourceTree = "<group>";
		};
		6F721CAE2964A72D001CFE46 /* Views */ = {
			isa = PBXGroup;
			children = (
				6FF21ABB298050340054EBC0 /* AudioViews */,
				6FF21AF9298826F00054EBC0 /* CardChangerViews */,
				6FF21ABA298050150054EBC0 /* NavigatorViews */,
				6FF21ADF29846AA60054EBC0 /* OtherViews */,
				6F247A5A298888B4007BD53A /* PasscodeChangerViews */,
				6F7C01D42968E0C500BC427A /* RootView.swift */,
				6FF21AC629840D300054EBC0 /* UniqueToolsViews */,
			);
			path = Views;
			sourceTree = "<group>";
		};
		6FBEDC4F2964E1F10032B1A9 /* Frameworks */ = {
			isa = PBXGroup;
			children = (
				6FF21AF0298820540054EBC0 /* MobileCoreServices.framework */,
				6F160E6C2964E3540026D69D /* CoreServices.framework */,
			);
			name = Frameworks;
			sourceTree = "<group>";
		};
		6FF21ABA298050150054EBC0 /* NavigatorViews */ = {
			isa = PBXGroup;
			children = (
				2183C99F2987E06400AE187C /* ThemesExplorer */,
				6F6D38EB2976DEDA00DE3146 /* HomeView.swift */,
				6F7C01D6296924F500BC427A /* OtherModsView.swift */,
				6F721C91296482C6001CFE46 /* SpringBoardView.swift */,
				6FF21ACF298449F30054EBC0 /* ToolsView.swift */,
			);
			path = NavigatorViews;
			sourceTree = "<group>";
		};
		6FF21ABB298050340054EBC0 /* AudioViews */ = {
			isa = PBXGroup;
			children = (
				6FD9B527296C8CBC00121229 /* AudioChangerView.swift */,
				6FA660A5297B051E002471FB /* AudioOptionsView.swift */,
				6FD9B525296C8AE300121229 /* AudioView.swift */,
			);
			path = AudioViews;
			sourceTree = "<group>";
		};
		6FF21AC629840D300054EBC0 /* UniqueToolsViews */ = {
			isa = PBXGroup;
			children = (
				6FF21AC729840DC40054EBC0 /* LockView.swift */,
				6FF21AE5298479BD0054EBC0 /* LSFootnoteChangerView.swift */,
				6FF21AF2298821010054EBC0 /* SpringboardColorChangerView.swift */,
			);
			path = UniqueToolsViews;
			sourceTree = "<group>";
		};
		6FF21AD9298458830054EBC0 /* Tools */ = {
			isa = PBXGroup;
			children = (
				6FF21ADA298458910054EBC0 /* PasscodeKeyFaceManager.swift */,
				6FF21AF4298821290054EBC0 /* BadgeChanger.swift */,
				6F75AD71298AB723009C0AD6 /* SpringboardColorManager.swift */,
			);
			path = Tools;
			sourceTree = "<group>";
		};
		6FF21ADF29846AA60054EBC0 /* OtherViews */ = {
			isa = PBXGroup;
			children = (
				21DC3EBC29892E75007D6F5C /* ButtonStyles */,
				6FF21AE229846AC30054EBC0 /* ImagePickerView.swift */,
				6FF21AE029846AB20054EBC0 /* MaterialView.swift */,
			);
			path = OtherViews;
			sourceTree = "<group>";
		};
		6FF21AF9298826F00054EBC0 /* CardChangerViews */ = {
			isa = PBXGroup;
			children = (
				6FF21AFC298827190054EBC0 /* CardView.swift */,
				6FF21AFA298826FF0054EBC0 /* MainCardView.swift */,
			);
			path = CardChangerViews;
			sourceTree = "<group>";
		};
/* End PBXGroup section */

/* Begin PBXNativeTarget section */
		6F721C8B296482C6001CFE46 /* Cowabunga */ = {
			isa = PBXNativeTarget;
			buildConfigurationList = 6F721C9A296482C7001CFE46 /* Build configuration list for PBXNativeTarget "Cowabunga" */;
			buildPhases = (
				6F721C88296482C6001CFE46 /* Sources */,
				6F721C89296482C6001CFE46 /* Frameworks */,
				6F721C8A296482C6001CFE46 /* Resources */,
			);
			buildRules = (
			);
			dependencies = (
			);
			name = Cowabunga;
			packageProductDependencies = (
				6FF21ADD29846A180054EBC0 /* ZIPFoundation */,
				21C08D9E2987CE3700294DE7 /* HCaptcha */,
				6FF21AF7298821410054EBC0 /* Dynamic */,
				6FF21B0129882CB70054EBC0 /* ACarousel */,
			);
			productName = DockHider;
			productReference = 6F721C8C296482C6001CFE46 /* Cowabunga.app */;
			productType = "com.apple.product-type.application";
		};
/* End PBXNativeTarget section */

/* Begin PBXProject section */
		6F721C84296482C6001CFE46 /* Project object */ = {
			isa = PBXProject;
			attributes = {
				BuildIndependentTargetsInParallel = 1;
				LastSwiftUpdateCheck = 1420;
				LastUpgradeCheck = 1420;
				TargetAttributes = {
					6F721C8B296482C6001CFE46 = {
						CreatedOnToolsVersion = 14.2;
						LastSwiftMigration = 1420;
					};
				};
			};
			buildConfigurationList = 6F721C87296482C6001CFE46 /* Build configuration list for PBXProject "Cowabunga" */;
			compatibilityVersion = "Xcode 14.0";
			developmentRegion = en;
			hasScannedForEncodings = 0;
			knownRegions = (
				en,
				Base,
			);
			mainGroup = 6F721C83296482C6001CFE46;
			packageReferences = (
				6FF21ADC29846A180054EBC0 /* XCRemoteSwiftPackageReference "ZIPFoundation" */,
				21C08D9D2987CE3700294DE7 /* XCRemoteSwiftPackageReference "HCaptcha-ios-sdk" */,
				6FF21AF6298821410054EBC0 /* XCRemoteSwiftPackageReference "Dynamic" */,
				6FF21B0029882CB70054EBC0 /* XCRemoteSwiftPackageReference "ACarousel" */,
			);
			productRefGroup = 6F721C8D296482C6001CFE46 /* Products */;
			projectDirPath = "";
			projectRoot = "";
			targets = (
				6F721C8B296482C6001CFE46 /* Cowabunga */,
			);
		};
/* End PBXProject section */

/* Begin PBXResourcesBuildPhase section */
		6F721C8A296482C6001CFE46 /* Resources */ = {
			isa = PBXResourcesBuildPhase;
			buildActionMask = 2147483647;
			files = (
				21BA5BD3298998B70022F814 /* statusBarOverrides15 in Resources */,
				21E155F82989C32B00B59658 /* StatBar-HideTime-16 in Resources */,
				21E155F22989C32B00B59658 /* StatBar-HideCarrierNameBarsTimeBattery-16 in Resources */,
				21E156062989C32B00B59658 /* iOS 15 mods list.txt in Resources */,
				21E155E22989C32B00B59658 /* StatBar-HideAll-16 in Resources */,
				21E155ED2989C32B00B59658 /* StatBar-HideBatteryIcon-16 in Resources */,
				21E155D72989C32B00B59658 /* StatBar-HideCarrierNameBarsTime-16 in Resources */,
				6F721C94296482C7001CFE46 /* Assets.xcassets in Resources */,
				21BA5BD4298998B70022F814 /* statusBarOverrides16 in Resources */,
				21E155D22989C32B00B59658 /* iOS 16 mods list.txt in Resources */,
				21E155DC2989C32B00B59658 /* StatBar-HideBatteryTime-16 in Resources */,
				21E155E82989C32B00B59658 /* StatBar-HideCarrierNameBars-16 in Resources */,
			);
			runOnlyForDeploymentPostprocessing = 0;
		};
/* End PBXResourcesBuildPhase section */

/* Begin PBXSourcesBuildPhase section */
		6F721C88296482C6001CFE46 /* Sources */ = {
			isa = PBXSourcesBuildPhase;
			buildActionMask = 2147483647;
			files = (
				2183C99E2987DA6800AE187C /* AppIcon.swift in Sources */,
				6FD9B526296C8AE300121229 /* AudioView.swift in Sources */,
				21C08D9A2987CC2F00294DE7 /* LoginView.swift in Sources */,
				2183C9A72988368A00AE187C /* CowabungaAPI.swift in Sources */,
				6F7C01D7296924F500BC427A /* OtherModsView.swift in Sources */,
				6F6D38EC2976DEDA00DE3146 /* HomeView.swift in Sources */,
				6FF21AF5298821290054EBC0 /* BadgeChanger.swift in Sources */,
				2183C9992987D8EA00AE187C /* MachineName.swift in Sources */,
				2183C9922987D52500AE187C /* UIViewWrapperView.swift in Sources */,
				6F75AD72298AB723009C0AD6 /* SpringboardColorManager.swift in Sources */,
				21E155692989C2EC00B59658 /* StatusBarVisibilityController.swift in Sources */,
				6FF21AF3298821010054EBC0 /* SpringboardColorChangerView.swift in Sources */,
				6FF21AE129846AB20054EBC0 /* MaterialView.swift in Sources */,
				6FA660A6297B051E002471FB /* AudioOptionsView.swift in Sources */,
				6F6D38F32976FE6800DE3146 /* LocationManager.swift in Sources */,
				6FF21AE6298479BD0054EBC0 /* LSFootnoteChangerView.swift in Sources */,
				6FF21AD52984513A0054EBC0 /* helpers.m in Sources */,
				6FA660AC297EF260002471FB /* vm_unaligned_copy_switch_race.c in Sources */,
				6FF21AD2298450C80054EBC0 /* grant_full_disk_access.m in Sources */,
				21C08D9C2987CC3500294DE7 /* SourcedRepoFetcher.swift in Sources */,
				6F247A5C298888CE007BD53A /* SavedPasscodesView.swift in Sources */,
				6F6D38EA297603F700DE3146 /* RegionEncodes.swift in Sources */,
				6F7C01D92969B5A700BC427A /* MiscModsManager.swift in Sources */,
				6FF21AFB298826FF0054EBC0 /* MainCardView.swift in Sources */,
				6F6D38F22976FE6800DE3146 /* ApplicationMonitor.swift in Sources */,
				2183C9952987D8C800AE187C /* Alert++.swift in Sources */,
				6FF21AD0298449F30054EBC0 /* ToolsView.swift in Sources */,
				2183C99B2987D8FA00AE187C /* Extensions.swift in Sources */,
				21C08DA12987CF5300294DE7 /* ThemesExploreView.swift in Sources */,
				2183C9972987D8D800AE187C /* Color++.swift in Sources */,
				6F6D38F52976FF8B00DE3146 /* AppDelegate.swift in Sources */,
				6FF21AFD298827190054EBC0 /* CardView.swift in Sources */,
				6F721C92296482C6001CFE46 /* SpringBoardView.swift in Sources */,
				6FD9B528296C8CBC00121229 /* AudioChangerView.swift in Sources */,
				6FF21ADB298458910054EBC0 /* PasscodeKeyFaceManager.swift in Sources */,
				6F6D38E82975EF6000DE3146 /* AudioConverter.swift in Sources */,
				6F160E732965B2810026D69D /* ToolsManager.swift in Sources */,
				6FF21AC829840DC40054EBC0 /* LockView.swift in Sources */,
				21DC3EBE29892EA0007D6F5C /* TintedButton14.swift in Sources */,
				21ED3C7A29884AAD00135B50 /* CornerRadius++.swift in Sources */,
				6F721C90296482C6001CFE46 /* CowabungaApp.swift in Sources */,
				6FF21ACA298416E90054EBC0 /* LockManager.swift in Sources */,
				6FF21AE329846AC30054EBC0 /* ImagePickerView.swift in Sources */,
				6F7C01D52968E0C500BC427A /* RootView.swift in Sources */,
				6F6D38F72977303600DE3146 /* BackgroundFileUpdaterController.swift in Sources */,
				6F7C01E1296B2FB200BC427A /* AudioManager.swift in Sources */,
				6FF21AD8298458690054EBC0 /* PasscodeEditorView.swift in Sources */,
			);
			runOnlyForDeploymentPostprocessing = 0;
		};
/* End PBXSourcesBuildPhase section */

/* Begin XCBuildConfiguration section */
		6F721C98296482C7001CFE46 /* Debug */ = {
			isa = XCBuildConfiguration;
			buildSettings = {
				ALWAYS_SEARCH_USER_PATHS = NO;
				CLANG_ANALYZER_NONNULL = YES;
				CLANG_ANALYZER_NUMBER_OBJECT_CONVERSION = YES_AGGRESSIVE;
				CLANG_CXX_LANGUAGE_STANDARD = "gnu++20";
				CLANG_ENABLE_MODULES = YES;
				CLANG_ENABLE_OBJC_ARC = YES;
				CLANG_ENABLE_OBJC_WEAK = YES;
				CLANG_WARN_BLOCK_CAPTURE_AUTORELEASING = YES;
				CLANG_WARN_BOOL_CONVERSION = YES;
				CLANG_WARN_COMMA = YES;
				CLANG_WARN_CONSTANT_CONVERSION = YES;
				CLANG_WARN_DEPRECATED_OBJC_IMPLEMENTATIONS = YES;
				CLANG_WARN_DIRECT_OBJC_ISA_USAGE = YES_ERROR;
				CLANG_WARN_DOCUMENTATION_COMMENTS = YES;
				CLANG_WARN_EMPTY_BODY = YES;
				CLANG_WARN_ENUM_CONVERSION = YES;
				CLANG_WARN_INFINITE_RECURSION = YES;
				CLANG_WARN_INT_CONVERSION = YES;
				CLANG_WARN_NON_LITERAL_NULL_CONVERSION = YES;
				CLANG_WARN_OBJC_IMPLICIT_RETAIN_SELF = YES;
				CLANG_WARN_OBJC_LITERAL_CONVERSION = YES;
				CLANG_WARN_OBJC_ROOT_CLASS = YES_ERROR;
				CLANG_WARN_QUOTED_INCLUDE_IN_FRAMEWORK_HEADER = YES;
				CLANG_WARN_RANGE_LOOP_ANALYSIS = YES;
				CLANG_WARN_STRICT_PROTOTYPES = YES;
				CLANG_WARN_SUSPICIOUS_MOVE = YES;
				CLANG_WARN_UNGUARDED_AVAILABILITY = YES_AGGRESSIVE;
				CLANG_WARN_UNREACHABLE_CODE = YES;
				CLANG_WARN__DUPLICATE_METHOD_MATCH = YES;
				COPY_PHASE_STRIP = NO;
				DEBUG_INFORMATION_FORMAT = dwarf;
				DEFINES_MODULE = YES;
				ENABLE_STRICT_OBJC_MSGSEND = YES;
				ENABLE_TESTABILITY = YES;
				GCC_C_LANGUAGE_STANDARD = gnu11;
				GCC_DYNAMIC_NO_PIC = NO;
				GCC_NO_COMMON_BLOCKS = YES;
				GCC_OPTIMIZATION_LEVEL = 0;
				GCC_PREPROCESSOR_DEFINITIONS = (
					"DEBUG=1",
					"$(inherited)",
				);
				GCC_WARN_64_TO_32_BIT_CONVERSION = YES;
				GCC_WARN_ABOUT_RETURN_TYPE = YES_ERROR;
				GCC_WARN_UNDECLARED_SELECTOR = YES;
				GCC_WARN_UNINITIALIZED_AUTOS = YES_AGGRESSIVE;
				GCC_WARN_UNUSED_FUNCTION = YES;
				GCC_WARN_UNUSED_VARIABLE = YES;
				IPHONEOS_DEPLOYMENT_TARGET = 16.2;
				MTL_ENABLE_DEBUG_INFO = INCLUDE_SOURCE;
				MTL_FAST_MATH = YES;
				ONLY_ACTIVE_ARCH = YES;
				SDKROOT = iphoneos;
				SWIFT_ACTIVE_COMPILATION_CONDITIONS = DEBUG;
				SWIFT_OPTIMIZATION_LEVEL = "-Onone";
			};
			name = Debug;
		};
		6F721C99296482C7001CFE46 /* Release */ = {
			isa = XCBuildConfiguration;
			buildSettings = {
				ALWAYS_SEARCH_USER_PATHS = NO;
				CLANG_ANALYZER_NONNULL = YES;
				CLANG_ANALYZER_NUMBER_OBJECT_CONVERSION = YES_AGGRESSIVE;
				CLANG_CXX_LANGUAGE_STANDARD = "gnu++20";
				CLANG_ENABLE_MODULES = YES;
				CLANG_ENABLE_OBJC_ARC = YES;
				CLANG_ENABLE_OBJC_WEAK = YES;
				CLANG_WARN_BLOCK_CAPTURE_AUTORELEASING = YES;
				CLANG_WARN_BOOL_CONVERSION = YES;
				CLANG_WARN_COMMA = YES;
				CLANG_WARN_CONSTANT_CONVERSION = YES;
				CLANG_WARN_DEPRECATED_OBJC_IMPLEMENTATIONS = YES;
				CLANG_WARN_DIRECT_OBJC_ISA_USAGE = YES_ERROR;
				CLANG_WARN_DOCUMENTATION_COMMENTS = YES;
				CLANG_WARN_EMPTY_BODY = YES;
				CLANG_WARN_ENUM_CONVERSION = YES;
				CLANG_WARN_INFINITE_RECURSION = YES;
				CLANG_WARN_INT_CONVERSION = YES;
				CLANG_WARN_NON_LITERAL_NULL_CONVERSION = YES;
				CLANG_WARN_OBJC_IMPLICIT_RETAIN_SELF = YES;
				CLANG_WARN_OBJC_LITERAL_CONVERSION = YES;
				CLANG_WARN_OBJC_ROOT_CLASS = YES_ERROR;
				CLANG_WARN_QUOTED_INCLUDE_IN_FRAMEWORK_HEADER = YES;
				CLANG_WARN_RANGE_LOOP_ANALYSIS = YES;
				CLANG_WARN_STRICT_PROTOTYPES = YES;
				CLANG_WARN_SUSPICIOUS_MOVE = YES;
				CLANG_WARN_UNGUARDED_AVAILABILITY = YES_AGGRESSIVE;
				CLANG_WARN_UNREACHABLE_CODE = YES;
				CLANG_WARN__DUPLICATE_METHOD_MATCH = YES;
				COPY_PHASE_STRIP = NO;
				DEBUG_INFORMATION_FORMAT = "dwarf-with-dsym";
				DEFINES_MODULE = YES;
				ENABLE_NS_ASSERTIONS = NO;
				ENABLE_STRICT_OBJC_MSGSEND = YES;
				GCC_C_LANGUAGE_STANDARD = gnu11;
				GCC_NO_COMMON_BLOCKS = YES;
				GCC_WARN_64_TO_32_BIT_CONVERSION = YES;
				GCC_WARN_ABOUT_RETURN_TYPE = YES_ERROR;
				GCC_WARN_UNDECLARED_SELECTOR = YES;
				GCC_WARN_UNINITIALIZED_AUTOS = YES_AGGRESSIVE;
				GCC_WARN_UNUSED_FUNCTION = YES;
				GCC_WARN_UNUSED_VARIABLE = YES;
				IPHONEOS_DEPLOYMENT_TARGET = 16.2;
				MTL_ENABLE_DEBUG_INFO = NO;
				MTL_FAST_MATH = YES;
				SDKROOT = iphoneos;
				SWIFT_COMPILATION_MODE = wholemodule;
				SWIFT_OPTIMIZATION_LEVEL = "-O";
				VALIDATE_PRODUCT = YES;
			};
			name = Release;
		};
		6F721C9B296482C7001CFE46 /* Debug */ = {
			isa = XCBuildConfiguration;
			buildSettings = {
				ASSETCATALOG_COMPILER_APPICON_NAME = AppIcon;
				ASSETCATALOG_COMPILER_GLOBAL_ACCENT_COLOR_NAME = AccentColor;
				CLANG_ENABLE_MODULES = YES;
				CODE_SIGN_IDENTITY = "Apple Development";
				CODE_SIGN_STYLE = Automatic;
				CURRENT_PROJECT_VERSION = 5;
				DEVELOPMENT_TEAM = 2P4CP47H76;
				ENABLE_PREVIEWS = YES;
				GENERATE_INFOPLIST_FILE = YES;
				INFOPLIST_FILE = Cowabunga/Info.plist;
				INFOPLIST_KEY_CFBundleDisplayName = Cowabunga;
				INFOPLIST_KEY_NSAppleMusicUsageDescription = "Grant permission to the sandbox (needs it for Passcode keys + some other options)";
				INFOPLIST_KEY_NSLocationAlwaysAndWhenInUseUsageDescription = "Cowabunga runs in background to make sure tweaks remain applied. Usually iOS kills such apps after a period of time. But Cowabunga tricks iOS by requesting location data thus allowiing much longer sessions. Data is never stored anywhere, only fetched.";
				INFOPLIST_KEY_NSLocationWhenInUseUsageDescription = "Cowabunga runs in background to make sure tweaks remain applied. Usually iOS kills such apps after a period of time. But Cowabunga tricks iOS by requesting location data thus allowiing much longer sessions. Data is never stored anywhere, only fetched.";
				INFOPLIST_KEY_NSPhotoLibraryUsageDescription = Photos;
				INFOPLIST_KEY_UIApplicationSceneManifest_Generation = YES;
				INFOPLIST_KEY_UIApplicationSupportsIndirectInputEvents = YES;
				INFOPLIST_KEY_UILaunchScreen_Generation = YES;
				INFOPLIST_KEY_UISupportedInterfaceOrientations = UIInterfaceOrientationPortrait;
				INFOPLIST_KEY_UISupportedInterfaceOrientations_iPad = "UIInterfaceOrientationLandscapeLeft UIInterfaceOrientationLandscapeRight UIInterfaceOrientationPortrait UIInterfaceOrientationPortraitUpsideDown";
				IPHONEOS_DEPLOYMENT_TARGET = 14.0;
				LD_RUNPATH_SEARCH_PATHS = (
					"$(inherited)",
					"@executable_path/Frameworks",
				);
				MARKETING_VERSION = 7.1.0;
				OTHER_SWIFT_FLAGS = "-Xfrontend -debug-time-function-bodies";
				PRODUCT_BUNDLE_IDENTIFIER = com.leemin.Cowabunga;
				PRODUCT_NAME = "$(TARGET_NAME)";
				PROVISIONING_PROFILE_SPECIFIER = "";
				SWIFT_EMIT_LOC_STRINGS = YES;
				SWIFT_OBJC_BRIDGING_HEADER = "Cowabunga/Cowabunga-Bridging-Header.h";
				SWIFT_OPTIMIZATION_LEVEL = "-Onone";
				SWIFT_VERSION = 5.0;
				TARGETED_DEVICE_FAMILY = "1,2";
			};
			name = Debug;
		};
		6F721C9C296482C7001CFE46 /* Release */ = {
			isa = XCBuildConfiguration;
			buildSettings = {
				ASSETCATALOG_COMPILER_APPICON_NAME = AppIcon;
				ASSETCATALOG_COMPILER_GLOBAL_ACCENT_COLOR_NAME = AccentColor;
				CLANG_ENABLE_MODULES = YES;
				CODE_SIGN_IDENTITY = "Apple Development";
				CODE_SIGN_STYLE = Automatic;
				CURRENT_PROJECT_VERSION = 5;
				DEVELOPMENT_TEAM = 2P4CP47H76;
				ENABLE_PREVIEWS = YES;
				GENERATE_INFOPLIST_FILE = YES;
				INFOPLIST_FILE = Cowabunga/Info.plist;
				INFOPLIST_KEY_CFBundleDisplayName = Cowabunga;
				INFOPLIST_KEY_NSAppleMusicUsageDescription = "Grant permission to the sandbox (needs it for Passcode keys + some other options)";
				INFOPLIST_KEY_NSLocationAlwaysAndWhenInUseUsageDescription = "Cowabunga runs in background to make sure tweaks remain applied. Usually iOS kills such apps after a period of time. But Cowabunga tricks iOS by requesting location data thus allowiing much longer sessions. Data is never stored anywhere, only fetched.";
				INFOPLIST_KEY_NSLocationWhenInUseUsageDescription = "Cowabunga runs in background to make sure tweaks remain applied. Usually iOS kills such apps after a period of time. But Cowabunga tricks iOS by requesting location data thus allowiing much longer sessions. Data is never stored anywhere, only fetched.";
				INFOPLIST_KEY_NSPhotoLibraryUsageDescription = Photos;
				INFOPLIST_KEY_UIApplicationSceneManifest_Generation = YES;
				INFOPLIST_KEY_UIApplicationSupportsIndirectInputEvents = YES;
				INFOPLIST_KEY_UILaunchScreen_Generation = YES;
				INFOPLIST_KEY_UISupportedInterfaceOrientations = UIInterfaceOrientationPortrait;
				INFOPLIST_KEY_UISupportedInterfaceOrientations_iPad = "UIInterfaceOrientationLandscapeLeft UIInterfaceOrientationLandscapeRight UIInterfaceOrientationPortrait UIInterfaceOrientationPortraitUpsideDown";
				IPHONEOS_DEPLOYMENT_TARGET = 14.0;
				LD_RUNPATH_SEARCH_PATHS = (
					"$(inherited)",
					"@executable_path/Frameworks",
				);
				MARKETING_VERSION = 7.1.0;
				OTHER_SWIFT_FLAGS = "-Xfrontend -debug-time-function-bodies";
				PRODUCT_BUNDLE_IDENTIFIER = com.leemin.Cowabunga;
				PRODUCT_NAME = "$(TARGET_NAME)";
				PROVISIONING_PROFILE_SPECIFIER = "";
				SWIFT_EMIT_LOC_STRINGS = YES;
				SWIFT_OBJC_BRIDGING_HEADER = "Cowabunga/Cowabunga-Bridging-Header.h";
				SWIFT_VERSION = 5.0;
				TARGETED_DEVICE_FAMILY = "1,2";
			};
			name = Release;
		};
/* End XCBuildConfiguration section */

/* Begin XCConfigurationList section */
		6F721C87296482C6001CFE46 /* Build configuration list for PBXProject "Cowabunga" */ = {
			isa = XCConfigurationList;
			buildConfigurations = (
				6F721C98296482C7001CFE46 /* Debug */,
				6F721C99296482C7001CFE46 /* Release */,
			);
			defaultConfigurationIsVisible = 0;
			defaultConfigurationName = Release;
		};
		6F721C9A296482C7001CFE46 /* Build configuration list for PBXNativeTarget "Cowabunga" */ = {
			isa = XCConfigurationList;
			buildConfigurations = (
				6F721C9B296482C7001CFE46 /* Debug */,
				6F721C9C296482C7001CFE46 /* Release */,
			);
			defaultConfigurationIsVisible = 0;
			defaultConfigurationName = Release;
		};
/* End XCConfigurationList section */

/* Begin XCRemoteSwiftPackageReference section */
		21C08D9D2987CE3700294DE7 /* XCRemoteSwiftPackageReference "HCaptcha-ios-sdk" */ = {
			isa = XCRemoteSwiftPackageReference;
			repositoryURL = "https://github.com/hCaptcha/HCaptcha-ios-sdk";
			requirement = {
				kind = upToNextMajorVersion;
				minimumVersion = 2.0.0;
			};
		};
		6FF21ADC29846A180054EBC0 /* XCRemoteSwiftPackageReference "ZIPFoundation" */ = {
			isa = XCRemoteSwiftPackageReference;
			repositoryURL = "https://github.com/weichsel/ZIPFoundation";
			requirement = {
				branch = development;
				kind = branch;
			};
		};
		6FF21AF6298821410054EBC0 /* XCRemoteSwiftPackageReference "Dynamic" */ = {
			isa = XCRemoteSwiftPackageReference;
			repositoryURL = "https://github.com/mhdhejazi/Dynamic";
			requirement = {
				kind = upToNextMajorVersion;
				minimumVersion = 1.0.0;
			};
		};
		6FF21B0029882CB70054EBC0 /* XCRemoteSwiftPackageReference "ACarousel" */ = {
			isa = XCRemoteSwiftPackageReference;
			repositoryURL = "https://github.com/JWAutumn/ACarousel";
			requirement = {
				kind = upToNextMajorVersion;
				minimumVersion = 0.2.0;
			};
		};
/* End XCRemoteSwiftPackageReference section */

/* Begin XCSwiftPackageProductDependency section */
		21C08D9E2987CE3700294DE7 /* HCaptcha */ = {
			isa = XCSwiftPackageProductDependency;
			package = 21C08D9D2987CE3700294DE7 /* XCRemoteSwiftPackageReference "HCaptcha-ios-sdk" */;
			productName = HCaptcha;
		};
		6FF21ADD29846A180054EBC0 /* ZIPFoundation */ = {
			isa = XCSwiftPackageProductDependency;
			package = 6FF21ADC29846A180054EBC0 /* XCRemoteSwiftPackageReference "ZIPFoundation" */;
			productName = ZIPFoundation;
		};
		6FF21AF7298821410054EBC0 /* Dynamic */ = {
			isa = XCSwiftPackageProductDependency;
			package = 6FF21AF6298821410054EBC0 /* XCRemoteSwiftPackageReference "Dynamic" */;
			productName = Dynamic;
		};
		6FF21B0129882CB70054EBC0 /* ACarousel */ = {
			isa = XCSwiftPackageProductDependency;
			package = 6FF21B0029882CB70054EBC0 /* XCRemoteSwiftPackageReference "ACarousel" */;
			productName = ACarousel;
		};
/* End XCSwiftPackageProductDependency section */
	};
	rootObject = 6F721C84296482C6001CFE46 /* Project object */;
}
