// !$*UTF8*$!
{
	archiveVersion = 1;
	classes = {
	};
	objectVersion = 56;
	objects = {

/* Begin PBXBuildFile section */
		216D5FB4298C574100910C67 /* replacement.materialrecipe in Resources */ = {isa = PBXBuildFile; fileRef = 216D5FB3298C574000910C67 /* replacement.materialrecipe */; };
		216D5FB6298C5C0700910C67 /* LocString.swift in Sources */ = {isa = PBXBuildFile; fileRef = 216D5FB5298C5C0700910C67 /* LocString.swift */; };
		2183C9922987D52500AE187C /* UIViewWrapperView.swift in Sources */ = {isa = PBXBuildFile; fileRef = 2183C9912987D52500AE187C /* UIViewWrapperView.swift */; };
		2183C9952987D8C800AE187C /* Alert++.swift in Sources */ = {isa = PBXBuildFile; fileRef = 2183C9942987D8C800AE187C /* Alert++.swift */; };
		2183C9972987D8D800AE187C /* Color++.swift in Sources */ = {isa = PBXBuildFile; fileRef = 2183C9962987D8D800AE187C /* Color++.swift */; };
		2183C9992987D8EA00AE187C /* MachineName.swift in Sources */ = {isa = PBXBuildFile; fileRef = 2183C9982987D8EA00AE187C /* MachineName.swift */; };
		2183C99B2987D8FA00AE187C /* Extensions.swift in Sources */ = {isa = PBXBuildFile; fileRef = 2183C99A2987D8FA00AE187C /* Extensions.swift */; };
		2183C99E2987DA6800AE187C /* AppIcon.swift in Sources */ = {isa = PBXBuildFile; fileRef = 2183C99D2987DA6800AE187C /* AppIcon.swift */; };
		2183C9A72988368A00AE187C /* CowabungaAPI.swift in Sources */ = {isa = PBXBuildFile; fileRef = 2183C9A62988368A00AE187C /* CowabungaAPI.swift */; };
		21AC8BAB298C0736000B7E85 /* CachedAsyncImage in Frameworks */ = {isa = PBXBuildFile; productRef = 21AC8BAA298C0736000B7E85 /* CachedAsyncImage */; };
		21AC8BAD298C07CB000B7E85 /* URLCache+imageCache.swift in Sources */ = {isa = PBXBuildFile; fileRef = 21AC8BAC298C07CB000B7E85 /* URLCache+imageCache.swift */; };
		21BA94C92996E66400AE383D /* CatalogFixupView.swift in Sources */ = {isa = PBXBuildFile; fileRef = 21BA94C82996E66400AE383D /* CatalogFixupView.swift */; };
		21C08D9A2987CC2F00294DE7 /* LoginView.swift in Sources */ = {isa = PBXBuildFile; fileRef = 21C08D992987CC2F00294DE7 /* LoginView.swift */; };
		21C08D9C2987CC3500294DE7 /* SourcedRepoFetcher.swift in Sources */ = {isa = PBXBuildFile; fileRef = 21C08D9B2987CC3500294DE7 /* SourcedRepoFetcher.swift */; };
		21C08DA12987CF5300294DE7 /* ThemesExploreView.swift in Sources */ = {isa = PBXBuildFile; fileRef = 21C08DA02987CF5300294DE7 /* ThemesExploreView.swift */; };
		21CB2B4F29982F3400188303 /* pow.swift in Sources */ = {isa = PBXBuildFile; fileRef = 21CB2B4E29982F3400188303 /* pow.swift */; };
		21CD1051298C8151007EE649 /* Localizable.strings in Resources */ = {isa = PBXBuildFile; fileRef = 21CD1053298C8151007EE649 /* Localizable.strings */; };
		21CD1056298C8177007EE649 /* InfoPlist.strings in Resources */ = {isa = PBXBuildFile; fileRef = 21CD1054298C8177007EE649 /* InfoPlist.strings */; };
		21D76C3F298D380100B3C707 /* ApplicationManager.swift in Sources */ = {isa = PBXBuildFile; fileRef = 21D76C3E298D380100B3C707 /* ApplicationManager.swift */; };
		21D9E45C29A0FCAE0055B08D /* AssetCatalogWrapper in Frameworks */ = {isa = PBXBuildFile; productRef = 21D9E45B29A0FCAE0055B08D /* AssetCatalogWrapper */; };
		21DC3EBE29892EA0007D6F5C /* TintedButton14.swift in Sources */ = {isa = PBXBuildFile; fileRef = 21DC3EBD29892EA0007D6F5C /* TintedButton14.swift */; };
		21E155692989C2EC00B59658 /* StatusBarVisibilityController.swift in Sources */ = {isa = PBXBuildFile; fileRef = 21E155682989C2EC00B59658 /* StatusBarVisibilityController.swift */; };
		21E54B182994063200D5F85A /* ThemeManager.swift in Sources */ = {isa = PBXBuildFile; fileRef = 21CD105C298C8540007EE649 /* ThemeManager.swift */; };
		21E54B222994070200D5F85A /* MacDirtyCowSwift.swift in Sources */ = {isa = PBXBuildFile; fileRef = 21E54B212994070200D5F85A /* MacDirtyCowSwift.swift */; };
		21E54B272994079700D5F85A /* libMacDirtyCowSwift.a in Frameworks */ = {isa = PBXBuildFile; fileRef = 21E54B1F2994070200D5F85A /* libMacDirtyCowSwift.a */; };
		21E54B2B29940A6700D5F85A /* Wrappers.swift in Sources */ = {isa = PBXBuildFile; fileRef = 21E54B2A29940A6700D5F85A /* Wrappers.swift */; };
		21E54B3D299412C300D5F85A /* UIImage+resizeToApprox.swift in Sources */ = {isa = PBXBuildFile; fileRef = 21D76C42298D43AB00B3C707 /* UIImage+resizeToApprox.swift */; };
		21E54B3E2994133F00D5F85A /* CatalogThemeManager.swift in Sources */ = {isa = PBXBuildFile; fileRef = 21CD105D298C8540007EE649 /* CatalogThemeManager.swift */; };
		21E54B41299413B800D5F85A /* Device+xpc_crash.swift in Sources */ = {isa = PBXBuildFile; fileRef = 21E54B40299413B800D5F85A /* Device+xpc_crash.swift */; };
		21ED3C7A29884AAD00135B50 /* CornerRadius++.swift in Sources */ = {isa = PBXBuildFile; fileRef = 21ED3C7929884AAD00135B50 /* CornerRadius++.swift */; };
		6F07AB922998744100076436 /* Haptic++.swift in Sources */ = {isa = PBXBuildFile; fileRef = 6F07AB912998744100076436 /* Haptic++.swift */; };
		6F07AB9C29999DB400076436 /* FilePickerViewControllerDelegate.swift in Sources */ = {isa = PBXBuildFile; fileRef = 6F07AB9B29999DB400076436 /* FilePickerViewControllerDelegate.swift */; };
		6F07ABA7299EB63900076436 /* ChangeAppIconViewModel.swift in Sources */ = {isa = PBXBuildFile; fileRef = 6F07ABA6299EB63900076436 /* ChangeAppIconViewModel.swift */; };
		6F07ABA9299EB67100076436 /* ChangeAppIconView.swift in Sources */ = {isa = PBXBuildFile; fileRef = 6F07ABA8299EB67100076436 /* ChangeAppIconView.swift */; };
		6F07ABB2299F144000076436 /* MainFontsView.swift in Sources */ = {isa = PBXBuildFile; fileRef = 6F07ABB1299F144000076436 /* MainFontsView.swift */; };
		6F07ABB4299F14E800076436 /* AudioOptionsView.swift in Sources */ = {isa = PBXBuildFile; fileRef = 6F07ABB3299F14E800076436 /* AudioOptionsView.swift */; };
		6F0E754E29ACF85A002E7516 /* Zip in Frameworks */ = {isa = PBXBuildFile; productRef = 6F0E754D29ACF85A002E7516 /* Zip */; };
		6F0E755129AD32CB002E7516 /* FSPConverter.swift in Sources */ = {isa = PBXBuildFile; fileRef = 6F0E755029AD32CB002E7516 /* FSPConverter.swift */; };
		6F160E6D2964E3540026D69D /* CoreServices.framework in Frameworks */ = {isa = PBXBuildFile; fileRef = 6F160E6C2964E3540026D69D /* CoreServices.framework */; };
		6F160E732965B2810026D69D /* ToolsManager.swift in Sources */ = {isa = PBXBuildFile; fileRef = 6F160E722965B2810026D69D /* ToolsManager.swift */; };
		6F247A5C298888CE007BD53A /* SavedPasscodesView.swift in Sources */ = {isa = PBXBuildFile; fileRef = 6F247A5B298888CE007BD53A /* SavedPasscodesView.swift */; };
		6F2481BC29BE963500F2DAA2 /* platters.materialrecipe in Resources */ = {isa = PBXBuildFile; fileRef = 6F2481AA29BE963500F2DAA2 /* platters.materialrecipe */; };
		6F2481BD29BE963500F2DAA2 /* plattersDark.materialrecipe in Resources */ = {isa = PBXBuildFile; fileRef = 6F2481AB29BE963500F2DAA2 /* plattersDark.materialrecipe */; };
		6F2481BE29BE963500F2DAA2 /* podBackgroundViewLight.visualstyleset in Resources */ = {isa = PBXBuildFile; fileRef = 6F2481AD29BE963500F2DAA2 /* podBackgroundViewLight.visualstyleset */; };
		6F2481BF29BE963500F2DAA2 /* podBackgroundViewDark.visualstyleset in Resources */ = {isa = PBXBuildFile; fileRef = 6F2481AE29BE963500F2DAA2 /* podBackgroundViewDark.visualstyleset */; };
		6F2481C029BE963500F2DAA2 /* modules.materialrecipe in Resources */ = {isa = PBXBuildFile; fileRef = 6F2481B029BE963500F2DAA2 /* modules.materialrecipe */; };
		6F2481C129BE963500F2DAA2 /* folderLight.materialrecipe in Resources */ = {isa = PBXBuildFile; fileRef = 6F2481B229BE963500F2DAA2 /* folderLight.materialrecipe */; };
		6F2481C229BE963500F2DAA2 /* folderDark.materialrecipe in Resources */ = {isa = PBXBuildFile; fileRef = 6F2481B329BE963500F2DAA2 /* folderDark.materialrecipe */; };
		6F2481C329BE963500F2DAA2 /* folderExpandedBackgroundHome.materialrecipe in Resources */ = {isa = PBXBuildFile; fileRef = 6F2481B529BE963500F2DAA2 /* folderExpandedBackgroundHome.materialrecipe */; };
		6F2481C429BE963500F2DAA2 /* homeScreenOverlay-iPad.materialrecipe in Resources */ = {isa = PBXBuildFile; fileRef = 6F2481B629BE963500F2DAA2 /* homeScreenOverlay-iPad.materialrecipe */; };
		6F2481C529BE963500F2DAA2 /* homeScreenOverlay.materialrecipe in Resources */ = {isa = PBXBuildFile; fileRef = 6F2481B729BE963500F2DAA2 /* homeScreenOverlay.materialrecipe */; };
		6F2481C629BE963500F2DAA2 /* HomeBarAssets.car in Resources */ = {isa = PBXBuildFile; fileRef = 6F2481B829BE963500F2DAA2 /* HomeBarAssets.car */; };
		6F2481C729BE963500F2DAA2 /* dockDark.materialrecipe in Resources */ = {isa = PBXBuildFile; fileRef = 6F2481BA29BE963500F2DAA2 /* dockDark.materialrecipe */; };
		6F2481C829BE963500F2DAA2 /* dockLight.materialrecipe in Resources */ = {isa = PBXBuildFile; fileRef = 6F2481BB29BE963500F2DAA2 /* dockLight.materialrecipe */; };
		6F369562298C86D80011ADB8 /* ThemesView.swift in Sources */ = {isa = PBXBuildFile; fileRef = 6F369561298C86D80011ADB8 /* ThemesView.swift */; };
		6F369564298C86FC0011ADB8 /* IconOverridesView.swift in Sources */ = {isa = PBXBuildFile; fileRef = 6F369563298C86FC0011ADB8 /* IconOverridesView.swift */; };
		6F369566298C870F0011ADB8 /* AltIconSelectionView.swift in Sources */ = {isa = PBXBuildFile; fileRef = 6F369565298C870F0011ADB8 /* AltIconSelectionView.swift */; };
		6F369568298C874D0011ADB8 /* ThemeView.swift in Sources */ = {isa = PBXBuildFile; fileRef = 6F369567298C874D0011ADB8 /* ThemeView.swift */; };
		6F429676298DE8D700A96108 /* StatusBarView.swift in Sources */ = {isa = PBXBuildFile; fileRef = 6F429675298DE8D700A96108 /* StatusBarView.swift */; };
		6F4296AB2991E8E400A96108 /* StatusSetter16_1.m in Sources */ = {isa = PBXBuildFile; fileRef = 6F4296A02991E8E400A96108 /* StatusSetter16_1.m */; };
		6F4296AC2991E8E400A96108 /* StatusManager.m in Sources */ = {isa = PBXBuildFile; fileRef = 6F4296A52991E8E400A96108 /* StatusManager.m */; };
		6F4296AD2991E8E400A96108 /* StatusSetter14.m in Sources */ = {isa = PBXBuildFile; fileRef = 6F4296A82991E8E400A96108 /* StatusSetter14.m */; };
		6F4296AE2991E8E400A96108 /* StatusSetter16.m in Sources */ = {isa = PBXBuildFile; fileRef = 6F4296A92991E8E400A96108 /* StatusSetter16.m */; };
		6F4296AF2991E8E400A96108 /* StatusSetter15.m in Sources */ = {isa = PBXBuildFile; fileRef = 6F4296AA2991E8E400A96108 /* StatusSetter15.m */; };
		6F4296B12991E92B00A96108 /* SettingsView.swift in Sources */ = {isa = PBXBuildFile; fileRef = 6F4296B02991E92B00A96108 /* SettingsView.swift */; };
		6F4296B32992CC4F00A96108 /* AdvancedView.swift in Sources */ = {isa = PBXBuildFile; fileRef = 6F4296B22992CC4F00A96108 /* AdvancedView.swift */; };
		6F4296B52992CCB500A96108 /* AdvancedManager.swift in Sources */ = {isa = PBXBuildFile; fileRef = 6F4296B42992CCB500A96108 /* AdvancedManager.swift */; };
		6F4296B82992CDDE00A96108 /* AdvancedObject.swift in Sources */ = {isa = PBXBuildFile; fileRef = 6F4296B72992CDDE00A96108 /* AdvancedObject.swift */; };
		6F4296BE299407EB00A96108 /* EditingOperationView.swift in Sources */ = {isa = PBXBuildFile; fileRef = 6F4296BD299407EB00A96108 /* EditingOperationView.swift */; };
		6F6D38E82975EF6000DE3146 /* AudioConverter.swift in Sources */ = {isa = PBXBuildFile; fileRef = 6F6D38E72975EF6000DE3146 /* AudioConverter.swift */; };
		6F6D38EA297603F700DE3146 /* RegionEncodes.swift in Sources */ = {isa = PBXBuildFile; fileRef = 6F6D38E9297603F700DE3146 /* RegionEncodes.swift */; };
		6F6D38EC2976DEDA00DE3146 /* HomeView.swift in Sources */ = {isa = PBXBuildFile; fileRef = 6F6D38EB2976DEDA00DE3146 /* HomeView.swift */; };
		6F6D38F22976FE6800DE3146 /* ApplicationMonitor.swift in Sources */ = {isa = PBXBuildFile; fileRef = 6F6D38EF2976FE6800DE3146 /* ApplicationMonitor.swift */; };
		6F6D38F32976FE6800DE3146 /* LocationManager.swift in Sources */ = {isa = PBXBuildFile; fileRef = 6F6D38F02976FE6800DE3146 /* LocationManager.swift */; };
		6F6D38F52976FF8B00DE3146 /* AppDelegate.swift in Sources */ = {isa = PBXBuildFile; fileRef = 6F6D38F42976FF8B00DE3146 /* AppDelegate.swift */; };
		6F6D38F72977303600DE3146 /* BackgroundFileUpdaterController.swift in Sources */ = {isa = PBXBuildFile; fileRef = 6F6D38F62977303600DE3146 /* BackgroundFileUpdaterController.swift */; };
		6F721C90296482C6001CFE46 /* CowabungaApp.swift in Sources */ = {isa = PBXBuildFile; fileRef = 6F721C8F296482C6001CFE46 /* CowabungaApp.swift */; };
		6F721C92296482C6001CFE46 /* SpringBoardView.swift in Sources */ = {isa = PBXBuildFile; fileRef = 6F721C91296482C6001CFE46 /* SpringBoardView.swift */; };
		6F721C94296482C7001CFE46 /* Assets.xcassets in Resources */ = {isa = PBXBuildFile; fileRef = 6F721C93296482C7001CFE46 /* Assets.xcassets */; };
		6F75AD72298AB723009C0AD6 /* SpringboardColorManager.swift in Sources */ = {isa = PBXBuildFile; fileRef = 6F75AD71298AB723009C0AD6 /* SpringboardColorManager.swift */; };
		6F7C01D52968E0C500BC427A /* RootView.swift in Sources */ = {isa = PBXBuildFile; fileRef = 6F7C01D42968E0C500BC427A /* RootView.swift */; };
		6F7C01D7296924F500BC427A /* OtherModsView.swift in Sources */ = {isa = PBXBuildFile; fileRef = 6F7C01D6296924F500BC427A /* OtherModsView.swift */; };
		6F7C01D92969B5A700BC427A /* MiscModsManager.swift in Sources */ = {isa = PBXBuildFile; fileRef = 6F7C01D82969B5A700BC427A /* MiscModsManager.swift */; };
		6F7C01E1296B2FB200BC427A /* AudioManager.swift in Sources */ = {isa = PBXBuildFile; fileRef = 6F7C01E0296B2FB200BC427A /* AudioManager.swift */; };
		6FA660AC297EF260002471FB /* vm_unaligned_copy_switch_race.c in Sources */ = {isa = PBXBuildFile; fileRef = 6FA660AB297EF260002471FB /* vm_unaligned_copy_switch_race.c */; };
		6FB4F5EC29A6D14300BAA7B6 /* CCModifierView.swift in Sources */ = {isa = PBXBuildFile; fileRef = 6FB4F5EB29A6D14300BAA7B6 /* CCModifierView.swift */; };
		6FB4F5F429A6F95800BAA7B6 /* OverwriteFontImpl.swift in Sources */ = {isa = PBXBuildFile; fileRef = 6FB4F5F329A6F95800BAA7B6 /* OverwriteFontImpl.swift */; };
		6FB4F5F629A6FB2000BAA7B6 /* FontManager.swift in Sources */ = {isa = PBXBuildFile; fileRef = 6FB4F5F529A6FB2000BAA7B6 /* FontManager.swift */; };
		6FB4F5F829A6FD9600BAA7B6 /* EditingFontView.swift in Sources */ = {isa = PBXBuildFile; fileRef = 6FB4F5F729A6FD9600BAA7B6 /* EditingFontView.swift */; };
		6FB4F5FA29A8453200BAA7B6 /* ImportingFontsView.swift in Sources */ = {isa = PBXBuildFile; fileRef = 6FB4F5F929A8453200BAA7B6 /* ImportingFontsView.swift */; };
		6FB4F5FC29A9209300BAA7B6 /* BackgroundEnablerView.swift in Sources */ = {isa = PBXBuildFile; fileRef = 6FB4F5FB29A9209300BAA7B6 /* BackgroundEnablerView.swift */; };
		6FB4F5FE29A9986100BAA7B6 /* PatreonAPI.swift in Sources */ = {isa = PBXBuildFile; fileRef = 6FB4F5FD29A9986100BAA7B6 /* PatreonAPI.swift */; };
		6FBACD562996BDC200302F94 /* PlistEditView.swift in Sources */ = {isa = PBXBuildFile; fileRef = 6FBACD552996BDC200302F94 /* PlistEditView.swift */; };
		6FD9B526296C8AE300121229 /* AudioView.swift in Sources */ = {isa = PBXBuildFile; fileRef = 6FD9B525296C8AE300121229 /* AudioView.swift */; };
		6FD9B528296C8CBC00121229 /* AudioChangerView.swift in Sources */ = {isa = PBXBuildFile; fileRef = 6FD9B527296C8CBC00121229 /* AudioChangerView.swift */; };
		6FF21AC829840DC40054EBC0 /* LockView.swift in Sources */ = {isa = PBXBuildFile; fileRef = 6FF21AC729840DC40054EBC0 /* LockView.swift */; };
		6FF21ACA298416E90054EBC0 /* LockManager.swift in Sources */ = {isa = PBXBuildFile; fileRef = 6FF21AC9298416E90054EBC0 /* LockManager.swift */; };
		6FF21AD0298449F30054EBC0 /* ToolsView.swift in Sources */ = {isa = PBXBuildFile; fileRef = 6FF21ACF298449F30054EBC0 /* ToolsView.swift */; };
		6FF21AD2298450C80054EBC0 /* grant_full_disk_access.m in Sources */ = {isa = PBXBuildFile; fileRef = 6FF21AD1298450C80054EBC0 /* grant_full_disk_access.m */; };
		6FF21AD52984513A0054EBC0 /* helpers.m in Sources */ = {isa = PBXBuildFile; fileRef = 6FF21AD32984513A0054EBC0 /* helpers.m */; };
		6FF21AD8298458690054EBC0 /* PasscodeEditorView.swift in Sources */ = {isa = PBXBuildFile; fileRef = 6FF21AD7298458690054EBC0 /* PasscodeEditorView.swift */; };
		6FF21ADB298458910054EBC0 /* PasscodeKeyFaceManager.swift in Sources */ = {isa = PBXBuildFile; fileRef = 6FF21ADA298458910054EBC0 /* PasscodeKeyFaceManager.swift */; };
		6FF21ADE29846A180054EBC0 /* ZIPFoundation in Frameworks */ = {isa = PBXBuildFile; productRef = 6FF21ADD29846A180054EBC0 /* ZIPFoundation */; };
		6FF21AE129846AB20054EBC0 /* MaterialView.swift in Sources */ = {isa = PBXBuildFile; fileRef = 6FF21AE029846AB20054EBC0 /* MaterialView.swift */; };
		6FF21AE329846AC30054EBC0 /* ImagePickerView.swift in Sources */ = {isa = PBXBuildFile; fileRef = 6FF21AE229846AC30054EBC0 /* ImagePickerView.swift */; };
		6FF21AE6298479BD0054EBC0 /* LSFootnoteChangerView.swift in Sources */ = {isa = PBXBuildFile; fileRef = 6FF21AE5298479BD0054EBC0 /* LSFootnoteChangerView.swift */; };
		6FF21AF1298820550054EBC0 /* MobileCoreServices.framework in Frameworks */ = {isa = PBXBuildFile; fileRef = 6FF21AF0298820540054EBC0 /* MobileCoreServices.framework */; };
		6FF21AF3298821010054EBC0 /* SpringboardColorChangerView.swift in Sources */ = {isa = PBXBuildFile; fileRef = 6FF21AF2298821010054EBC0 /* SpringboardColorChangerView.swift */; };
		6FF21AF5298821290054EBC0 /* BadgeChanger.swift in Sources */ = {isa = PBXBuildFile; fileRef = 6FF21AF4298821290054EBC0 /* BadgeChanger.swift */; };
		6FF21AF8298821410054EBC0 /* Dynamic in Frameworks */ = {isa = PBXBuildFile; productRef = 6FF21AF7298821410054EBC0 /* Dynamic */; };
		6FF21AFB298826FF0054EBC0 /* MainCardView.swift in Sources */ = {isa = PBXBuildFile; fileRef = 6FF21AFA298826FF0054EBC0 /* MainCardView.swift */; };
		6FF21AFD298827190054EBC0 /* CardView.swift in Sources */ = {isa = PBXBuildFile; fileRef = 6FF21AFC298827190054EBC0 /* CardView.swift */; };
		6FF21B0229882CB70054EBC0 /* ACarousel in Frameworks */ = {isa = PBXBuildFile; productRef = 6FF21B0129882CB70054EBC0 /* ACarousel */; };
		D60A489729995D830013F066 /* WhitelistView.swift in Sources */ = {isa = PBXBuildFile; fileRef = D60A489629995D830013F066 /* WhitelistView.swift */; };
		D60A489929995DAD0013F066 /* FileContentsView.swift in Sources */ = {isa = PBXBuildFile; fileRef = D60A489829995DAD0013F066 /* FileContentsView.swift */; };
		D60A489C29995DDC0013F066 /* WhitelistFunctions.swift in Sources */ = {isa = PBXBuildFile; fileRef = D60A489B29995DDC0013F066 /* WhitelistFunctions.swift */; };
/* End PBXBuildFile section */

/* Begin PBXCopyFilesBuildPhase section */
		21E54B1D2994070200D5F85A /* CopyFiles */ = {
			isa = PBXCopyFilesBuildPhase;
			buildActionMask = 2147483647;
			dstPath = "include/$(PRODUCT_NAME)";
			dstSubfolderSpec = 16;
			files = (
			);
			runOnlyForDeploymentPostprocessing = 0;
		};
		21E54B3C2994126D00D5F85A /* Embed Frameworks */ = {
			isa = PBXCopyFilesBuildPhase;
			buildActionMask = 2147483647;
			dstPath = "";
			dstSubfolderSpec = 10;
			files = (
			);
			name = "Embed Frameworks";
			runOnlyForDeploymentPostprocessing = 0;
		};
/* End PBXCopyFilesBuildPhase section */

/* Begin PBXFileReference section */
		214C5E30298E8FD600AC9F0B /* CoreServices.tbd */ = {isa = PBXFileReference; lastKnownFileType = "sourcecode.text-based-dylib-definition"; name = CoreServices.tbd; path = ../../../Documents/iPhoneOS15.5.sdk/Frameworks/CoreServices.framework/CoreServices.tbd; sourceTree = "<group>"; };
		216D5FB3298C574000910C67 /* replacement.materialrecipe */ = {isa = PBXFileReference; lastKnownFileType = file.bplist; path = replacement.materialrecipe; sourceTree = "<group>"; };
		216D5FB5298C5C0700910C67 /* LocString.swift */ = {isa = PBXFileReference; lastKnownFileType = sourcecode.swift; path = LocString.swift; sourceTree = "<group>"; };
		2183C9912987D52500AE187C /* UIViewWrapperView.swift */ = {isa = PBXFileReference; lastKnownFileType = sourcecode.swift; path = UIViewWrapperView.swift; sourceTree = "<group>"; };
		2183C9942987D8C800AE187C /* Alert++.swift */ = {isa = PBXFileReference; lastKnownFileType = sourcecode.swift; path = "Alert++.swift"; sourceTree = "<group>"; };
		2183C9962987D8D800AE187C /* Color++.swift */ = {isa = PBXFileReference; lastKnownFileType = sourcecode.swift; path = "Color++.swift"; sourceTree = "<group>"; };
		2183C9982987D8EA00AE187C /* MachineName.swift */ = {isa = PBXFileReference; lastKnownFileType = sourcecode.swift; path = MachineName.swift; sourceTree = "<group>"; };
		2183C99A2987D8FA00AE187C /* Extensions.swift */ = {isa = PBXFileReference; lastKnownFileType = sourcecode.swift; path = Extensions.swift; sourceTree = "<group>"; };
		2183C99D2987DA6800AE187C /* AppIcon.swift */ = {isa = PBXFileReference; lastKnownFileType = sourcecode.swift; path = AppIcon.swift; sourceTree = "<group>"; };
		2183C9A62988368A00AE187C /* CowabungaAPI.swift */ = {isa = PBXFileReference; lastKnownFileType = sourcecode.swift; path = CowabungaAPI.swift; sourceTree = "<group>"; };
		21AC8BAC298C07CB000B7E85 /* URLCache+imageCache.swift */ = {isa = PBXFileReference; lastKnownFileType = sourcecode.swift; path = "URLCache+imageCache.swift"; sourceTree = "<group>"; };
		21BA94C82996E66400AE383D /* CatalogFixupView.swift */ = {isa = PBXFileReference; lastKnownFileType = sourcecode.swift; path = CatalogFixupView.swift; sourceTree = "<group>"; };
		21C08D992987CC2F00294DE7 /* LoginView.swift */ = {isa = PBXFileReference; fileEncoding = 4; lastKnownFileType = sourcecode.swift; path = LoginView.swift; sourceTree = "<group>"; };
		21C08D9B2987CC3500294DE7 /* SourcedRepoFetcher.swift */ = {isa = PBXFileReference; fileEncoding = 4; lastKnownFileType = sourcecode.swift; path = SourcedRepoFetcher.swift; sourceTree = "<group>"; };
		21C08DA02987CF5300294DE7 /* ThemesExploreView.swift */ = {isa = PBXFileReference; lastKnownFileType = sourcecode.swift; path = ThemesExploreView.swift; sourceTree = "<group>"; };
		21CB2B4E29982F3400188303 /* pow.swift */ = {isa = PBXFileReference; lastKnownFileType = sourcecode.swift; path = pow.swift; sourceTree = "<group>"; };
		21CD1052298C8151007EE649 /* en */ = {isa = PBXFileReference; lastKnownFileType = text.plist.strings; name = en; path = en.lproj/Localizable.strings; sourceTree = "<group>"; };
		21CD1055298C8177007EE649 /* ru */ = {isa = PBXFileReference; lastKnownFileType = text.plist.strings; name = ru; path = ru.lproj/InfoPlist.strings; sourceTree = "<group>"; };
		21CD1057298C8177007EE649 /* ru */ = {isa = PBXFileReference; lastKnownFileType = text.plist.strings; name = ru; path = ru.lproj/Localizable.strings; sourceTree = "<group>"; };
		21CD1058298C8184007EE649 /* en */ = {isa = PBXFileReference; lastKnownFileType = text.plist.strings; name = en; path = en.lproj/InfoPlist.strings; sourceTree = "<group>"; };
		21CD105C298C8540007EE649 /* ThemeManager.swift */ = {isa = PBXFileReference; fileEncoding = 4; lastKnownFileType = sourcecode.swift; path = ThemeManager.swift; sourceTree = "<group>"; };
		21CD105D298C8540007EE649 /* CatalogThemeManager.swift */ = {isa = PBXFileReference; fileEncoding = 4; lastKnownFileType = sourcecode.swift; path = CatalogThemeManager.swift; sourceTree = "<group>"; };
		21D76C3E298D380100B3C707 /* ApplicationManager.swift */ = {isa = PBXFileReference; lastKnownFileType = sourcecode.swift; path = ApplicationManager.swift; sourceTree = "<group>"; };
		21D76C42298D43AB00B3C707 /* UIImage+resizeToApprox.swift */ = {isa = PBXFileReference; lastKnownFileType = sourcecode.swift; path = "UIImage+resizeToApprox.swift"; sourceTree = "<group>"; };
		21DC3EBD29892EA0007D6F5C /* TintedButton14.swift */ = {isa = PBXFileReference; lastKnownFileType = sourcecode.swift; path = TintedButton14.swift; sourceTree = "<group>"; };
		21E155682989C2EC00B59658 /* StatusBarVisibilityController.swift */ = {isa = PBXFileReference; fileEncoding = 4; lastKnownFileType = sourcecode.swift; path = StatusBarVisibilityController.swift; sourceTree = "<group>"; };
		21E54B1F2994070200D5F85A /* libMacDirtyCowSwift.a */ = {isa = PBXFileReference; explicitFileType = archive.ar; includeInIndex = 0; path = libMacDirtyCowSwift.a; sourceTree = BUILT_PRODUCTS_DIR; };
		21E54B212994070200D5F85A /* MacDirtyCowSwift.swift */ = {isa = PBXFileReference; lastKnownFileType = sourcecode.swift; path = MacDirtyCowSwift.swift; sourceTree = "<group>"; };
		21E54B282994083C00D5F85A /* MacDirtyCowSwift-Bridging-Header.h */ = {isa = PBXFileReference; lastKnownFileType = sourcecode.c.h; path = "MacDirtyCowSwift-Bridging-Header.h"; sourceTree = "<group>"; };
		21E54B2A29940A6700D5F85A /* Wrappers.swift */ = {isa = PBXFileReference; lastKnownFileType = sourcecode.swift; path = Wrappers.swift; sourceTree = "<group>"; };
		21E54B40299413B800D5F85A /* Device+xpc_crash.swift */ = {isa = PBXFileReference; lastKnownFileType = sourcecode.swift; path = "Device+xpc_crash.swift"; sourceTree = "<group>"; };
		21ED3C7929884AAD00135B50 /* CornerRadius++.swift */ = {isa = PBXFileReference; lastKnownFileType = sourcecode.swift; path = "CornerRadius++.swift"; sourceTree = "<group>"; };
		6F07AB912998744100076436 /* Haptic++.swift */ = {isa = PBXFileReference; lastKnownFileType = sourcecode.swift; path = "Haptic++.swift"; sourceTree = "<group>"; };
		6F07AB99299996F100076436 /* ar */ = {isa = PBXFileReference; lastKnownFileType = text.plist.strings; name = ar; path = ar.lproj/InfoPlist.strings; sourceTree = "<group>"; };
		6F07AB9A299996F100076436 /* ar */ = {isa = PBXFileReference; lastKnownFileType = text.plist.strings; name = ar; path = ar.lproj/Localizable.strings; sourceTree = "<group>"; };
		6F07AB9B29999DB400076436 /* FilePickerViewControllerDelegate.swift */ = {isa = PBXFileReference; lastKnownFileType = sourcecode.swift; path = FilePickerViewControllerDelegate.swift; sourceTree = "<group>"; };
		6F07AB9D299BCC6B00076436 /* zh-TW */ = {isa = PBXFileReference; lastKnownFileType = text.plist.strings; name = "zh-TW"; path = "zh-TW.lproj/InfoPlist.strings"; sourceTree = "<group>"; };
		6F07AB9E299BCC6B00076436 /* zh-TW */ = {isa = PBXFileReference; lastKnownFileType = text.plist.strings; name = "zh-TW"; path = "zh-TW.lproj/Localizable.strings"; sourceTree = "<group>"; };
		6F07ABA3299DC22000076436 /* es */ = {isa = PBXFileReference; lastKnownFileType = text.plist.strings; name = es; path = es.lproj/InfoPlist.strings; sourceTree = "<group>"; };
		6F07ABA4299DC22000076436 /* es */ = {isa = PBXFileReference; lastKnownFileType = text.plist.strings; name = es; path = es.lproj/Localizable.strings; sourceTree = "<group>"; };
		6F07ABA6299EB63900076436 /* ChangeAppIconViewModel.swift */ = {isa = PBXFileReference; lastKnownFileType = sourcecode.swift; path = ChangeAppIconViewModel.swift; sourceTree = "<group>"; };
		6F07ABA8299EB67100076436 /* ChangeAppIconView.swift */ = {isa = PBXFileReference; lastKnownFileType = sourcecode.swift; path = ChangeAppIconView.swift; sourceTree = "<group>"; };
		6F07ABB1299F144000076436 /* MainFontsView.swift */ = {isa = PBXFileReference; lastKnownFileType = sourcecode.swift; path = MainFontsView.swift; sourceTree = "<group>"; };
		6F07ABB3299F14E800076436 /* AudioOptionsView.swift */ = {isa = PBXFileReference; fileEncoding = 4; lastKnownFileType = sourcecode.swift; path = AudioOptionsView.swift; sourceTree = "<group>"; };
		6F0E755029AD32CB002E7516 /* FSPConverter.swift */ = {isa = PBXFileReference; lastKnownFileType = sourcecode.swift; path = FSPConverter.swift; sourceTree = "<group>"; };
		6F15D92C29A5ACC4008991F1 /* sv */ = {isa = PBXFileReference; lastKnownFileType = text.plist.strings; name = sv; path = sv.lproj/InfoPlist.strings; sourceTree = "<group>"; };
		6F15D92D29A5ACC4008991F1 /* sv */ = {isa = PBXFileReference; lastKnownFileType = text.plist.strings; name = sv; path = sv.lproj/Localizable.strings; sourceTree = "<group>"; };
		6F160E6C2964E3540026D69D /* CoreServices.framework */ = {isa = PBXFileReference; lastKnownFileType = wrapper.framework; name = CoreServices.framework; path = System/Library/Frameworks/CoreServices.framework; sourceTree = SDKROOT; };
		6F160E6F2965B20B0026D69D /* vm_unaligned_copy_switch_race.h */ = {isa = PBXFileReference; lastKnownFileType = sourcecode.c.h; path = vm_unaligned_copy_switch_race.h; sourceTree = "<group>"; };
		6F160E722965B2810026D69D /* ToolsManager.swift */ = {isa = PBXFileReference; lastKnownFileType = sourcecode.swift; path = ToolsManager.swift; sourceTree = "<group>"; };
		6F247A5B298888CE007BD53A /* SavedPasscodesView.swift */ = {isa = PBXFileReference; lastKnownFileType = sourcecode.swift; path = SavedPasscodesView.swift; sourceTree = "<group>"; };
		6F24805829AE854B00F2DAA2 /* ISIconCacheServiceProtocol-Protocol.h */ = {isa = PBXFileReference; lastKnownFileType = sourcecode.c.h; path = "ISIconCacheServiceProtocol-Protocol.h"; sourceTree = "<group>"; };
		6F2481AA29BE963500F2DAA2 /* platters.materialrecipe */ = {isa = PBXFileReference; lastKnownFileType = file.bplist; path = platters.materialrecipe; sourceTree = "<group>"; };
		6F2481AB29BE963500F2DAA2 /* plattersDark.materialrecipe */ = {isa = PBXFileReference; lastKnownFileType = file.bplist; path = plattersDark.materialrecipe; sourceTree = "<group>"; };
		6F2481AD29BE963500F2DAA2 /* podBackgroundViewLight.visualstyleset */ = {isa = PBXFileReference; fileEncoding = 4; lastKnownFileType = text.xml; path = podBackgroundViewLight.visualstyleset; sourceTree = "<group>"; };
		6F2481AE29BE963500F2DAA2 /* podBackgroundViewDark.visualstyleset */ = {isa = PBXFileReference; fileEncoding = 4; lastKnownFileType = text.xml; path = podBackgroundViewDark.visualstyleset; sourceTree = "<group>"; };
		6F2481B029BE963500F2DAA2 /* modules.materialrecipe */ = {isa = PBXFileReference; lastKnownFileType = file.bplist; path = modules.materialrecipe; sourceTree = "<group>"; };
		6F2481B229BE963500F2DAA2 /* folderLight.materialrecipe */ = {isa = PBXFileReference; lastKnownFileType = file.bplist; path = folderLight.materialrecipe; sourceTree = "<group>"; };
		6F2481B329BE963500F2DAA2 /* folderDark.materialrecipe */ = {isa = PBXFileReference; lastKnownFileType = file.bplist; path = folderDark.materialrecipe; sourceTree = "<group>"; };
		6F2481B529BE963500F2DAA2 /* folderExpandedBackgroundHome.materialrecipe */ = {isa = PBXFileReference; lastKnownFileType = file.bplist; path = folderExpandedBackgroundHome.materialrecipe; sourceTree = "<group>"; };
		6F2481B629BE963500F2DAA2 /* homeScreenOverlay-iPad.materialrecipe */ = {isa = PBXFileReference; fileEncoding = 4; lastKnownFileType = text.xml; path = "homeScreenOverlay-iPad.materialrecipe"; sourceTree = "<group>"; };
		6F2481B729BE963500F2DAA2 /* homeScreenOverlay.materialrecipe */ = {isa = PBXFileReference; fileEncoding = 4; lastKnownFileType = text.xml; path = homeScreenOverlay.materialrecipe; sourceTree = "<group>"; };
		6F2481B829BE963500F2DAA2 /* HomeBarAssets.car */ = {isa = PBXFileReference; lastKnownFileType = file; path = HomeBarAssets.car; sourceTree = "<group>"; };
		6F2481BA29BE963500F2DAA2 /* dockDark.materialrecipe */ = {isa = PBXFileReference; lastKnownFileType = file.bplist; path = dockDark.materialrecipe; sourceTree = "<group>"; };
		6F2481BB29BE963500F2DAA2 /* dockLight.materialrecipe */ = {isa = PBXFileReference; lastKnownFileType = file.bplist; path = dockLight.materialrecipe; sourceTree = "<group>"; };
		6F369561298C86D80011ADB8 /* ThemesView.swift */ = {isa = PBXFileReference; lastKnownFileType = sourcecode.swift; path = ThemesView.swift; sourceTree = "<group>"; };
		6F369563298C86FC0011ADB8 /* IconOverridesView.swift */ = {isa = PBXFileReference; lastKnownFileType = sourcecode.swift; path = IconOverridesView.swift; sourceTree = "<group>"; };
		6F369565298C870F0011ADB8 /* AltIconSelectionView.swift */ = {isa = PBXFileReference; lastKnownFileType = sourcecode.swift; path = AltIconSelectionView.swift; sourceTree = "<group>"; };
		6F369567298C874D0011ADB8 /* ThemeView.swift */ = {isa = PBXFileReference; lastKnownFileType = sourcecode.swift; path = ThemeView.swift; sourceTree = "<group>"; };
		6F429671298DC7D400A96108 /* de */ = {isa = PBXFileReference; lastKnownFileType = text.plist.strings; name = de; path = de.lproj/InfoPlist.strings; sourceTree = "<group>"; };
		6F429672298DC7D400A96108 /* de */ = {isa = PBXFileReference; lastKnownFileType = text.plist.strings; name = de; path = de.lproj/Localizable.strings; sourceTree = "<group>"; };
		6F429673298DE83000A96108 /* pt-BR */ = {isa = PBXFileReference; lastKnownFileType = text.plist.strings; name = "pt-BR"; path = "pt-br.lproj/InfoPlist.strings"; sourceTree = "<group>"; };
		6F429674298DE83000A96108 /* pt-BR */ = {isa = PBXFileReference; lastKnownFileType = text.plist.strings; name = "pt-BR"; path = "pt-br.lproj/Localizable.strings"; sourceTree = "<group>"; };
		6F429675298DE8D700A96108 /* StatusBarView.swift */ = {isa = PBXFileReference; lastKnownFileType = sourcecode.swift; path = StatusBarView.swift; sourceTree = "<group>"; };
		6F42968829907C4800A96108 /* zh-CN */ = {isa = PBXFileReference; lastKnownFileType = text.plist.strings; name = "zh-CN"; path = "zh-cn.lproj/InfoPlist.strings"; sourceTree = "<group>"; };
		6F42968929907C4800A96108 /* zh-CN */ = {isa = PBXFileReference; lastKnownFileType = text.plist.strings; name = "zh-CN"; path = "zh-cn.lproj/Localizable.strings"; sourceTree = "<group>"; };
		6F42968C29907DA800A96108 /* vi */ = {isa = PBXFileReference; lastKnownFileType = text.plist.strings; name = vi; path = vi.lproj/InfoPlist.strings; sourceTree = "<group>"; };
		6F42968D29907DA800A96108 /* vi */ = {isa = PBXFileReference; lastKnownFileType = text.plist.strings; name = vi; path = vi.lproj/Localizable.strings; sourceTree = "<group>"; };
		6F42968E29907E6700A96108 /* tr-TR */ = {isa = PBXFileReference; lastKnownFileType = text.plist.strings; name = "tr-TR"; path = "tr-tr.lproj/InfoPlist.strings"; sourceTree = "<group>"; };
		6F42968F29907E6700A96108 /* tr-TR */ = {isa = PBXFileReference; lastKnownFileType = text.plist.strings; name = "tr-TR"; path = "tr-tr.lproj/Localizable.strings"; sourceTree = "<group>"; };
		6F4296A02991E8E400A96108 /* StatusSetter16_1.m */ = {isa = PBXFileReference; fileEncoding = 4; lastKnownFileType = sourcecode.c.objc; path = StatusSetter16_1.m; sourceTree = "<group>"; };
		6F4296A12991E8E400A96108 /* StatusSetter.h */ = {isa = PBXFileReference; fileEncoding = 4; lastKnownFileType = sourcecode.c.h; path = StatusSetter.h; sourceTree = "<group>"; };
		6F4296A22991E8E400A96108 /* StatusSetter14.h */ = {isa = PBXFileReference; fileEncoding = 4; lastKnownFileType = sourcecode.c.h; path = StatusSetter14.h; sourceTree = "<group>"; };
		6F4296A32991E8E400A96108 /* StatusSetter16.h */ = {isa = PBXFileReference; fileEncoding = 4; lastKnownFileType = sourcecode.c.h; path = StatusSetter16.h; sourceTree = "<group>"; };
		6F4296A42991E8E400A96108 /* StatusSetter15.h */ = {isa = PBXFileReference; fileEncoding = 4; lastKnownFileType = sourcecode.c.h; path = StatusSetter15.h; sourceTree = "<group>"; };
		6F4296A52991E8E400A96108 /* StatusManager.m */ = {isa = PBXFileReference; fileEncoding = 4; lastKnownFileType = sourcecode.c.objc; path = StatusManager.m; sourceTree = "<group>"; };
		6F4296A62991E8E400A96108 /* StatusManager.h */ = {isa = PBXFileReference; fileEncoding = 4; lastKnownFileType = sourcecode.c.h; path = StatusManager.h; sourceTree = "<group>"; };
		6F4296A72991E8E400A96108 /* StatusSetter16_1.h */ = {isa = PBXFileReference; fileEncoding = 4; lastKnownFileType = sourcecode.c.h; path = StatusSetter16_1.h; sourceTree = "<group>"; };
		6F4296A82991E8E400A96108 /* StatusSetter14.m */ = {isa = PBXFileReference; fileEncoding = 4; lastKnownFileType = sourcecode.c.objc; path = StatusSetter14.m; sourceTree = "<group>"; };
		6F4296A92991E8E400A96108 /* StatusSetter16.m */ = {isa = PBXFileReference; fileEncoding = 4; lastKnownFileType = sourcecode.c.objc; path = StatusSetter16.m; sourceTree = "<group>"; };
		6F4296AA2991E8E400A96108 /* StatusSetter15.m */ = {isa = PBXFileReference; fileEncoding = 4; lastKnownFileType = sourcecode.c.objc; path = StatusSetter15.m; sourceTree = "<group>"; };
		6F4296B02991E92B00A96108 /* SettingsView.swift */ = {isa = PBXFileReference; lastKnownFileType = sourcecode.swift; path = SettingsView.swift; sourceTree = "<group>"; };
		6F4296B22992CC4F00A96108 /* AdvancedView.swift */ = {isa = PBXFileReference; lastKnownFileType = sourcecode.swift; path = AdvancedView.swift; sourceTree = "<group>"; };
		6F4296B42992CCB500A96108 /* AdvancedManager.swift */ = {isa = PBXFileReference; lastKnownFileType = sourcecode.swift; path = AdvancedManager.swift; sourceTree = "<group>"; };
		6F4296B72992CDDE00A96108 /* AdvancedObject.swift */ = {isa = PBXFileReference; lastKnownFileType = sourcecode.swift; path = AdvancedObject.swift; sourceTree = "<group>"; };
		6F4296BB2993FE8E00A96108 /* he */ = {isa = PBXFileReference; lastKnownFileType = text.plist.strings; name = he; path = he.lproj/InfoPlist.strings; sourceTree = "<group>"; };
		6F4296BC2993FE8E00A96108 /* he */ = {isa = PBXFileReference; lastKnownFileType = text.plist.strings; name = he; path = he.lproj/Localizable.strings; sourceTree = "<group>"; };
		6F4296BD299407EB00A96108 /* EditingOperationView.swift */ = {isa = PBXFileReference; lastKnownFileType = sourcecode.swift; path = EditingOperationView.swift; sourceTree = "<group>"; };
		6F4296C029952C6700A96108 /* ko */ = {isa = PBXFileReference; lastKnownFileType = text.plist.strings; name = ko; path = ko.lproj/InfoPlist.strings; sourceTree = "<group>"; };
		6F4296C129952C6700A96108 /* ko */ = {isa = PBXFileReference; lastKnownFileType = text.plist.strings; name = ko; path = ko.lproj/Localizable.strings; sourceTree = "<group>"; };
		6F4296C229952E7B00A96108 /* fr */ = {isa = PBXFileReference; lastKnownFileType = text.plist.strings; name = fr; path = fr.lproj/InfoPlist.strings; sourceTree = "<group>"; };
		6F4296C329952E7C00A96108 /* fr */ = {isa = PBXFileReference; lastKnownFileType = text.plist.strings; name = fr; path = fr.lproj/Localizable.strings; sourceTree = "<group>"; };
		6F6D38E72975EF6000DE3146 /* AudioConverter.swift */ = {isa = PBXFileReference; fileEncoding = 4; lastKnownFileType = sourcecode.swift; path = AudioConverter.swift; sourceTree = "<group>"; };
		6F6D38E9297603F700DE3146 /* RegionEncodes.swift */ = {isa = PBXFileReference; lastKnownFileType = sourcecode.swift; path = RegionEncodes.swift; sourceTree = "<group>"; };
		6F6D38EB2976DEDA00DE3146 /* HomeView.swift */ = {isa = PBXFileReference; lastKnownFileType = sourcecode.swift; path = HomeView.swift; sourceTree = "<group>"; };
		6F6D38EF2976FE6800DE3146 /* ApplicationMonitor.swift */ = {isa = PBXFileReference; fileEncoding = 4; lastKnownFileType = sourcecode.swift; path = ApplicationMonitor.swift; sourceTree = "<group>"; };
		6F6D38F02976FE6800DE3146 /* LocationManager.swift */ = {isa = PBXFileReference; fileEncoding = 4; lastKnownFileType = sourcecode.swift; path = LocationManager.swift; sourceTree = "<group>"; };
		6F6D38F42976FF8B00DE3146 /* AppDelegate.swift */ = {isa = PBXFileReference; lastKnownFileType = sourcecode.swift; path = AppDelegate.swift; sourceTree = "<group>"; };
		6F6D38F62977303600DE3146 /* BackgroundFileUpdaterController.swift */ = {isa = PBXFileReference; lastKnownFileType = sourcecode.swift; path = BackgroundFileUpdaterController.swift; sourceTree = "<group>"; };
		6F721C8C296482C6001CFE46 /* Cowabunga.app */ = {isa = PBXFileReference; explicitFileType = wrapper.application; includeInIndex = 0; path = Cowabunga.app; sourceTree = BUILT_PRODUCTS_DIR; };
		6F721C8F296482C6001CFE46 /* CowabungaApp.swift */ = {isa = PBXFileReference; lastKnownFileType = sourcecode.swift; path = CowabungaApp.swift; sourceTree = "<group>"; };
		6F721C91296482C6001CFE46 /* SpringBoardView.swift */ = {isa = PBXFileReference; lastKnownFileType = sourcecode.swift; path = SpringBoardView.swift; sourceTree = "<group>"; };
		6F721C93296482C7001CFE46 /* Assets.xcassets */ = {isa = PBXFileReference; lastKnownFileType = folder.assetcatalog; path = Assets.xcassets; sourceTree = "<group>"; };
		6F721C9D296487CC001CFE46 /* Cowabunga-Bridging-Header.h */ = {isa = PBXFileReference; lastKnownFileType = sourcecode.c.h; path = "Cowabunga-Bridging-Header.h"; sourceTree = "<group>"; };
		6F75AD71298AB723009C0AD6 /* SpringboardColorManager.swift */ = {isa = PBXFileReference; lastKnownFileType = sourcecode.swift; path = SpringboardColorManager.swift; sourceTree = "<group>"; };
		6F7C01D42968E0C500BC427A /* RootView.swift */ = {isa = PBXFileReference; lastKnownFileType = sourcecode.swift; path = RootView.swift; sourceTree = "<group>"; };
		6F7C01D6296924F500BC427A /* OtherModsView.swift */ = {isa = PBXFileReference; lastKnownFileType = sourcecode.swift; path = OtherModsView.swift; sourceTree = "<group>"; };
		6F7C01D82969B5A700BC427A /* MiscModsManager.swift */ = {isa = PBXFileReference; lastKnownFileType = sourcecode.swift; path = MiscModsManager.swift; sourceTree = "<group>"; };
		6F7C01E0296B2FB200BC427A /* AudioManager.swift */ = {isa = PBXFileReference; lastKnownFileType = sourcecode.swift; path = AudioManager.swift; sourceTree = "<group>"; };
		6F7FC0212995A10B00C9CA2F /* it */ = {isa = PBXFileReference; lastKnownFileType = text.plist.strings; name = it; path = it.lproj/InfoPlist.strings; sourceTree = "<group>"; };
		6F7FC0222995A10B00C9CA2F /* it */ = {isa = PBXFileReference; lastKnownFileType = text.plist.strings; name = it; path = it.lproj/Localizable.strings; sourceTree = "<group>"; };
		6F843AAC298DC3190085D20A /* pl */ = {isa = PBXFileReference; lastKnownFileType = text.plist.strings; name = pl; path = pl.lproj/InfoPlist.strings; sourceTree = "<group>"; };
		6F843AAD298DC3190085D20A /* pl */ = {isa = PBXFileReference; lastKnownFileType = text.plist.strings; name = pl; path = pl.lproj/Localizable.strings; sourceTree = "<group>"; };
		6FA660AB297EF260002471FB /* vm_unaligned_copy_switch_race.c */ = {isa = PBXFileReference; lastKnownFileType = sourcecode.c.c; path = vm_unaligned_copy_switch_race.c; sourceTree = "<group>"; };
		6FB4F5EB29A6D14300BAA7B6 /* CCModifierView.swift */ = {isa = PBXFileReference; lastKnownFileType = sourcecode.swift; path = CCModifierView.swift; sourceTree = "<group>"; };
		6FB4F5F329A6F95800BAA7B6 /* OverwriteFontImpl.swift */ = {isa = PBXFileReference; lastKnownFileType = sourcecode.swift; path = OverwriteFontImpl.swift; sourceTree = "<group>"; };
		6FB4F5F529A6FB2000BAA7B6 /* FontManager.swift */ = {isa = PBXFileReference; lastKnownFileType = sourcecode.swift; path = FontManager.swift; sourceTree = "<group>"; };
		6FB4F5F729A6FD9600BAA7B6 /* EditingFontView.swift */ = {isa = PBXFileReference; lastKnownFileType = sourcecode.swift; path = EditingFontView.swift; sourceTree = "<group>"; };
		6FB4F5F929A8453200BAA7B6 /* ImportingFontsView.swift */ = {isa = PBXFileReference; lastKnownFileType = sourcecode.swift; path = ImportingFontsView.swift; sourceTree = "<group>"; };
		6FB4F5FB29A9209300BAA7B6 /* BackgroundEnablerView.swift */ = {isa = PBXFileReference; lastKnownFileType = sourcecode.swift; path = BackgroundEnablerView.swift; sourceTree = "<group>"; };
		6FB4F5FD29A9986100BAA7B6 /* PatreonAPI.swift */ = {isa = PBXFileReference; lastKnownFileType = sourcecode.swift; path = PatreonAPI.swift; sourceTree = "<group>"; };
		6FBACD552996BDC200302F94 /* PlistEditView.swift */ = {isa = PBXFileReference; lastKnownFileType = sourcecode.swift; path = PlistEditView.swift; sourceTree = "<group>"; };
		6FBEDC492964E0800032B1A9 /* Info.plist */ = {isa = PBXFileReference; lastKnownFileType = text.plist; path = Info.plist; sourceTree = "<group>"; };
		6FD9B525296C8AE300121229 /* AudioView.swift */ = {isa = PBXFileReference; lastKnownFileType = sourcecode.swift; path = AudioView.swift; sourceTree = "<group>"; };
		6FD9B527296C8CBC00121229 /* AudioChangerView.swift */ = {isa = PBXFileReference; lastKnownFileType = sourcecode.swift; path = AudioChangerView.swift; sourceTree = "<group>"; };
		6FF21AC729840DC40054EBC0 /* LockView.swift */ = {isa = PBXFileReference; lastKnownFileType = sourcecode.swift; path = LockView.swift; sourceTree = "<group>"; };
		6FF21AC9298416E90054EBC0 /* LockManager.swift */ = {isa = PBXFileReference; lastKnownFileType = sourcecode.swift; path = LockManager.swift; sourceTree = "<group>"; };
		6FF21ACF298449F30054EBC0 /* ToolsView.swift */ = {isa = PBXFileReference; lastKnownFileType = sourcecode.swift; path = ToolsView.swift; sourceTree = "<group>"; };
		6FF21AD1298450C80054EBC0 /* grant_full_disk_access.m */ = {isa = PBXFileReference; lastKnownFileType = sourcecode.c.objc; path = grant_full_disk_access.m; sourceTree = "<group>"; };
		6FF21AD32984513A0054EBC0 /* helpers.m */ = {isa = PBXFileReference; fileEncoding = 4; lastKnownFileType = sourcecode.c.objc; path = helpers.m; sourceTree = "<group>"; };
		6FF21AD42984513A0054EBC0 /* helpers.h */ = {isa = PBXFileReference; fileEncoding = 4; lastKnownFileType = sourcecode.c.h; path = helpers.h; sourceTree = "<group>"; };
		6FF21AD62984522B0054EBC0 /* grant_full_disk_access.h */ = {isa = PBXFileReference; lastKnownFileType = sourcecode.c.h; path = grant_full_disk_access.h; sourceTree = "<group>"; };
		6FF21AD7298458690054EBC0 /* PasscodeEditorView.swift */ = {isa = PBXFileReference; lastKnownFileType = sourcecode.swift; path = PasscodeEditorView.swift; sourceTree = "<group>"; };
		6FF21ADA298458910054EBC0 /* PasscodeKeyFaceManager.swift */ = {isa = PBXFileReference; lastKnownFileType = sourcecode.swift; path = PasscodeKeyFaceManager.swift; sourceTree = "<group>"; };
		6FF21AE029846AB20054EBC0 /* MaterialView.swift */ = {isa = PBXFileReference; lastKnownFileType = sourcecode.swift; path = MaterialView.swift; sourceTree = "<group>"; };
		6FF21AE229846AC30054EBC0 /* ImagePickerView.swift */ = {isa = PBXFileReference; lastKnownFileType = sourcecode.swift; path = ImagePickerView.swift; sourceTree = "<group>"; };
		6FF21AE5298479BD0054EBC0 /* LSFootnoteChangerView.swift */ = {isa = PBXFileReference; lastKnownFileType = sourcecode.swift; path = LSFootnoteChangerView.swift; sourceTree = "<group>"; };
		6FF21AE92985F3BC0054EBC0 /* entitlements.plist */ = {isa = PBXFileReference; lastKnownFileType = text.plist.xml; path = entitlements.plist; sourceTree = "<group>"; };
		6FF21AF0298820540054EBC0 /* MobileCoreServices.framework */ = {isa = PBXFileReference; lastKnownFileType = wrapper.framework; name = MobileCoreServices.framework; path = System/Library/Frameworks/MobileCoreServices.framework; sourceTree = SDKROOT; };
		6FF21AF2298821010054EBC0 /* SpringboardColorChangerView.swift */ = {isa = PBXFileReference; lastKnownFileType = sourcecode.swift; path = SpringboardColorChangerView.swift; sourceTree = "<group>"; };
		6FF21AF4298821290054EBC0 /* BadgeChanger.swift */ = {isa = PBXFileReference; lastKnownFileType = sourcecode.swift; path = BadgeChanger.swift; sourceTree = "<group>"; };
		6FF21AFA298826FF0054EBC0 /* MainCardView.swift */ = {isa = PBXFileReference; lastKnownFileType = sourcecode.swift; path = MainCardView.swift; sourceTree = "<group>"; };
		6FF21AFC298827190054EBC0 /* CardView.swift */ = {isa = PBXFileReference; lastKnownFileType = sourcecode.swift; path = CardView.swift; sourceTree = "<group>"; };
		6FF21AFF29882C020054EBC0 /* CoreServices.h */ = {isa = PBXFileReference; lastKnownFileType = sourcecode.c.h; path = CoreServices.h; sourceTree = "<group>"; };
		D60A489629995D830013F066 /* WhitelistView.swift */ = {isa = PBXFileReference; lastKnownFileType = sourcecode.swift; path = WhitelistView.swift; sourceTree = "<group>"; };
		D60A489829995DAD0013F066 /* FileContentsView.swift */ = {isa = PBXFileReference; lastKnownFileType = sourcecode.swift; path = FileContentsView.swift; sourceTree = "<group>"; };
		D60A489B29995DDC0013F066 /* WhitelistFunctions.swift */ = {isa = PBXFileReference; lastKnownFileType = sourcecode.swift; path = WhitelistFunctions.swift; sourceTree = "<group>"; };
/* End PBXFileReference section */

/* Begin PBXFrameworksBuildPhase section */
		21E54B1C2994070200D5F85A /* Frameworks */ = {
			isa = PBXFrameworksBuildPhase;
			buildActionMask = 2147483647;
			files = (
			);
			runOnlyForDeploymentPostprocessing = 0;
		};
		6F721C89296482C6001CFE46 /* Frameworks */ = {
			isa = PBXFrameworksBuildPhase;
			buildActionMask = 2147483647;
			files = (
				6F0E754E29ACF85A002E7516 /* Zip in Frameworks */,
				21E54B272994079700D5F85A /* libMacDirtyCowSwift.a in Frameworks */,
				6FF21AF8298821410054EBC0 /* Dynamic in Frameworks */,
				6F160E6D2964E3540026D69D /* CoreServices.framework in Frameworks */,
				6FF21AF1298820550054EBC0 /* MobileCoreServices.framework in Frameworks */,
				6FF21ADE29846A180054EBC0 /* ZIPFoundation in Frameworks */,
				21AC8BAB298C0736000B7E85 /* CachedAsyncImage in Frameworks */,
				6FF21B0229882CB70054EBC0 /* ACarousel in Frameworks */,
				21D9E45C29A0FCAE0055B08D /* AssetCatalogWrapper in Frameworks */,
			);
			runOnlyForDeploymentPostprocessing = 0;
		};
/* End PBXFrameworksBuildPhase section */

/* Begin PBXGroup section */
		216D5FB2298C574000910C67 /* SpringboardFiles */ = {
			isa = PBXGroup;
			children = (
				6F2481A829BE963500F2DAA2 /* BackupFiles */,
				216D5FB3298C574000910C67 /* replacement.materialrecipe */,
			);
			path = SpringboardFiles;
			sourceTree = "<group>";
		};
		2183C9932987D8B400AE187C /* Extensions */ = {
			isa = PBXGroup;
			children = (
				6F07ABA5299EB62700076436 /* AppIcon */,
				2183C9942987D8C800AE187C /* Alert++.swift */,
				2183C9962987D8D800AE187C /* Color++.swift */,
				21ED3C7929884AAD00135B50 /* CornerRadius++.swift */,
				21E54B40299413B800D5F85A /* Device+xpc_crash.swift */,
				2183C99A2987D8FA00AE187C /* Extensions.swift */,
				6F07AB9B29999DB400076436 /* FilePickerViewControllerDelegate.swift */,
				6F07AB912998744100076436 /* Haptic++.swift */,
				2183C9982987D8EA00AE187C /* MachineName.swift */,
				21CB2B4E29982F3400188303 /* pow.swift */,
				21D76C42298D43AB00B3C707 /* UIImage+resizeToApprox.swift */,
				21AC8BAC298C07CB000B7E85 /* URLCache+imageCache.swift */,
			);
			path = Extensions;
			sourceTree = "<group>";
		};
		2183C99C2987D91600AE187C /* Exploit */ = {
			isa = PBXGroup;
			children = (
				6FF21AD62984522B0054EBC0 /* grant_full_disk_access.h */,
				6FF21AD1298450C80054EBC0 /* grant_full_disk_access.m */,
				6FF21AD42984513A0054EBC0 /* helpers.h */,
				6FF21AD32984513A0054EBC0 /* helpers.m */,
				6FA660AB297EF260002471FB /* vm_unaligned_copy_switch_race.c */,
				6F160E6F2965B20B0026D69D /* vm_unaligned_copy_switch_race.h */,
			);
			path = Exploit;
			sourceTree = "<group>";
		};
		2183C99F2987E06400AE187C /* ThemesExplorer */ = {
			isa = PBXGroup;
			children = (
				21C08DA02987CF5300294DE7 /* ThemesExploreView.swift */,
			);
			path = ThemesExplorer;
			sourceTree = "<group>";
		};
		2183C9A22988354300AE187C /* API */ = {
			isa = PBXGroup;
			children = (
				2183C9A52988367B00AE187C /* CowabungaAPI */,
				21C08D982987CC2300294DE7 /* SourcedRepo */,
			);
			path = API;
			sourceTree = "<group>";
		};
		2183C9A32988356900AE187C /* ObjectiveC💀 */ = {
			isa = PBXGroup;
			children = (
				6FF21AFF29882C020054EBC0 /* CoreServices.h */,
				6F24805829AE854B00F2DAA2 /* ISIconCacheServiceProtocol-Protocol.h */,
			);
			path = "ObjectiveC💀";
			sourceTree = "<group>";
		};
		2183C9A4298835BB00AE187C /* App */ = {
			isa = PBXGroup;
			children = (
				6F6D38F42976FF8B00DE3146 /* AppDelegate.swift */,
				6F721C8F296482C6001CFE46 /* CowabungaApp.swift */,
			);
			path = App;
			sourceTree = "<group>";
		};
		2183C9A52988367B00AE187C /* CowabungaAPI */ = {
			isa = PBXGroup;
			children = (
				2183C9A62988368A00AE187C /* CowabungaAPI.swift */,
			);
			path = CowabungaAPI;
			sourceTree = "<group>";
		};
		21BA5BCA298998870022F814 /* Other */ = {
			isa = PBXGroup;
			children = (
				216D5FB5298C5C0700910C67 /* LocString.swift */,
				6FB4F5FD29A9986100BAA7B6 /* PatreonAPI.swift */,
				6F6D38E9297603F700DE3146 /* RegionEncodes.swift */,
			);
			path = Other;
			sourceTree = "<group>";
		};
		21BA5BD5298999620022F814 /* Background */ = {
			isa = PBXGroup;
			children = (
				6F6D38EF2976FE6800DE3146 /* ApplicationMonitor.swift */,
				6F6D38F62977303600DE3146 /* BackgroundFileUpdaterController.swift */,
				6F6D38F02976FE6800DE3146 /* LocationManager.swift */,
			);
			path = Background;
			sourceTree = "<group>";
		};
		21C08D982987CC2300294DE7 /* SourcedRepo */ = {
			isa = PBXGroup;
			children = (
				21C08D992987CC2F00294DE7 /* LoginView.swift */,
				21C08D9B2987CC3500294DE7 /* SourcedRepoFetcher.swift */,
				2183C9912987D52500AE187C /* UIViewWrapperView.swift */,
			);
			path = SourcedRepo;
			sourceTree = "<group>";
		};
		21CD105A298C8540007EE649 /* Themes */ = {
			isa = PBXGroup;
			children = (
				21CD105D298C8540007EE649 /* CatalogThemeManager.swift */,
				21CD105C298C8540007EE649 /* ThemeManager.swift */,
			);
			path = Themes;
			sourceTree = "<group>";
		};
		21DC3EBC29892E75007D6F5C /* ButtonStyles */ = {
			isa = PBXGroup;
			children = (
				21DC3EBD29892EA0007D6F5C /* TintedButton14.swift */,
			);
			path = ButtonStyles;
			sourceTree = "<group>";
		};
		21E1556A2989C32A00B59658 /* OverwriteFiles */ = {
			isa = PBXGroup;
			children = (
				216D5FB2298C574000910C67 /* SpringboardFiles */,
			);
			path = OverwriteFiles;
			sourceTree = "<group>";
		};
		21E54B202994070200D5F85A /* MacDirtyCowSwift */ = {
			isa = PBXGroup;
			children = (
				21E54B282994083C00D5F85A /* MacDirtyCowSwift-Bridging-Header.h */,
				21E54B212994070200D5F85A /* MacDirtyCowSwift.swift */,
				21E54B2A29940A6700D5F85A /* Wrappers.swift */,
				2183C99C2987D91600AE187C /* Exploit */,
			);
			path = MacDirtyCowSwift;
			sourceTree = "<group>";
		};
		6F07ABA5299EB62700076436 /* AppIcon */ = {
			isa = PBXGroup;
			children = (
				2183C99D2987DA6800AE187C /* AppIcon.swift */,
				6F07ABA6299EB63900076436 /* ChangeAppIconViewModel.swift */,
			);
			path = AppIcon;
			sourceTree = "<group>";
		};
		6F07ABB0299F140C00076436 /* FontsView */ = {
			isa = PBXGroup;
			children = (
				6FB4F5F729A6FD9600BAA7B6 /* EditingFontView.swift */,
				6F07ABB1299F144000076436 /* MainFontsView.swift */,
				6FB4F5F929A8453200BAA7B6 /* ImportingFontsView.swift */,
			);
			path = FontsView;
			sourceTree = "<group>";
		};
		6F247A5A298888B4007BD53A /* PasscodeChangerViews */ = {
			isa = PBXGroup;
			children = (
				6FF21AD7298458690054EBC0 /* PasscodeEditorView.swift */,
				6F247A5B298888CE007BD53A /* SavedPasscodesView.swift */,
			);
			path = PasscodeChangerViews;
			sourceTree = "<group>";
		};
		6F2481A829BE963500F2DAA2 /* BackupFiles */ = {
			isa = PBXGroup;
			children = (
				6F2481A929BE963500F2DAA2 /* Notif */,
				6F2481AC29BE963500F2DAA2 /* LibraryFolder */,
				6F2481AF29BE963500F2DAA2 /* Module */,
				6F2481B129BE963500F2DAA2 /* Folder */,
				6F2481B429BE963500F2DAA2 /* FolderBG */,
				6F2481B829BE963500F2DAA2 /* HomeBarAssets.car */,
				6F2481B929BE963500F2DAA2 /* Dock */,
			);
			path = BackupFiles;
			sourceTree = "<group>";
		};
		6F2481A929BE963500F2DAA2 /* Notif */ = {
			isa = PBXGroup;
			children = (
				6F2481AA29BE963500F2DAA2 /* platters.materialrecipe */,
				6F2481AB29BE963500F2DAA2 /* plattersDark.materialrecipe */,
			);
			path = Notif;
			sourceTree = "<group>";
		};
		6F2481AC29BE963500F2DAA2 /* LibraryFolder */ = {
			isa = PBXGroup;
			children = (
				6F2481AD29BE963500F2DAA2 /* podBackgroundViewLight.visualstyleset */,
				6F2481AE29BE963500F2DAA2 /* podBackgroundViewDark.visualstyleset */,
			);
			path = LibraryFolder;
			sourceTree = "<group>";
		};
		6F2481AF29BE963500F2DAA2 /* Module */ = {
			isa = PBXGroup;
			children = (
				6F2481B029BE963500F2DAA2 /* modules.materialrecipe */,
			);
			path = Module;
			sourceTree = "<group>";
		};
		6F2481B129BE963500F2DAA2 /* Folder */ = {
			isa = PBXGroup;
			children = (
				6F2481B229BE963500F2DAA2 /* folderLight.materialrecipe */,
				6F2481B329BE963500F2DAA2 /* folderDark.materialrecipe */,
			);
			path = Folder;
			sourceTree = "<group>";
		};
		6F2481B429BE963500F2DAA2 /* FolderBG */ = {
			isa = PBXGroup;
			children = (
				6F2481B529BE963500F2DAA2 /* folderExpandedBackgroundHome.materialrecipe */,
				6F2481B629BE963500F2DAA2 /* homeScreenOverlay-iPad.materialrecipe */,
				6F2481B729BE963500F2DAA2 /* homeScreenOverlay.materialrecipe */,
			);
			path = FolderBG;
			sourceTree = "<group>";
		};
		6F2481B929BE963500F2DAA2 /* Dock */ = {
			isa = PBXGroup;
			children = (
				6F2481BA29BE963500F2DAA2 /* dockDark.materialrecipe */,
				6F2481BB29BE963500F2DAA2 /* dockLight.materialrecipe */,
			);
			path = Dock;
			sourceTree = "<group>";
		};
		6F369560298C86990011ADB8 /* IconThemesViews */ = {
			isa = PBXGroup;
			children = (
				6F369561298C86D80011ADB8 /* ThemesView.swift */,
				6F369563298C86FC0011ADB8 /* IconOverridesView.swift */,
				6F369565298C870F0011ADB8 /* AltIconSelectionView.swift */,
				6F369567298C874D0011ADB8 /* ThemeView.swift */,
				21BA94C82996E66400AE383D /* CatalogFixupView.swift */,
			);
			path = IconThemesViews;
			sourceTree = "<group>";
		};
		6F429677298DE9A800A96108 /* StatusManager */ = {
			isa = PBXGroup;
			children = (
				6F4296A62991E8E400A96108 /* StatusManager.h */,
				6F4296A52991E8E400A96108 /* StatusManager.m */,
				6F4296A12991E8E400A96108 /* StatusSetter.h */,
				6F4296A22991E8E400A96108 /* StatusSetter14.h */,
				6F4296A82991E8E400A96108 /* StatusSetter14.m */,
				6F4296A42991E8E400A96108 /* StatusSetter15.h */,
				6F4296AA2991E8E400A96108 /* StatusSetter15.m */,
				6F4296A72991E8E400A96108 /* StatusSetter16_1.h */,
				6F4296A02991E8E400A96108 /* StatusSetter16_1.m */,
				6F4296A32991E8E400A96108 /* StatusSetter16.h */,
				6F4296A92991E8E400A96108 /* StatusSetter16.m */,
				6F4296B02991E92B00A96108 /* SettingsView.swift */,
			);
			path = StatusManager;
			sourceTree = "<group>";
		};
		6F4296B62992CDCC00A96108 /* AdvancedTools */ = {
			isa = PBXGroup;
			children = (
				6F4296B42992CCB500A96108 /* AdvancedManager.swift */,
				6F4296B72992CDDE00A96108 /* AdvancedObject.swift */,
				6F0E755029AD32CB002E7516 /* FSPConverter.swift */,
			);
			path = AdvancedTools;
			sourceTree = "<group>";
		};
		6F4296BF299407F200A96108 /* OperationViews */ = {
			isa = PBXGroup;
			children = (
				6F4296B22992CC4F00A96108 /* AdvancedView.swift */,
				6F4296BD299407EB00A96108 /* EditingOperationView.swift */,
				6FBACD552996BDC200302F94 /* PlistEditView.swift */,
			);
			path = OperationViews;
			sourceTree = "<group>";
		};
		6F6D38ED2976FE6800DE3146 /* Controllers */ = {
			isa = PBXGroup;
			children = (
				21D76C3E298D380100B3C707 /* ApplicationManager.swift */,
				6F6D38E72975EF6000DE3146 /* AudioConverter.swift */,
				6F7C01E0296B2FB200BC427A /* AudioManager.swift */,
				6FF21AC9298416E90054EBC0 /* LockManager.swift */,
				6F7C01D82969B5A700BC427A /* MiscModsManager.swift */,
				21E155682989C2EC00B59658 /* StatusBarVisibilityController.swift */,
				6F160E722965B2810026D69D /* ToolsManager.swift */,
				6F4296B62992CDCC00A96108 /* AdvancedTools */,
				21BA5BD5298999620022F814 /* Background */,
				6FB4F5F029A6F85A00BAA7B6 /* Fonts */,
				6F429677298DE9A800A96108 /* StatusManager */,
				6FF21AD9298458830054EBC0 /* Tools */,
			);
			path = Controllers;
			sourceTree = "<group>";
		};
		6F721C83296482C6001CFE46 = {
			isa = PBXGroup;
			children = (
				6F721C8E296482C6001CFE46 /* Cowabunga */,
				6FF21AE92985F3BC0054EBC0 /* entitlements.plist */,
				6FBEDC4F2964E1F10032B1A9 /* Frameworks */,
				21E54B202994070200D5F85A /* MacDirtyCowSwift */,
				21E1556A2989C32A00B59658 /* OverwriteFiles */,
				6F721C8D296482C6001CFE46 /* Products */,
			);
			sourceTree = "<group>";
		};
		6F721C8D296482C6001CFE46 /* Products */ = {
			isa = PBXGroup;
			children = (
				6F721C8C296482C6001CFE46 /* Cowabunga.app */,
				21E54B1F2994070200D5F85A /* libMacDirtyCowSwift.a */,
			);
			name = Products;
			sourceTree = "<group>";
		};
		6F721C8E296482C6001CFE46 /* Cowabunga */ = {
			isa = PBXGroup;
			children = (
				6F721C9D296487CC001CFE46 /* Cowabunga-Bridging-Header.h */,
				6FBEDC492964E0800032B1A9 /* Info.plist */,
				6F721C93296482C7001CFE46 /* Assets.xcassets */,
				2183C9A22988354300AE187C /* API */,
				2183C9A4298835BB00AE187C /* App */,
				6F6D38ED2976FE6800DE3146 /* Controllers */,
				2183C9932987D8B400AE187C /* Extensions */,
				21CD1054298C8177007EE649 /* InfoPlist.strings */,
				21CD1053298C8151007EE649 /* Localizable.strings */,
				2183C9A32988356900AE187C /* ObjectiveC💀 */,
				21BA5BCA298998870022F814 /* Other */,
				6F721CAE2964A72D001CFE46 /* Views */,
			);
			path = Cowabunga;
			sourceTree = "<group>";
		};
		6F721CAE2964A72D001CFE46 /* Views */ = {
			isa = PBXGroup;
			children = (
				6F7C01D42968E0C500BC427A /* RootView.swift */,
				6FF21ABB298050340054EBC0 /* AudioViews */,
				6FF21AF9298826F00054EBC0 /* CardChangerViews */,
				6F07ABB0299F140C00076436 /* FontsView */,
				6F369560298C86990011ADB8 /* IconThemesViews */,
				6FF21ABA298050150054EBC0 /* NavigatorViews */,
				6F4296BF299407F200A96108 /* OperationViews */,
				6FF21ADF29846AA60054EBC0 /* OtherViews */,
				6F247A5A298888B4007BD53A /* PasscodeChangerViews */,
				6FF21AC629840D300054EBC0 /* UniqueToolsViews */,
				D60A489529995C4D0013F066 /* WhitelistViews */,
				6F07ABA8299EB67100076436 /* ChangeAppIconView.swift */,
			);
			path = Views;
			sourceTree = "<group>";
		};
		6FB4F5F029A6F85A00BAA7B6 /* Fonts */ = {
			isa = PBXGroup;
			children = (
				6FB4F5F529A6FB2000BAA7B6 /* FontManager.swift */,
				6FB4F5F329A6F95800BAA7B6 /* OverwriteFontImpl.swift */,
			);
			path = Fonts;
			sourceTree = "<group>";
		};
		6FBEDC4F2964E1F10032B1A9 /* Frameworks */ = {
			isa = PBXGroup;
			children = (
				214C5E30298E8FD600AC9F0B /* CoreServices.tbd */,
				6FF21AF0298820540054EBC0 /* MobileCoreServices.framework */,
				6F160E6C2964E3540026D69D /* CoreServices.framework */,
			);
			name = Frameworks;
			sourceTree = "<group>";
		};
		6FF21ABA298050150054EBC0 /* NavigatorViews */ = {
			isa = PBXGroup;
			children = (
				6F6D38EB2976DEDA00DE3146 /* HomeView.swift */,
				6F7C01D6296924F500BC427A /* OtherModsView.swift */,
				6F721C91296482C6001CFE46 /* SpringBoardView.swift */,
				6FF21ACF298449F30054EBC0 /* ToolsView.swift */,
				2183C99F2987E06400AE187C /* ThemesExplorer */,
				6FB4F5FB29A9209300BAA7B6 /* BackgroundEnablerView.swift */,
			);
			path = NavigatorViews;
			sourceTree = "<group>";
		};
		6FF21ABB298050340054EBC0 /* AudioViews */ = {
			isa = PBXGroup;
			children = (
				6FD9B527296C8CBC00121229 /* AudioChangerView.swift */,
				6F07ABB3299F14E800076436 /* AudioOptionsView.swift */,
				6FD9B525296C8AE300121229 /* AudioView.swift */,
			);
			path = AudioViews;
			sourceTree = "<group>";
		};
		6FF21AC629840D300054EBC0 /* UniqueToolsViews */ = {
			isa = PBXGroup;
			children = (
				6FB4F5EB29A6D14300BAA7B6 /* CCModifierView.swift */,
				6FF21AC729840DC40054EBC0 /* LockView.swift */,
				6FF21AE5298479BD0054EBC0 /* LSFootnoteChangerView.swift */,
				6FF21AF2298821010054EBC0 /* SpringboardColorChangerView.swift */,
				6F429675298DE8D700A96108 /* StatusBarView.swift */,
			);
			path = UniqueToolsViews;
			sourceTree = "<group>";
		};
		6FF21AD9298458830054EBC0 /* Tools */ = {
			isa = PBXGroup;
			children = (
				6FF21AF4298821290054EBC0 /* BadgeChanger.swift */,
				6FF21ADA298458910054EBC0 /* PasscodeKeyFaceManager.swift */,
				6F75AD71298AB723009C0AD6 /* SpringboardColorManager.swift */,
				21CD105A298C8540007EE649 /* Themes */,
			);
			path = Tools;
			sourceTree = "<group>";
		};
		6FF21ADF29846AA60054EBC0 /* OtherViews */ = {
			isa = PBXGroup;
			children = (
				21DC3EBC29892E75007D6F5C /* ButtonStyles */,
				6FF21AE229846AC30054EBC0 /* ImagePickerView.swift */,
				6FF21AE029846AB20054EBC0 /* MaterialView.swift */,
			);
			path = OtherViews;
			sourceTree = "<group>";
		};
		6FF21AF9298826F00054EBC0 /* CardChangerViews */ = {
			isa = PBXGroup;
			children = (
				6FF21AFC298827190054EBC0 /* CardView.swift */,
				6FF21AFA298826FF0054EBC0 /* MainCardView.swift */,
			);
			path = CardChangerViews;
			sourceTree = "<group>";
		};
		D60A489529995C4D0013F066 /* WhitelistViews */ = {
			isa = PBXGroup;
			children = (
				D60A489629995D830013F066 /* WhitelistView.swift */,
				D60A489829995DAD0013F066 /* FileContentsView.swift */,
				D60A489B29995DDC0013F066 /* WhitelistFunctions.swift */,
			);
			path = WhitelistViews;
			sourceTree = "<group>";
		};
/* End PBXGroup section */

/* Begin PBXNativeTarget section */
		21E54B1E2994070200D5F85A /* MacDirtyCowSwift */ = {
			isa = PBXNativeTarget;
			buildConfigurationList = 21E54B232994070200D5F85A /* Build configuration list for PBXNativeTarget "MacDirtyCowSwift" */;
			buildPhases = (
				21E54B1B2994070200D5F85A /* Sources */,
				21E54B1C2994070200D5F85A /* Frameworks */,
				21E54B1D2994070200D5F85A /* CopyFiles */,
			);
			buildRules = (
			);
			dependencies = (
			);
			name = MacDirtyCowSwift;
			productName = MacDirtyCowSwift;
			productReference = 21E54B1F2994070200D5F85A /* libMacDirtyCowSwift.a */;
			productType = "com.apple.product-type.library.static";
		};
		6F721C8B296482C6001CFE46 /* Cowabunga */ = {
			isa = PBXNativeTarget;
			buildConfigurationList = 6F721C9A296482C7001CFE46 /* Build configuration list for PBXNativeTarget "Cowabunga" */;
			buildPhases = (
				6F721C88296482C6001CFE46 /* Sources */,
				6F721C89296482C6001CFE46 /* Frameworks */,
				6F721C8A296482C6001CFE46 /* Resources */,
				21E54B3C2994126D00D5F85A /* Embed Frameworks */,
			);
			buildRules = (
			);
			dependencies = (
			);
			name = Cowabunga;
			packageProductDependencies = (
				6FF21ADD29846A180054EBC0 /* ZIPFoundation */,
				6FF21AF7298821410054EBC0 /* Dynamic */,
				6FF21B0129882CB70054EBC0 /* ACarousel */,
				21AC8BAA298C0736000B7E85 /* CachedAsyncImage */,
				21D9E45B29A0FCAE0055B08D /* AssetCatalogWrapper */,
				6F0E754D29ACF85A002E7516 /* Zip */,
			);
			productName = DockHider;
			productReference = 6F721C8C296482C6001CFE46 /* Cowabunga.app */;
			productType = "com.apple.product-type.application";
		};
/* End PBXNativeTarget section */

/* Begin PBXProject section */
		6F721C84296482C6001CFE46 /* Project object */ = {
			isa = PBXProject;
			attributes = {
				BuildIndependentTargetsInParallel = 1;
				LastSwiftUpdateCheck = 1420;
				LastUpgradeCheck = 1420;
				TargetAttributes = {
					21E54B1E2994070200D5F85A = {
						CreatedOnToolsVersion = 14.2;
					};
					6F721C8B296482C6001CFE46 = {
						CreatedOnToolsVersion = 14.2;
						LastSwiftMigration = 1420;
					};
				};
			};
			buildConfigurationList = 6F721C87296482C6001CFE46 /* Build configuration list for PBXProject "Cowabunga" */;
			compatibilityVersion = "Xcode 14.0";
			developmentRegion = en;
			hasScannedForEncodings = 0;
			knownRegions = (
				en,
				Base,
				ru,
				pl,
				de,
				"pt-BR",
				"zh-CN",
				vi,
				"tr-TR",
				he,
				ko,
				fr,
				it,
				ar,
				"zh-TW",
				es,
				sv,
			);
			mainGroup = 6F721C83296482C6001CFE46;
			packageReferences = (
				6FF21ADC29846A180054EBC0 /* XCRemoteSwiftPackageReference "ZIPFoundation" */,
				6FF21AF6298821410054EBC0 /* XCRemoteSwiftPackageReference "Dynamic" */,
				6FF21B0029882CB70054EBC0 /* XCRemoteSwiftPackageReference "ACarousel" */,
				21AC8BA9298C0736000B7E85 /* XCRemoteSwiftPackageReference "swiftui-cached-async-image" */,
				21D9E45A29A0FCAE0055B08D /* XCRemoteSwiftPackageReference "SantanderWrappers" */,
				6F0E754C29ACF85A002E7516 /* XCRemoteSwiftPackageReference "Zip" */,
			);
			productRefGroup = 6F721C8D296482C6001CFE46 /* Products */;
			projectDirPath = "";
			projectRoot = "";
			targets = (
				6F721C8B296482C6001CFE46 /* Cowabunga */,
				21E54B1E2994070200D5F85A /* MacDirtyCowSwift */,
			);
		};
/* End PBXProject section */

/* Begin PBXResourcesBuildPhase section */
		6F721C8A296482C6001CFE46 /* Resources */ = {
			isa = PBXResourcesBuildPhase;
			buildActionMask = 2147483647;
			files = (
				6F2481BE29BE963500F2DAA2 /* podBackgroundViewLight.visualstyleset in Resources */,
				21CD1051298C8151007EE649 /* Localizable.strings in Resources */,
				6F2481C529BE963500F2DAA2 /* homeScreenOverlay.materialrecipe in Resources */,
				21CD1056298C8177007EE649 /* InfoPlist.strings in Resources */,
				6F2481C129BE963500F2DAA2 /* folderLight.materialrecipe in Resources */,
				6F2481BF29BE963500F2DAA2 /* podBackgroundViewDark.visualstyleset in Resources */,
				6F721C94296482C7001CFE46 /* Assets.xcassets in Resources */,
				6F2481C329BE963500F2DAA2 /* folderExpandedBackgroundHome.materialrecipe in Resources */,
				6F2481C629BE963500F2DAA2 /* HomeBarAssets.car in Resources */,
				6F2481C029BE963500F2DAA2 /* modules.materialrecipe in Resources */,
				6F2481C429BE963500F2DAA2 /* homeScreenOverlay-iPad.materialrecipe in Resources */,
				6F2481BD29BE963500F2DAA2 /* plattersDark.materialrecipe in Resources */,
				6F2481BC29BE963500F2DAA2 /* platters.materialrecipe in Resources */,
				216D5FB4298C574100910C67 /* replacement.materialrecipe in Resources */,
				6F2481C229BE963500F2DAA2 /* folderDark.materialrecipe in Resources */,
				6F2481C729BE963500F2DAA2 /* dockDark.materialrecipe in Resources */,
				6F2481C829BE963500F2DAA2 /* dockLight.materialrecipe in Resources */,
			);
			runOnlyForDeploymentPostprocessing = 0;
		};
/* End PBXResourcesBuildPhase section */

/* Begin PBXSourcesBuildPhase section */
		21E54B1B2994070200D5F85A /* Sources */ = {
			isa = PBXSourcesBuildPhase;
			buildActionMask = 2147483647;
			files = (
				21E54B222994070200D5F85A /* MacDirtyCowSwift.swift in Sources */,
				21E54B2B29940A6700D5F85A /* Wrappers.swift in Sources */,
			);
			runOnlyForDeploymentPostprocessing = 0;
		};
		6F721C88296482C6001CFE46 /* Sources */ = {
			isa = PBXSourcesBuildPhase;
			buildActionMask = 2147483647;
			files = (
				6FB4F5FE29A9986100BAA7B6 /* PatreonAPI.swift in Sources */,
				2183C99E2987DA6800AE187C /* AppIcon.swift in Sources */,
				21E54B3E2994133F00D5F85A /* CatalogThemeManager.swift in Sources */,
				6F4296B52992CCB500A96108 /* AdvancedManager.swift in Sources */,
				6F07AB922998744100076436 /* Haptic++.swift in Sources */,
				6FD9B526296C8AE300121229 /* AudioView.swift in Sources */,
				21C08D9A2987CC2F00294DE7 /* LoginView.swift in Sources */,
				2183C9A72988368A00AE187C /* CowabungaAPI.swift in Sources */,
				6F7C01D7296924F500BC427A /* OtherModsView.swift in Sources */,
				6F6D38EC2976DEDA00DE3146 /* HomeView.swift in Sources */,
				6FF21AF5298821290054EBC0 /* BadgeChanger.swift in Sources */,
				2183C9992987D8EA00AE187C /* MachineName.swift in Sources */,
				2183C9922987D52500AE187C /* UIViewWrapperView.swift in Sources */,
				6F07ABB2299F144000076436 /* MainFontsView.swift in Sources */,
				6FBACD562996BDC200302F94 /* PlistEditView.swift in Sources */,
				6F4296BE299407EB00A96108 /* EditingOperationView.swift in Sources */,
				6F429676298DE8D700A96108 /* StatusBarView.swift in Sources */,
				6F369566298C870F0011ADB8 /* AltIconSelectionView.swift in Sources */,
				6F75AD72298AB723009C0AD6 /* SpringboardColorManager.swift in Sources */,
				6F4296B32992CC4F00A96108 /* AdvancedView.swift in Sources */,
				21E155692989C2EC00B59658 /* StatusBarVisibilityController.swift in Sources */,
				6FF21AF3298821010054EBC0 /* SpringboardColorChangerView.swift in Sources */,
				6FF21AE129846AB20054EBC0 /* MaterialView.swift in Sources */,
				6FB4F5FA29A8453200BAA7B6 /* ImportingFontsView.swift in Sources */,
				21AC8BAD298C07CB000B7E85 /* URLCache+imageCache.swift in Sources */,
				6FB4F5EC29A6D14300BAA7B6 /* CCModifierView.swift in Sources */,
				6F6D38F32976FE6800DE3146 /* LocationManager.swift in Sources */,
				21D76C3F298D380100B3C707 /* ApplicationManager.swift in Sources */,
				D60A489C29995DDC0013F066 /* WhitelistFunctions.swift in Sources */,
				6FF21AE6298479BD0054EBC0 /* LSFootnoteChangerView.swift in Sources */,
				6FF21AD52984513A0054EBC0 /* helpers.m in Sources */,
				6FA660AC297EF260002471FB /* vm_unaligned_copy_switch_race.c in Sources */,
				6FF21AD2298450C80054EBC0 /* grant_full_disk_access.m in Sources */,
				6F369568298C874D0011ADB8 /* ThemeView.swift in Sources */,
				6FB4F5F829A6FD9600BAA7B6 /* EditingFontView.swift in Sources */,
				21C08D9C2987CC3500294DE7 /* SourcedRepoFetcher.swift in Sources */,
				6F247A5C298888CE007BD53A /* SavedPasscodesView.swift in Sources */,
				6FB4F5F429A6F95800BAA7B6 /* OverwriteFontImpl.swift in Sources */,
				6F6D38EA297603F700DE3146 /* RegionEncodes.swift in Sources */,
				6F7C01D92969B5A700BC427A /* MiscModsManager.swift in Sources */,
				D60A489729995D830013F066 /* WhitelistView.swift in Sources */,
				6F4296B12991E92B00A96108 /* SettingsView.swift in Sources */,
				6FF21AFB298826FF0054EBC0 /* MainCardView.swift in Sources */,
				6F6D38F22976FE6800DE3146 /* ApplicationMonitor.swift in Sources */,
				6F07ABA7299EB63900076436 /* ChangeAppIconViewModel.swift in Sources */,
				2183C9952987D8C800AE187C /* Alert++.swift in Sources */,
				6F4296AD2991E8E400A96108 /* StatusSetter14.m in Sources */,
				6FF21AD0298449F30054EBC0 /* ToolsView.swift in Sources */,
				2183C99B2987D8FA00AE187C /* Extensions.swift in Sources */,
				21C08DA12987CF5300294DE7 /* ThemesExploreView.swift in Sources */,
				6F07ABB4299F14E800076436 /* AudioOptionsView.swift in Sources */,
				6F4296AC2991E8E400A96108 /* StatusManager.m in Sources */,
				6F369564298C86FC0011ADB8 /* IconOverridesView.swift in Sources */,
				6F4296B82992CDDE00A96108 /* AdvancedObject.swift in Sources */,
				6F0E755129AD32CB002E7516 /* FSPConverter.swift in Sources */,
				2183C9972987D8D800AE187C /* Color++.swift in Sources */,
				21E54B3D299412C300D5F85A /* UIImage+resizeToApprox.swift in Sources */,
				6F6D38F52976FF8B00DE3146 /* AppDelegate.swift in Sources */,
				6FF21AFD298827190054EBC0 /* CardView.swift in Sources */,
				6F721C92296482C6001CFE46 /* SpringBoardView.swift in Sources */,
				6F369562298C86D80011ADB8 /* ThemesView.swift in Sources */,
				6FB4F5F629A6FB2000BAA7B6 /* FontManager.swift in Sources */,
				21CB2B4F29982F3400188303 /* pow.swift in Sources */,
				6FD9B528296C8CBC00121229 /* AudioChangerView.swift in Sources */,
				6FF21ADB298458910054EBC0 /* PasscodeKeyFaceManager.swift in Sources */,
				6F6D38E82975EF6000DE3146 /* AudioConverter.swift in Sources */,
				6F160E732965B2810026D69D /* ToolsManager.swift in Sources */,
				6F4296AF2991E8E400A96108 /* StatusSetter15.m in Sources */,
				6FF21AC829840DC40054EBC0 /* LockView.swift in Sources */,
				21DC3EBE29892EA0007D6F5C /* TintedButton14.swift in Sources */,
				21ED3C7A29884AAD00135B50 /* CornerRadius++.swift in Sources */,
				6F07ABA9299EB67100076436 /* ChangeAppIconView.swift in Sources */,
				6F07AB9C29999DB400076436 /* FilePickerViewControllerDelegate.swift in Sources */,
				6F721C90296482C6001CFE46 /* CowabungaApp.swift in Sources */,
				6FF21ACA298416E90054EBC0 /* LockManager.swift in Sources */,
				6FF21AE329846AC30054EBC0 /* ImagePickerView.swift in Sources */,
				21BA94C92996E66400AE383D /* CatalogFixupView.swift in Sources */,
				6F4296AE2991E8E400A96108 /* StatusSetter16.m in Sources */,
				6F7C01D52968E0C500BC427A /* RootView.swift in Sources */,
				216D5FB6298C5C0700910C67 /* LocString.swift in Sources */,
				6FB4F5FC29A9209300BAA7B6 /* BackgroundEnablerView.swift in Sources */,
				D60A489929995DAD0013F066 /* FileContentsView.swift in Sources */,
				6F6D38F72977303600DE3146 /* BackgroundFileUpdaterController.swift in Sources */,
				21E54B41299413B800D5F85A /* Device+xpc_crash.swift in Sources */,
				6F4296AB2991E8E400A96108 /* StatusSetter16_1.m in Sources */,
				6F7C01E1296B2FB200BC427A /* AudioManager.swift in Sources */,
				6FF21AD8298458690054EBC0 /* PasscodeEditorView.swift in Sources */,
				21E54B182994063200D5F85A /* ThemeManager.swift in Sources */,
			);
			runOnlyForDeploymentPostprocessing = 0;
		};
/* End PBXSourcesBuildPhase section */

/* Begin PBXVariantGroup section */
		21CD1053298C8151007EE649 /* Localizable.strings */ = {
			isa = PBXVariantGroup;
			children = (
				21CD1052298C8151007EE649 /* en */,
				21CD1057298C8177007EE649 /* ru */,
				6F843AAD298DC3190085D20A /* pl */,
				6F429672298DC7D400A96108 /* de */,
				6F429674298DE83000A96108 /* pt-BR */,
				6F42968929907C4800A96108 /* zh-CN */,
				6F42968D29907DA800A96108 /* vi */,
				6F42968F29907E6700A96108 /* tr-TR */,
				6F4296BC2993FE8E00A96108 /* he */,
				6F4296C129952C6700A96108 /* ko */,
				6F4296C329952E7C00A96108 /* fr */,
				6F7FC0222995A10B00C9CA2F /* it */,
				6F07AB9A299996F100076436 /* ar */,
				6F07AB9E299BCC6B00076436 /* zh-TW */,
				6F07ABA4299DC22000076436 /* es */,
				6F15D92D29A5ACC4008991F1 /* sv */,
			);
			name = Localizable.strings;
			sourceTree = "<group>";
		};
		21CD1054298C8177007EE649 /* InfoPlist.strings */ = {
			isa = PBXVariantGroup;
			children = (
				21CD1055298C8177007EE649 /* ru */,
				21CD1058298C8184007EE649 /* en */,
				6F843AAC298DC3190085D20A /* pl */,
				6F429671298DC7D400A96108 /* de */,
				6F429673298DE83000A96108 /* pt-BR */,
				6F42968829907C4800A96108 /* zh-CN */,
				6F42968C29907DA800A96108 /* vi */,
				6F42968E29907E6700A96108 /* tr-TR */,
				6F4296BB2993FE8E00A96108 /* he */,
				6F4296C029952C6700A96108 /* ko */,
				6F4296C229952E7B00A96108 /* fr */,
				6F7FC0212995A10B00C9CA2F /* it */,
				6F07AB99299996F100076436 /* ar */,
				6F07AB9D299BCC6B00076436 /* zh-TW */,
				6F07ABA3299DC22000076436 /* es */,
				6F15D92C29A5ACC4008991F1 /* sv */,
			);
			name = InfoPlist.strings;
			sourceTree = "<group>";
		};
/* End PBXVariantGroup section */

/* Begin XCBuildConfiguration section */
		21E54B242994070200D5F85A /* Debug */ = {
			isa = XCBuildConfiguration;
			buildSettings = {
				CODE_SIGN_STYLE = Automatic;
				DEVELOPMENT_TEAM = 92S6JX27W2;
				IPHONEOS_DEPLOYMENT_TARGET = 14.0;
				OTHER_LDFLAGS = "-ObjC";
				PRODUCT_NAME = "$(TARGET_NAME)";
				SKIP_INSTALL = YES;
				SWIFT_OBJC_BRIDGING_HEADER = "MacDirtyCowSwift/MacDirtyCowSwift-Bridging-Header.h";
				SWIFT_VERSION = 5.0;
				TARGETED_DEVICE_FAMILY = "1,2";
			};
			name = Debug;
		};
		21E54B252994070200D5F85A /* Release */ = {
			isa = XCBuildConfiguration;
			buildSettings = {
				CODE_SIGN_STYLE = Automatic;
				DEVELOPMENT_TEAM = 92S6JX27W2;
				IPHONEOS_DEPLOYMENT_TARGET = 14.0;
				OTHER_LDFLAGS = "-ObjC";
				PRODUCT_NAME = "$(TARGET_NAME)";
				SKIP_INSTALL = YES;
				SWIFT_OBJC_BRIDGING_HEADER = "MacDirtyCowSwift/MacDirtyCowSwift-Bridging-Header.h";
				SWIFT_VERSION = 5.0;
				TARGETED_DEVICE_FAMILY = "1,2";
			};
			name = Release;
		};
		6F721C98296482C7001CFE46 /* Debug */ = {
			isa = XCBuildConfiguration;
			buildSettings = {
				ALWAYS_SEARCH_USER_PATHS = NO;
				CLANG_ANALYZER_LOCALIZABILITY_NONLOCALIZED = YES;
				CLANG_ANALYZER_NONNULL = YES;
				CLANG_ANALYZER_NUMBER_OBJECT_CONVERSION = YES_AGGRESSIVE;
				CLANG_CXX_LANGUAGE_STANDARD = "gnu++20";
				CLANG_ENABLE_MODULES = YES;
				CLANG_ENABLE_OBJC_ARC = YES;
				CLANG_ENABLE_OBJC_WEAK = YES;
				CLANG_WARN_BLOCK_CAPTURE_AUTORELEASING = YES;
				CLANG_WARN_BOOL_CONVERSION = YES;
				CLANG_WARN_COMMA = YES;
				CLANG_WARN_CONSTANT_CONVERSION = YES;
				CLANG_WARN_DEPRECATED_OBJC_IMPLEMENTATIONS = YES;
				CLANG_WARN_DIRECT_OBJC_ISA_USAGE = YES_ERROR;
				CLANG_WARN_DOCUMENTATION_COMMENTS = YES;
				CLANG_WARN_EMPTY_BODY = YES;
				CLANG_WARN_ENUM_CONVERSION = YES;
				CLANG_WARN_INFINITE_RECURSION = YES;
				CLANG_WARN_INT_CONVERSION = YES;
				CLANG_WARN_NON_LITERAL_NULL_CONVERSION = YES;
				CLANG_WARN_OBJC_IMPLICIT_RETAIN_SELF = YES;
				CLANG_WARN_OBJC_LITERAL_CONVERSION = YES;
				CLANG_WARN_OBJC_ROOT_CLASS = YES_ERROR;
				CLANG_WARN_QUOTED_INCLUDE_IN_FRAMEWORK_HEADER = YES;
				CLANG_WARN_RANGE_LOOP_ANALYSIS = YES;
				CLANG_WARN_STRICT_PROTOTYPES = YES;
				CLANG_WARN_SUSPICIOUS_MOVE = YES;
				CLANG_WARN_UNGUARDED_AVAILABILITY = YES_AGGRESSIVE;
				CLANG_WARN_UNREACHABLE_CODE = YES;
				CLANG_WARN__DUPLICATE_METHOD_MATCH = YES;
				COPY_PHASE_STRIP = NO;
				DEBUG_INFORMATION_FORMAT = dwarf;
				DEFINES_MODULE = YES;
				ENABLE_STRICT_OBJC_MSGSEND = YES;
				ENABLE_TESTABILITY = YES;
				GCC_C_LANGUAGE_STANDARD = gnu11;
				GCC_DYNAMIC_NO_PIC = NO;
				GCC_NO_COMMON_BLOCKS = YES;
				GCC_OPTIMIZATION_LEVEL = 0;
				GCC_PREPROCESSOR_DEFINITIONS = (
					"DEBUG=1",
					"$(inherited)",
				);
				GCC_WARN_64_TO_32_BIT_CONVERSION = YES;
				GCC_WARN_ABOUT_RETURN_TYPE = YES_ERROR;
				GCC_WARN_UNDECLARED_SELECTOR = YES;
				GCC_WARN_UNINITIALIZED_AUTOS = YES_AGGRESSIVE;
				GCC_WARN_UNUSED_FUNCTION = YES;
				GCC_WARN_UNUSED_VARIABLE = YES;
				IPHONEOS_DEPLOYMENT_TARGET = 15.0;
				MTL_ENABLE_DEBUG_INFO = INCLUDE_SOURCE;
				MTL_FAST_MATH = YES;
				ONLY_ACTIVE_ARCH = YES;
				OTHER_SWIFT_FLAGS = "";
				SDKROOT = iphoneos;
				SWIFT_ACTIVE_COMPILATION_CONDITIONS = DEBUG;
				SWIFT_OPTIMIZATION_LEVEL = "-Onone";
			};
			name = Debug;
		};
		6F721C99296482C7001CFE46 /* Release */ = {
			isa = XCBuildConfiguration;
			buildSettings = {
				ALWAYS_SEARCH_USER_PATHS = NO;
				CLANG_ANALYZER_LOCALIZABILITY_NONLOCALIZED = YES;
				CLANG_ANALYZER_NONNULL = YES;
				CLANG_ANALYZER_NUMBER_OBJECT_CONVERSION = YES_AGGRESSIVE;
				CLANG_CXX_LANGUAGE_STANDARD = "gnu++20";
				CLANG_ENABLE_MODULES = YES;
				CLANG_ENABLE_OBJC_ARC = YES;
				CLANG_ENABLE_OBJC_WEAK = YES;
				CLANG_WARN_BLOCK_CAPTURE_AUTORELEASING = YES;
				CLANG_WARN_BOOL_CONVERSION = YES;
				CLANG_WARN_COMMA = YES;
				CLANG_WARN_CONSTANT_CONVERSION = YES;
				CLANG_WARN_DEPRECATED_OBJC_IMPLEMENTATIONS = YES;
				CLANG_WARN_DIRECT_OBJC_ISA_USAGE = YES_ERROR;
				CLANG_WARN_DOCUMENTATION_COMMENTS = YES;
				CLANG_WARN_EMPTY_BODY = YES;
				CLANG_WARN_ENUM_CONVERSION = YES;
				CLANG_WARN_INFINITE_RECURSION = YES;
				CLANG_WARN_INT_CONVERSION = YES;
				CLANG_WARN_NON_LITERAL_NULL_CONVERSION = YES;
				CLANG_WARN_OBJC_IMPLICIT_RETAIN_SELF = YES;
				CLANG_WARN_OBJC_LITERAL_CONVERSION = YES;
				CLANG_WARN_OBJC_ROOT_CLASS = YES_ERROR;
				CLANG_WARN_QUOTED_INCLUDE_IN_FRAMEWORK_HEADER = YES;
				CLANG_WARN_RANGE_LOOP_ANALYSIS = YES;
				CLANG_WARN_STRICT_PROTOTYPES = YES;
				CLANG_WARN_SUSPICIOUS_MOVE = YES;
				CLANG_WARN_UNGUARDED_AVAILABILITY = YES_AGGRESSIVE;
				CLANG_WARN_UNREACHABLE_CODE = YES;
				CLANG_WARN__DUPLICATE_METHOD_MATCH = YES;
				COPY_PHASE_STRIP = NO;
				DEBUG_INFORMATION_FORMAT = "dwarf-with-dsym";
				DEFINES_MODULE = YES;
				ENABLE_NS_ASSERTIONS = NO;
				ENABLE_STRICT_OBJC_MSGSEND = YES;
				GCC_C_LANGUAGE_STANDARD = gnu11;
				GCC_NO_COMMON_BLOCKS = YES;
				GCC_WARN_64_TO_32_BIT_CONVERSION = YES;
				GCC_WARN_ABOUT_RETURN_TYPE = YES_ERROR;
				GCC_WARN_UNDECLARED_SELECTOR = YES;
				GCC_WARN_UNINITIALIZED_AUTOS = YES_AGGRESSIVE;
				GCC_WARN_UNUSED_FUNCTION = YES;
				GCC_WARN_UNUSED_VARIABLE = YES;
				IPHONEOS_DEPLOYMENT_TARGET = 15.0;
				MTL_ENABLE_DEBUG_INFO = NO;
				MTL_FAST_MATH = YES;
				OTHER_SWIFT_FLAGS = "";
				SDKROOT = iphoneos;
				SWIFT_COMPILATION_MODE = wholemodule;
				SWIFT_OPTIMIZATION_LEVEL = "-O";
				VALIDATE_PRODUCT = YES;
			};
			name = Release;
		};
		6F721C9B296482C7001CFE46 /* Debug */ = {
			isa = XCBuildConfiguration;
			buildSettings = {
				ASSETCATALOG_COMPILER_ALTERNATE_APPICON_NAMES = "AppIcon-iOS6 AppIcon-Vector AppIcon-Glitch AppIcon-CowTools AppIcon-Minecraft AppIcon-Pixel";
				ASSETCATALOG_COMPILER_APPICON_NAME = AppIcon;
				ASSETCATALOG_COMPILER_GLOBAL_ACCENT_COLOR_NAME = AccentColor;
				CLANG_ENABLE_MODULES = YES;
				CODE_SIGN_IDENTITY = "Apple Development";
				CODE_SIGN_STYLE = Automatic;
				CURRENT_PROJECT_VERSION = 0;
				DEVELOPMENT_TEAM = 2P4CP47H76;
				ENABLE_PREVIEWS = YES;
				GENERATE_INFOPLIST_FILE = YES;
				INFOPLIST_FILE = Cowabunga/Info.plist;
				INFOPLIST_KEY_CFBundleDisplayName = Cowabunga;
				INFOPLIST_KEY_LSApplicationCategoryType = "public.app-category.utilities";
				INFOPLIST_KEY_NSAppleMusicUsageDescription = "Grant permission to the sandbox (needs it for Passcode keys + some other options)";
				INFOPLIST_KEY_NSLocationAlwaysAndWhenInUseUsageDescription = "Cowabunga runs in background to make sure tweaks remain applied. Usually iOS kills such apps after a period of time. But Cowabunga tricks iOS by requesting location data thus allowiing much longer sessions. Data is never stored anywhere, only fetched.";
				INFOPLIST_KEY_NSLocationWhenInUseUsageDescription = "Cowabunga runs in background to make sure tweaks remain applied. Usually iOS kills such apps after a period of time. But Cowabunga tricks iOS by requesting location data thus allowiing much longer sessions. Data is never stored anywhere, only fetched.";
				INFOPLIST_KEY_NSPhotoLibraryUsageDescription = Photos;
				INFOPLIST_KEY_UIApplicationSceneManifest_Generation = YES;
				INFOPLIST_KEY_UIApplicationSupportsIndirectInputEvents = YES;
				INFOPLIST_KEY_UILaunchScreen_Generation = YES;
				INFOPLIST_KEY_UISupportedInterfaceOrientations = UIInterfaceOrientationPortrait;
				INFOPLIST_KEY_UISupportedInterfaceOrientations_iPad = "UIInterfaceOrientationLandscapeLeft UIInterfaceOrientationLandscapeRight UIInterfaceOrientationPortrait UIInterfaceOrientationPortraitUpsideDown";
				IPHONEOS_DEPLOYMENT_TARGET = 14.0;
				LD_RUNPATH_SEARCH_PATHS = (
					"$(inherited)",
					"@executable_path/Frameworks",
				);
				MARKETING_VERSION = 8.1.4;
				OTHER_SWIFT_FLAGS = "-Xfrontend -debug-time-function-bodies";
				PRODUCT_BUNDLE_IDENTIFIER = com.leemin.Cowabunga;
				PRODUCT_NAME = "$(TARGET_NAME)";
				PROVISIONING_PROFILE_SPECIFIER = "";
				SUPPORTED_PLATFORMS = "iphoneos iphonesimulator";
				SUPPORTS_MACCATALYST = NO;
				SUPPORTS_MAC_DESIGNED_FOR_IPHONE_IPAD = NO;
				SWIFT_EMIT_LOC_STRINGS = YES;
				SWIFT_OBJC_BRIDGING_HEADER = "Cowabunga/Cowabunga-Bridging-Header.h";
				SWIFT_OPTIMIZATION_LEVEL = "-Onone";
				SWIFT_VERSION = 5.0;
				TARGETED_DEVICE_FAMILY = "1,2";
			};
			name = Debug;
		};
		6F721C9C296482C7001CFE46 /* Release */ = {
			isa = XCBuildConfiguration;
			buildSettings = {
				ASSETCATALOG_COMPILER_ALTERNATE_APPICON_NAMES = "AppIcon-iOS6 AppIcon-Vector AppIcon-Glitch AppIcon-CowTools AppIcon-Minecraft AppIcon-Pixel";
				ASSETCATALOG_COMPILER_APPICON_NAME = AppIcon;
				ASSETCATALOG_COMPILER_GLOBAL_ACCENT_COLOR_NAME = AccentColor;
				CLANG_ENABLE_MODULES = YES;
				CODE_SIGN_IDENTITY = "Apple Development";
				CODE_SIGN_STYLE = Automatic;
				CURRENT_PROJECT_VERSION = 0;
				DEVELOPMENT_TEAM = 2P4CP47H76;
				ENABLE_PREVIEWS = YES;
				GENERATE_INFOPLIST_FILE = YES;
				INFOPLIST_FILE = Cowabunga/Info.plist;
				INFOPLIST_KEY_CFBundleDisplayName = Cowabunga;
				INFOPLIST_KEY_LSApplicationCategoryType = "public.app-category.utilities";
				INFOPLIST_KEY_NSAppleMusicUsageDescription = "Grant permission to the sandbox (needs it for Passcode keys + some other options)";
				INFOPLIST_KEY_NSLocationAlwaysAndWhenInUseUsageDescription = "Cowabunga runs in background to make sure tweaks remain applied. Usually iOS kills such apps after a period of time. But Cowabunga tricks iOS by requesting location data thus allowiing much longer sessions. Data is never stored anywhere, only fetched.";
				INFOPLIST_KEY_NSLocationWhenInUseUsageDescription = "Cowabunga runs in background to make sure tweaks remain applied. Usually iOS kills such apps after a period of time. But Cowabunga tricks iOS by requesting location data thus allowiing much longer sessions. Data is never stored anywhere, only fetched.";
				INFOPLIST_KEY_NSPhotoLibraryUsageDescription = Photos;
				INFOPLIST_KEY_UIApplicationSceneManifest_Generation = YES;
				INFOPLIST_KEY_UIApplicationSupportsIndirectInputEvents = YES;
				INFOPLIST_KEY_UILaunchScreen_Generation = YES;
				INFOPLIST_KEY_UISupportedInterfaceOrientations = UIInterfaceOrientationPortrait;
				INFOPLIST_KEY_UISupportedInterfaceOrientations_iPad = "UIInterfaceOrientationLandscapeLeft UIInterfaceOrientationLandscapeRight UIInterfaceOrientationPortrait UIInterfaceOrientationPortraitUpsideDown";
				IPHONEOS_DEPLOYMENT_TARGET = 14.0;
				LD_RUNPATH_SEARCH_PATHS = (
					"$(inherited)",
					"@executable_path/Frameworks",
				);
				MARKETING_VERSION = 8.1.4;
				OTHER_SWIFT_FLAGS = "-Xfrontend -debug-time-function-bodies";
				PRODUCT_BUNDLE_IDENTIFIER = com.leemin.Cowabunga;
				PRODUCT_NAME = "$(TARGET_NAME)";
				PROVISIONING_PROFILE_SPECIFIER = "";
				SUPPORTED_PLATFORMS = "iphoneos iphonesimulator";
				SUPPORTS_MACCATALYST = NO;
				SUPPORTS_MAC_DESIGNED_FOR_IPHONE_IPAD = NO;
				SWIFT_EMIT_LOC_STRINGS = YES;
				SWIFT_OBJC_BRIDGING_HEADER = "Cowabunga/Cowabunga-Bridging-Header.h";
				SWIFT_VERSION = 5.0;
				TARGETED_DEVICE_FAMILY = "1,2";
			};
			name = Release;
		};
/* End XCBuildConfiguration section */

/* Begin XCConfigurationList section */
		21E54B232994070200D5F85A /* Build configuration list for PBXNativeTarget "MacDirtyCowSwift" */ = {
			isa = XCConfigurationList;
			buildConfigurations = (
				21E54B242994070200D5F85A /* Debug */,
				21E54B252994070200D5F85A /* Release */,
			);
			defaultConfigurationIsVisible = 0;
			defaultConfigurationName = Release;
		};
		6F721C87296482C6001CFE46 /* Build configuration list for PBXProject "Cowabunga" */ = {
			isa = XCConfigurationList;
			buildConfigurations = (
				6F721C98296482C7001CFE46 /* Debug */,
				6F721C99296482C7001CFE46 /* Release */,
			);
			defaultConfigurationIsVisible = 0;
			defaultConfigurationName = Release;
		};
		6F721C9A296482C7001CFE46 /* Build configuration list for PBXNativeTarget "Cowabunga" */ = {
			isa = XCConfigurationList;
			buildConfigurations = (
				6F721C9B296482C7001CFE46 /* Debug */,
				6F721C9C296482C7001CFE46 /* Release */,
			);
			defaultConfigurationIsVisible = 0;
			defaultConfigurationName = Release;
		};
/* End XCConfigurationList section */

/* Begin XCRemoteSwiftPackageReference section */
		21AC8BA9298C0736000B7E85 /* XCRemoteSwiftPackageReference "swiftui-cached-async-image" */ = {
			isa = XCRemoteSwiftPackageReference;
			repositoryURL = "https://github.com/lorenzofiamingo/swiftui-cached-async-image";
			requirement = {
				kind = upToNextMajorVersion;
				minimumVersion = 2.0.0;
			};
		};
		21D9E45A29A0FCAE0055B08D /* XCRemoteSwiftPackageReference "SantanderWrappers" */ = {
			isa = XCRemoteSwiftPackageReference;
			repositoryURL = "https://github.com/SerenaKit/SantanderWrappers";
			requirement = {
				branch = main;
				kind = branch;
			};
		};
		6F0E754C29ACF85A002E7516 /* XCRemoteSwiftPackageReference "Zip" */ = {
			isa = XCRemoteSwiftPackageReference;
			repositoryURL = "https://github.com/marmelroy/Zip.git";
			requirement = {
				kind = upToNextMajorVersion;
				minimumVersion = 2.0.0;
			};
		};
		6FF21ADC29846A180054EBC0 /* XCRemoteSwiftPackageReference "ZIPFoundation" */ = {
			isa = XCRemoteSwiftPackageReference;
			repositoryURL = "https://github.com/weichsel/ZIPFoundation";
			requirement = {
				branch = development;
				kind = branch;
			};
		};
		6FF21AF6298821410054EBC0 /* XCRemoteSwiftPackageReference "Dynamic" */ = {
			isa = XCRemoteSwiftPackageReference;
			repositoryURL = "https://github.com/mhdhejazi/Dynamic";
			requirement = {
				kind = upToNextMajorVersion;
				minimumVersion = 1.0.0;
			};
		};
		6FF21B0029882CB70054EBC0 /* XCRemoteSwiftPackageReference "ACarousel" */ = {
			isa = XCRemoteSwiftPackageReference;
			repositoryURL = "https://github.com/JWAutumn/ACarousel";
			requirement = {
				kind = upToNextMajorVersion;
				minimumVersion = 0.2.0;
			};
		};
/* End XCRemoteSwiftPackageReference section */

/* Begin XCSwiftPackageProductDependency section */
		21AC8BAA298C0736000B7E85 /* CachedAsyncImage */ = {
			isa = XCSwiftPackageProductDependency;
			package = 21AC8BA9298C0736000B7E85 /* XCRemoteSwiftPackageReference "swiftui-cached-async-image" */;
			productName = CachedAsyncImage;
		};
		21D9E45B29A0FCAE0055B08D /* AssetCatalogWrapper */ = {
			isa = XCSwiftPackageProductDependency;
			package = 21D9E45A29A0FCAE0055B08D /* XCRemoteSwiftPackageReference "SantanderWrappers" */;
			productName = AssetCatalogWrapper;
		};
		6F0E754D29ACF85A002E7516 /* Zip */ = {
			isa = XCSwiftPackageProductDependency;
			package = 6F0E754C29ACF85A002E7516 /* XCRemoteSwiftPackageReference "Zip" */;
			productName = Zip;
		};
		6FF21ADD29846A180054EBC0 /* ZIPFoundation */ = {
			isa = XCSwiftPackageProductDependency;
			package = 6FF21ADC29846A180054EBC0 /* XCRemoteSwiftPackageReference "ZIPFoundation" */;
			productName = ZIPFoundation;
		};
		6FF21AF7298821410054EBC0 /* Dynamic */ = {
			isa = XCSwiftPackageProductDependency;
			package = 6FF21AF6298821410054EBC0 /* XCRemoteSwiftPackageReference "Dynamic" */;
			productName = Dynamic;
		};
		6FF21B0129882CB70054EBC0 /* ACarousel */ = {
			isa = XCSwiftPackageProductDependency;
			package = 6FF21B0029882CB70054EBC0 /* XCRemoteSwiftPackageReference "ACarousel" */;
			productName = ACarousel;
		};
/* End XCSwiftPackageProductDependency section */
	};
	rootObject = 6F721C84296482C6001CFE46 /* Project object */;
}
