{
  "pins" : [
    {
      "identity" : "audiokit",
      "kind" : "remoteSourceControl",
      "location" : "https://github.com/AudioKit/AudioKit.git",
      "state" : {
        "revision" : "af392ad3c01a89d1602e8a74b8876c0b76cd4134",
        "version" : "5.5.8"
      }
    },
    {
      "identity" : "santanderwrappers",
      "kind" : "remoteSourceControl",
      "location" : "https://github.com/SerenaKit/SantanderWrappers.git",
      "state" : {
        "branch" : "main",
        "revision" : "78c19b2eeba612b0fb7b13df7ab304062ee22622"
      }
    }
  ],
  "version" : 2
}
